<?xml version="1.0" encoding="UTF-8"?>
<Scheme>
   <BuildAction
      buildConfiguration = "Debug">
   </BuildAction>
   <TestAction>
   </TestAction>
   <LaunchAction
      selectedDebuggerIdentifier = ""
      selectedLauncherIdentifier = "Xcode.IDEFoundation.Launcher.PosixSpawn">
      <BuildableProductRunnable>
         <BuildableProductReference
            BuildableProductIdentifier = "LiveGather.app">
         </BuildableProductReference>
/>
      </BuildableProductRunnable>
      <AdditionalOptions>
      </AdditionalOptions>
   </LaunchAction>
</Scheme>
