// !$*UTF8*$!
{
	archiveVersion = 1;
	classes = {
	};
	objectVersion = 46;
	objects = {

/* Begin PBXBuildFile section */
		111854AF120934B900017F31 /* LGUser.m in Sources */ = {isa = PBXBuildFile; fileRef = 111854AE120934B900017F31 /* LGUser.m */; };
		1118553212093AF600017F31 /* CoreLocation.framework in Frameworks */ = {isa = PBXBuildFile; fileRef = 1118553112093AF600017F31 /* CoreLocation.framework */; };
		112A018511E52ADB001B988A /* LiveGatherAPI.m in Sources */ = {isa = PBXBuildFile; fileRef = 112A018411E52ADB001B988A /* LiveGatherAPI.m */; };
		115AB3CB12069733002B4468 /* single_image_caption_bg@2x.png in Resources */ = {isa = PBXBuildFile; fileRef = 115AB3C912069733002B4468 /* single_image_caption_bg@2x.png */; };
		115AB3CC12069733002B4468 /* single_image_location_bg@2x.png in Resources */ = {isa = PBXBuildFile; fileRef = 115AB3CA12069733002B4468 /* single_image_location_bg@2x.png */; };
		115AB3CF1206973B002B4468 /* single_image_caption_bg.png in Resources */ = {isa = PBXBuildFile; fileRef = 115AB3CD1206973B002B4468 /* single_image_caption_bg.png */; };
		115AB3D01206973B002B4468 /* single_image_location_bg.png in Resources */ = {isa = PBXBuildFile; fileRef = 115AB3CE1206973B002B4468 /* single_image_location_bg.png */; };
		115AB40412069FB3002B4468 /* Image.png in Resources */ = {isa = PBXBuildFile; fileRef = 115AB40312069FB3002B4468 /* Image.png */; };
		115AB4A81207E3A2002B4468 /* SinglePhotoView.xib in Resources */ = {isa = PBXBuildFile; fileRef = 115AB4A71207E3A2002B4468 /* SinglePhotoView.xib */; };
		115AB4AC1207E6FC002B4468 /* SinglePhotoViewController.m in Sources */ = {isa = PBXBuildFile; fileRef = 115AB4AB1207E6FC002B4468 /* SinglePhotoViewController.m */; };
		1171C32C11EFB8C800E69829 /* SDKSettings.plist in Resources */ = {isa = PBXBuildFile; fileRef = 1171C30111EFB8C800E69829 /* SDKSettings.plist */; };
		1171C32E11EFB8C800E69829 /* SDKSettings.plist in Resources */ = {isa = PBXBuildFile; fileRef = 1171C31011EFB8C800E69829 /* SDKSettings.plist */; };
		1171C39A11EFC28100E69829 /* QuartzCore.framework in Frameworks */ = {isa = PBXBuildFile; fileRef = 1171C39911EFC28100E69829 /* QuartzCore.framework */; };
		1171C3CA11EFC30400E69829 /* libz.1.2.3.dylib in Frameworks */ = {isa = PBXBuildFile; fileRef = 1171C3C911EFC30400E69829 /* libz.1.2.3.dylib */; };
		11769A69118382F30036C548 /* MBProgressHUD.m in Sources */ = {isa = PBXBuildFile; fileRef = 11769A68118382F30036C548 /* MBProgressHUD.m */; };
		11769AE0118384610036C548 /* CFNetwork.framework in Frameworks */ = {isa = PBXBuildFile; fileRef = 11769ADF118384610036C548 /* CFNetwork.framework */; };
		11769AE5118384810036C548 /* Reachability.m in Sources */ = {isa = PBXBuildFile; fileRef = 11769AE4118384810036C548 /* Reachability.m */; };
		11769AF2118384C00036C548 /* Security.framework in Frameworks */ = {isa = PBXBuildFile; fileRef = 11769AF1118384C00036C548 /* Security.framework */; };
		11769AF4118384C00036C548 /* SystemConfiguration.framework in Frameworks */ = {isa = PBXBuildFile; fileRef = 11769AF3118384C00036C548 /* SystemConfiguration.framework */; };
		11769AFF118384E30036C548 /* MobileCoreServices.framework in Frameworks */ = {isa = PBXBuildFile; fileRef = 11769AFE118384E30036C548 /* MobileCoreServices.framework */; };
		11769BD0118393510036C548 /* MapKit.framework in Frameworks */ = {isa = PBXBuildFile; fileRef = 11769BCF118393510036C548 /* MapKit.framework */; };
		11769C3C11851B0C0036C548 /* gray.jpg in Resources */ = {isa = PBXBuildFile; fileRef = 11769C3B11851B0C0036C548 /* gray.jpg */; };
		1176F39311F93EA900CCA857 /* capture_photo_button@2x.png in Resources */ = {isa = PBXBuildFile; fileRef = 1176F39011F93EA900CCA857 /* capture_photo_button@2x.png */; };
		1176F39411F93EA900CCA857 /* upload_photo_button@2x.png in Resources */ = {isa = PBXBuildFile; fileRef = 1176F39111F93EA900CCA857 /* upload_photo_button@2x.png */; };
		1176F39511F93EA900CCA857 /* refresh_location_button@2x.png in Resources */ = {isa = PBXBuildFile; fileRef = 1176F39211F93EA900CCA857 /* refresh_location_button@2x.png */; };
		1176F39911F93EB200CCA857 /* capture_photo_button.png in Resources */ = {isa = PBXBuildFile; fileRef = 1176F39611F93EB200CCA857 /* capture_photo_button.png */; };
		1176F39A11F93EB200CCA857 /* upload_photo_button.png in Resources */ = {isa = PBXBuildFile; fileRef = 1176F39711F93EB200CCA857 /* upload_photo_button.png */; };
		1176F39B11F93EB200CCA857 /* refresh_location_button.png in Resources */ = {isa = PBXBuildFile; fileRef = 1176F39811F93EB200CCA857 /* refresh_location_button.png */; };
		1176F39E11F9406900CCA857 /* caption_box_background@2x.png in Resources */ = {isa = PBXBuildFile; fileRef = 1176F39C11F9406900CCA857 /* caption_box_background@2x.png */; };
		1176F39F11F9406900CCA857 /* tags_box_background@2x.png in Resources */ = {isa = PBXBuildFile; fileRef = 1176F39D11F9406900CCA857 /* tags_box_background@2x.png */; };
		1176F3A211F9407000CCA857 /* caption_box_background.png in Resources */ = {isa = PBXBuildFile; fileRef = 1176F3A011F9407000CCA857 /* caption_box_background.png */; };
		1176F3A311F9407000CCA857 /* tags_box_background.png in Resources */ = {isa = PBXBuildFile; fileRef = 1176F3A111F9407000CCA857 /* tags_box_background.png */; };
		1176F3A611F9446E00CCA857 /* facebook_icon@2x.png in Resources */ = {isa = PBXBuildFile; fileRef = 1176F3A411F9446E00CCA857 /* facebook_icon@2x.png */; };
		1176F3A711F9446E00CCA857 /* twitter_icon@2x.png in Resources */ = {isa = PBXBuildFile; fileRef = 1176F3A511F9446E00CCA857 /* twitter_icon@2x.png */; };
		1176F3AA11F9449800CCA857 /* facebook_icon.png in Resources */ = {isa = PBXBuildFile; fileRef = 1176F3A811F9449800CCA857 /* facebook_icon.png */; };
		1176F3AB11F9449800CCA857 /* twitter_icon.png in Resources */ = {isa = PBXBuildFile; fileRef = 1176F3A911F9449800CCA857 /* twitter_icon.png */; };
		1176F49211FA0C3100CCA857 /* ASIAuthenticationDialog.m in Sources */ = {isa = PBXBuildFile; fileRef = 1176F48311FA0C3000CCA857 /* ASIAuthenticationDialog.m */; };
		1176F49311FA0C3100CCA857 /* ASIDownloadCache.m in Sources */ = {isa = PBXBuildFile; fileRef = 1176F48611FA0C3000CCA857 /* ASIDownloadCache.m */; };
		1176F49411FA0C3100CCA857 /* ASIFormDataRequest.m in Sources */ = {isa = PBXBuildFile; fileRef = 1176F48811FA0C3000CCA857 /* ASIFormDataRequest.m */; };
		1176F49511FA0C3100CCA857 /* ASIHTTPRequest.m in Sources */ = {isa = PBXBuildFile; fileRef = 1176F48A11FA0C3000CCA857 /* ASIHTTPRequest.m */; };
		1176F49611FA0C3100CCA857 /* ASIInputStream.m in Sources */ = {isa = PBXBuildFile; fileRef = 1176F48E11FA0C3000CCA857 /* ASIInputStream.m */; };
		1176F49711FA0C3100CCA857 /* ASINetworkQueue.m in Sources */ = {isa = PBXBuildFile; fileRef = 1176F49011FA0C3100CCA857 /* ASINetworkQueue.m */; };
		1176F4AC11FA0E6C00CCA857 /* LGPhoto.m in Sources */ = {isa = PBXBuildFile; fileRef = 1176F4AB11FA0E6C00CCA857 /* LGPhoto.m */; };
		1191BEFD11797F94003DF9B8 /* AccountLoginView.xib in Resources */ = {isa = PBXBuildFile; fileRef = 1191BEFB11797F93003DF9B8 /* AccountLoginView.xib */; };
		1191BEFE11797F94003DF9B8 /* UploadPhotoView.xib in Resources */ = {isa = PBXBuildFile; fileRef = 1191BEFC11797F93003DF9B8 /* UploadPhotoView.xib */; };
		1191BF3F11798459003DF9B8 /* UploadPhotoViewController.m in Sources */ = {isa = PBXBuildFile; fileRef = 1191BF3E11798459003DF9B8 /* UploadPhotoViewController.m */; };
		1191BF8F117A0A0E003DF9B8 /* AccountLoginViewController.m in Sources */ = {isa = PBXBuildFile; fileRef = 1191BF8E117A0A0E003DF9B8 /* AccountLoginViewController.m */; };
		1191BF99117A0A29003DF9B8 /* LiveStreamViewController.m in Sources */ = {isa = PBXBuildFile; fileRef = 1191BF98117A0A29003DF9B8 /* LiveStreamViewController.m */; };
		1191C10F117A8CB4003DF9B8 /* EGORefreshTableHeaderView.m in Sources */ = {isa = PBXBuildFile; fileRef = 1191C10E117A8CB4003DF9B8 /* EGORefreshTableHeaderView.m */; };
		1195979711F26C35006BD793 /* back_button@2x.png in Resources */ = {isa = PBXBuildFile; fileRef = 1195978F11F26C35006BD793 /* back_button@2x.png */; };
		1195979811F26C35006BD793 /* bottom_toolbar@2x.png in Resources */ = {isa = PBXBuildFile; fileRef = 1195979011F26C35006BD793 /* bottom_toolbar@2x.png */; };
		1195979911F26C35006BD793 /* livestream_button@2x.png in Resources */ = {isa = PBXBuildFile; fileRef = 1195979111F26C35006BD793 /* livestream_button@2x.png */; };
		1195979A11F26C35006BD793 /* plus_button@2x.png in Resources */ = {isa = PBXBuildFile; fileRef = 1195979211F26C35006BD793 /* plus_button@2x.png */; };
		1195979B11F26C35006BD793 /* refresh_button@2x.png in Resources */ = {isa = PBXBuildFile; fileRef = 1195979311F26C35006BD793 /* refresh_button@2x.png */; };
		1195979C11F26C35006BD793 /* search_button@2x.png in Resources */ = {isa = PBXBuildFile; fileRef = 1195979411F26C35006BD793 /* search_button@2x.png */; };
		1195979D11F26C35006BD793 /* top_banner_bar@2x.png in Resources */ = {isa = PBXBuildFile; fileRef = 1195979511F26C35006BD793 /* top_banner_bar@2x.png */; };
		1195979E11F26C35006BD793 /* top_toolbar@2x.png in Resources */ = {isa = PBXBuildFile; fileRef = 1195979611F26C35006BD793 /* top_toolbar@2x.png */; };
		119597AC11F27004006BD793 /* back_button.png in Resources */ = {isa = PBXBuildFile; fileRef = 119597A411F27004006BD793 /* back_button.png */; };
		119597AD11F27004006BD793 /* bottom_toolbar.png in Resources */ = {isa = PBXBuildFile; fileRef = 119597A511F27004006BD793 /* bottom_toolbar.png */; };
		119597AE11F27004006BD793 /* livestream_button.png in Resources */ = {isa = PBXBuildFile; fileRef = 119597A611F27004006BD793 /* livestream_button.png */; };
		119597AF11F27004006BD793 /* plus_button.png in Resources */ = {isa = PBXBuildFile; fileRef = 119597A711F27004006BD793 /* plus_button.png */; };
		119597B011F27004006BD793 /* refresh_button.png in Resources */ = {isa = PBXBuildFile; fileRef = 119597A811F27004006BD793 /* refresh_button.png */; };
		119597B111F27004006BD793 /* search_button.png in Resources */ = {isa = PBXBuildFile; fileRef = 119597A911F27004006BD793 /* search_button.png */; };
		119597B211F27004006BD793 /* top_banner_bar.png in Resources */ = {isa = PBXBuildFile; fileRef = 119597AA11F27004006BD793 /* top_banner_bar.png */; };
		119597B311F27004006BD793 /* top_toolbar.png in Resources */ = {isa = PBXBuildFile; fileRef = 119597AB11F27004006BD793 /* top_toolbar.png */; };
		119597B711F270A5006BD793 /* top_bar_logo@2x.png in Resources */ = {isa = PBXBuildFile; fileRef = 119597B611F270A5006BD793 /* top_bar_logo@2x.png */; };
		119597B911F270AD006BD793 /* top_bar_logo.png in Resources */ = {isa = PBXBuildFile; fileRef = 119597B811F270AD006BD793 /* top_bar_logo.png */; };
		11B19E4D1203C658006E4CDF /* LGPhotoView.m in Sources */ = {isa = PBXBuildFile; fileRef = 11B19E4C1203C658006E4CDF /* LGPhotoView.m */; };
		11B19FA71203FB7D006E4CDF /* Default@2x.png in Resources */ = {isa = PBXBuildFile; fileRef = 11B19FA61203FB7D006E4CDF /* Default@2x.png */; };
		11BAD6D311FD5D1700FE4DE4 /* LGTag.m in Sources */ = {isa = PBXBuildFile; fileRef = 11BAD6D211FD5D1700FE4DE4 /* LGTag.m */; };
		11BAD6F611FD640700FE4DE4 /* upload_button_homescreen.png in Resources */ = {isa = PBXBuildFile; fileRef = 11BAD6EC11FD640700FE4DE4 /* upload_button_homescreen.png */; };
		11BAD6F711FD640700FE4DE4 /* mystream_button_homescreen.png in Resources */ = {isa = PBXBuildFile; fileRef = 11BAD6ED11FD640700FE4DE4 /* mystream_button_homescreen.png */; };
		11BAD6F811FD640700FE4DE4 /* settings_button_homescreen.png in Resources */ = {isa = PBXBuildFile; fileRef = 11BAD6EE11FD640700FE4DE4 /* settings_button_homescreen.png */; };
		11BAD6F911FD640700FE4DE4 /* watching_homescreen_icon.png in Resources */ = {isa = PBXBuildFile; fileRef = 11BAD6EF11FD640700FE4DE4 /* watching_homescreen_icon.png */; };
		11BAD6FA11FD640700FE4DE4 /* minus_follower_button.png in Resources */ = {isa = PBXBuildFile; fileRef = 11BAD6F011FD640700FE4DE4 /* minus_follower_button.png */; };
		11BAD6FB11FD640700FE4DE4 /* plus_follower_button.png in Resources */ = {isa = PBXBuildFile; fileRef = 11BAD6F111FD640700FE4DE4 /* plus_follower_button.png */; };
		11BAD6FC11FD640700FE4DE4 /* thick_bottom_bar.png in Resources */ = {isa = PBXBuildFile; fileRef = 11BAD6F211FD640700FE4DE4 /* thick_bottom_bar.png */; };
		11BAD6FD11FD640700FE4DE4 /* bottom_bar_button.png in Resources */ = {isa = PBXBuildFile; fileRef = 11BAD6F311FD640700FE4DE4 /* bottom_bar_button.png */; };
		11BAD6FE11FD640700FE4DE4 /* bottom_bar_button_pressed.png in Resources */ = {isa = PBXBuildFile; fileRef = 11BAD6F411FD640700FE4DE4 /* bottom_bar_button_pressed.png */; };
		11BAD6FF11FD640700FE4DE4 /* followers_table_cell_bg.png in Resources */ = {isa = PBXBuildFile; fileRef = 11BAD6F511FD640700FE4DE4 /* followers_table_cell_bg.png */; };
		11BAD70A11FD642200FE4DE4 /* upload_button_homescreen@2x.png in Resources */ = {isa = PBXBuildFile; fileRef = 11BAD70011FD642200FE4DE4 /* upload_button_homescreen@2x.png */; };
		11BAD70B11FD642200FE4DE4 /* mystream_button_homescreen@2x.png in Resources */ = {isa = PBXBuildFile; fileRef = 11BAD70111FD642200FE4DE4 /* mystream_button_homescreen@2x.png */; };
		11BAD70C11FD642200FE4DE4 /* settings_button_homescreen@2x.png in Resources */ = {isa = PBXBuildFile; fileRef = 11BAD70211FD642200FE4DE4 /* settings_button_homescreen@2x.png */; };
		11BAD70D11FD642200FE4DE4 /* watching_homescreen_icon@2x.png in Resources */ = {isa = PBXBuildFile; fileRef = 11BAD70311FD642200FE4DE4 /* watching_homescreen_icon@2x.png */; };
		11BAD70E11FD642200FE4DE4 /* minus_follower_button@2x.png in Resources */ = {isa = PBXBuildFile; fileRef = 11BAD70411FD642200FE4DE4 /* minus_follower_button@2x.png */; };
		11BAD70F11FD642200FE4DE4 /* plus_follower_button@2x.png in Resources */ = {isa = PBXBuildFile; fileRef = 11BAD70511FD642200FE4DE4 /* plus_follower_button@2x.png */; };
		11BAD71011FD642200FE4DE4 /* thick_bottom_bar@2x.png in Resources */ = {isa = PBXBuildFile; fileRef = 11BAD70611FD642200FE4DE4 /* thick_bottom_bar@2x.png */; };
		11BAD71111FD642200FE4DE4 /* bottom_bar_button@2x.png in Resources */ = {isa = PBXBuildFile; fileRef = 11BAD70711FD642200FE4DE4 /* bottom_bar_button@2x.png */; };
		11BAD71211FD642200FE4DE4 /* bottom_bar_button_pressed@2x.png in Resources */ = {isa = PBXBuildFile; fileRef = 11BAD70811FD642200FE4DE4 /* bottom_bar_button_pressed@2x.png */; };
		11BAD71311FD642200FE4DE4 /* followers_table_cell_bg@2x.png in Resources */ = {isa = PBXBuildFile; fileRef = 11BAD70911FD642200FE4DE4 /* followers_table_cell_bg@2x.png */; };
		11BAD7B211FE512000FE4DE4 /* FollowersView.xib in Resources */ = {isa = PBXBuildFile; fileRef = 11BAD7B111FE512000FE4DE4 /* FollowersView.xib */; };
		11BAD7C311FE518100FE4DE4 /* FollowersViewController.m in Sources */ = {isa = PBXBuildFile; fileRef = 11BAD7C211FE518100FE4DE4 /* FollowersViewController.m */; };
		11BCFEBF11F3B017000FA3DD /* CollageItem.m in Sources */ = {isa = PBXBuildFile; fileRef = 11BCFEBE11F3B017000FA3DD /* CollageItem.m */; };
		11BCFFBC11F67509000FA3DD /* Icon-72.png in Resources */ = {isa = PBXBuildFile; fileRef = 11BCFFB611F67509000FA3DD /* Icon-72.png */; };
		11BCFFBD11F67509000FA3DD /* Icon-Small-50.png in Resources */ = {isa = PBXBuildFile; fileRef = 11BCFFB711F67509000FA3DD /* Icon-Small-50.png */; };
		11BCFFBE11F67509000FA3DD /* Icon-Small.png in Resources */ = {isa = PBXBuildFile; fileRef = 11BCFFB811F67509000FA3DD /* Icon-Small.png */; };
		11BCFFBF11F67509000FA3DD /* Icon-Small@2x.png in Resources */ = {isa = PBXBuildFile; fileRef = 11BCFFB911F67509000FA3DD /* Icon-Small@2x.png */; };
		11BCFFC011F67509000FA3DD /* Icon.png in Resources */ = {isa = PBXBuildFile; fileRef = 11BCFFBA11F67509000FA3DD /* Icon.png */; };
		11BCFFC111F67509000FA3DD /* Icon@2x.png in Resources */ = {isa = PBXBuildFile; fileRef = 11BCFFBB11F67509000FA3DD /* Icon@2x.png */; };
		11C9213212178AC700DE73EF /* libsqlite3.0.dylib in Frameworks */ = {isa = PBXBuildFile; fileRef = 11C9213112178AC700DE73EF /* libsqlite3.0.dylib */; };
		11D1FD0D11755BBF007B66EF /* ResourceManager.m in Sources */ = {isa = PBXBuildFile; fileRef = 11D1FD0C11755BBF007B66EF /* ResourceManager.m */; };
		11D1FD1511760E76007B66EF /* Default.png in Resources */ = {isa = PBXBuildFile; fileRef = 11D1FD1411760E76007B66EF /* Default.png */; };
		11D1FD591179648C007B66EF /* LiveStreamView.xib in Resources */ = {isa = PBXBuildFile; fileRef = 11D1FD581179648C007B66EF /* LiveStreamView.xib */; };
		11DCE9781219163100158434 /* CLController.m in Sources */ = {isa = PBXBuildFile; fileRef = 11DCE9771219163100158434 /* CLController.m */; };
		11DCECC7121CBD7C00158434 /* image_files_cache.sqlite in Resources */ = {isa = PBXBuildFile; fileRef = 11DCECC5121CBD7C00158434 /* image_files_cache.sqlite */; };
		11DCECC8121CBD7C00158434 /* json_cache.sqlite in Resources */ = {isa = PBXBuildFile; fileRef = 11DCECC6121CBD7C00158434 /* json_cache.sqlite */; };
		11DDD9931200BA8700451E21 /* libJRAuthenticate.a in Frameworks */ = {isa = PBXBuildFile; fileRef = 11DDD98E1200BA3400451E21 /* libJRAuthenticate.a */; };
		1D3623260D0F684500981E51 /* LiveGatherAppDelegate.m in Sources */ = {isa = PBXBuildFile; fileRef = 1D3623250D0F684500981E51 /* LiveGatherAppDelegate.m */; };
		1D60589B0D05DD56006BFB54 /* main.m in Sources */ = {isa = PBXBuildFile; fileRef = 29B97316FDCFA39411CA2CEA /* main.m */; };
		1D60589F0D05DD5A006BFB54 /* Foundation.framework in Frameworks */ = {isa = PBXBuildFile; fileRef = 1D30AB110D05D00D00671497 /* Foundation.framework */; };
		1DF5F4E00D08C38300B7A737 /* UIKit.framework in Frameworks */ = {isa = PBXBuildFile; fileRef = 1DF5F4DF0D08C38300B7A737 /* UIKit.framework */; };
		280E754D0DD40C5E005A515E /* FlipsideView.xib in Resources */ = {isa = PBXBuildFile; fileRef = 280E754A0DD40C5E005A515E /* FlipsideView.xib */; };
		280E754E0DD40C5E005A515E /* MainView.xib in Resources */ = {isa = PBXBuildFile; fileRef = 280E754B0DD40C5E005A515E /* MainView.xib */; };
		280E754F0DD40C5E005A515E /* MainWindow.xib in Resources */ = {isa = PBXBuildFile; fileRef = 280E754C0DD40C5E005A515E /* MainWindow.xib */; };
		288765590DF743DE002DB57D /* CoreGraphics.framework in Frameworks */ = {isa = PBXBuildFile; fileRef = 288765580DF743DE002DB57D /* CoreGraphics.framework */; };
		289233AE0DB2D0DB0083E9F9 /* MainViewController.m in Sources */ = {isa = PBXBuildFile; fileRef = 289233A90DB2D0DB0083E9F9 /* MainViewController.m */; };
		289233B00DB2D0DB0083E9F9 /* FlipsideViewController.m in Sources */ = {isa = PBXBuildFile; fileRef = 289233AD0DB2D0DB0083E9F9 /* FlipsideViewController.m */; };
/* End PBXBuildFile section */

/* Begin PBXContainerItemProxy section */
		11DDD98D1200BA3400451E21 /* PBXContainerItemProxy */ = {
			isa = PBXContainerItemProxy;
			containerPortal = 11DDD97E1200BA3000451E21 /* JRAuthenticate.xcodeproj */;
			proxyType = 2;
			remoteGlobalIDString = D2AAC07E0554694100DB518D;
			remoteInfo = JRAuthenticate;
		};
		11DDD98F1200BA3C00451E21 /* PBXContainerItemProxy */ = {
			isa = PBXContainerItemProxy;
			containerPortal = 11DDD97E1200BA3000451E21 /* JRAuthenticate.xcodeproj */;
			proxyType = 1;
			remoteGlobalIDString = D2AAC07D0554694100DB518D;
			remoteInfo = JRAuthenticate;
		};
/* End PBXContainerItemProxy section */

/* Begin PBXFileReference section */
		111854AD120934B900017F31 /* LGUser.h */ = {isa = PBXFileReference; fileEncoding = 4; lastKnownFileType = sourcecode.c.h; path = LGUser.h; sourceTree = "<group>"; };
		111854AE120934B900017F31 /* LGUser.m */ = {isa = PBXFileReference; fileEncoding = 4; lastKnownFileType = sourcecode.c.objc; path = LGUser.m; sourceTree = "<group>"; };
		1118553112093AF600017F31 /* CoreLocation.framework */ = {isa = PBXFileReference; lastKnownFileType = wrapper.framework; name = CoreLocation.framework; path = iphoneos3.1.3/System/Library/Frameworks/CoreLocation.framework; sourceTree = "<group>"; };
		112A018311E52ADB001B988A /* LiveGatherAPI.h */ = {isa = PBXFileReference; fileEncoding = 4; lastKnownFileType = sourcecode.c.h; path = LiveGatherAPI.h; sourceTree = "<group>"; wrapsLines = 1; };
		112A018411E52ADB001B988A /* LiveGatherAPI.m */ = {isa = PBXFileReference; fileEncoding = 4; lastKnownFileType = sourcecode.c.objc; path = LiveGatherAPI.m; sourceTree = "<group>"; };
		115AB3C912069733002B4468 /* single_image_caption_bg@2x.png */ = {isa = PBXFileReference; lastKnownFileType = image.png; path = "single_image_caption_bg@2x.png"; sourceTree = "<group>"; };
		115AB3CA12069733002B4468 /* single_image_location_bg@2x.png */ = {isa = PBXFileReference; lastKnownFileType = image.png; path = "single_image_location_bg@2x.png"; sourceTree = "<group>"; };
		115AB3CD1206973B002B4468 /* single_image_caption_bg.png */ = {isa = PBXFileReference; lastKnownFileType = image.png; path = single_image_caption_bg.png; sourceTree = "<group>"; };
		115AB3CE1206973B002B4468 /* single_image_location_bg.png */ = {isa = PBXFileReference; lastKnownFileType = image.png; path = single_image_location_bg.png; sourceTree = "<group>"; };
		115AB40312069FB3002B4468 /* Image.png */ = {isa = PBXFileReference; lastKnownFileType = image.png; path = Image.png; sourceTree = "<group>"; };
		115AB4A71207E3A2002B4468 /* SinglePhotoView.xib */ = {isa = PBXFileReference; lastKnownFileType = file.xib; path = SinglePhotoView.xib; sourceTree = "<group>"; };
		115AB4AA1207E6FC002B4468 /* SinglePhotoViewController.h */ = {isa = PBXFileReference; fileEncoding = 4; lastKnownFileType = sourcecode.c.h; path = SinglePhotoViewController.h; sourceTree = "<group>"; };
		115AB4AB1207E6FC002B4468 /* SinglePhotoViewController.m */ = {isa = PBXFileReference; fileEncoding = 4; lastKnownFileType = sourcecode.c.objc; path = SinglePhotoViewController.m; sourceTree = "<group>"; };
		1171C30111EFB8C800E69829 /* SDKSettings.plist */ = {isa = PBXFileReference; fileEncoding = 4; lastKnownFileType = text.plist.xml; path = SDKSettings.plist; sourceTree = "<group>"; };
		1171C30611EFB8C800E69829 /* JSON.h */ = {isa = PBXFileReference; fileEncoding = 4; lastKnownFileType = sourcecode.c.h; path = JSON.h; sourceTree = "<group>"; };
		1171C30711EFB8C800E69829 /* NSObject+SBJSON.h */ = {isa = PBXFileReference; fileEncoding = 4; lastKnownFileType = sourcecode.c.h; path = "NSObject+SBJSON.h"; sourceTree = "<group>"; };
		1171C30811EFB8C800E69829 /* NSString+SBJSON.h */ = {isa = PBXFileReference; fileEncoding = 4; lastKnownFileType = sourcecode.c.h; path = "NSString+SBJSON.h"; sourceTree = "<group>"; };
		1171C30911EFB8C800E69829 /* SBJSON.h */ = {isa = PBXFileReference; fileEncoding = 4; lastKnownFileType = sourcecode.c.h; path = SBJSON.h; sourceTree = "<group>"; };
		1171C30A11EFB8C800E69829 /* SBJsonBase.h */ = {isa = PBXFileReference; fileEncoding = 4; lastKnownFileType = sourcecode.c.h; path = SBJsonBase.h; sourceTree = "<group>"; };
		1171C30B11EFB8C800E69829 /* SBJsonParser.h */ = {isa = PBXFileReference; fileEncoding = 4; lastKnownFileType = sourcecode.c.h; path = SBJsonParser.h; sourceTree = "<group>"; };
		1171C30C11EFB8C800E69829 /* SBJsonWriter.h */ = {isa = PBXFileReference; fileEncoding = 4; lastKnownFileType = sourcecode.c.h; path = SBJsonWriter.h; sourceTree = "<group>"; };
		1171C31011EFB8C800E69829 /* SDKSettings.plist */ = {isa = PBXFileReference; fileEncoding = 4; lastKnownFileType = text.plist.xml; path = SDKSettings.plist; sourceTree = "<group>"; };
		1171C31511EFB8C800E69829 /* JSON.h */ = {isa = PBXFileReference; fileEncoding = 4; lastKnownFileType = sourcecode.c.h; path = JSON.h; sourceTree = "<group>"; };
		1171C31611EFB8C800E69829 /* NSObject+SBJSON.h */ = {isa = PBXFileReference; fileEncoding = 4; lastKnownFileType = sourcecode.c.h; path = "NSObject+SBJSON.h"; sourceTree = "<group>"; };
		1171C31711EFB8C800E69829 /* NSString+SBJSON.h */ = {isa = PBXFileReference; fileEncoding = 4; lastKnownFileType = sourcecode.c.h; path = "NSString+SBJSON.h"; sourceTree = "<group>"; };
		1171C31811EFB8C800E69829 /* SBJSON.h */ = {isa = PBXFileReference; fileEncoding = 4; lastKnownFileType = sourcecode.c.h; path = SBJSON.h; sourceTree = "<group>"; };
		1171C31911EFB8C800E69829 /* SBJsonBase.h */ = {isa = PBXFileReference; fileEncoding = 4; lastKnownFileType = sourcecode.c.h; path = SBJsonBase.h; sourceTree = "<group>"; };
		1171C31A11EFB8C800E69829 /* SBJsonParser.h */ = {isa = PBXFileReference; fileEncoding = 4; lastKnownFileType = sourcecode.c.h; path = SBJsonParser.h; sourceTree = "<group>"; };
		1171C31B11EFB8C800E69829 /* SBJsonWriter.h */ = {isa = PBXFileReference; fileEncoding = 4; lastKnownFileType = sourcecode.c.h; path = SBJsonWriter.h; sourceTree = "<group>"; };
		1171C32311EFB8C800E69829 /* JSON.h */ = {isa = PBXFileReference; fileEncoding = 4; lastKnownFileType = sourcecode.c.h; path = JSON.h; sourceTree = "<group>"; };
		1171C32411EFB8C800E69829 /* NSObject+SBJSON.h */ = {isa = PBXFileReference; fileEncoding = 4; lastKnownFileType = sourcecode.c.h; path = "NSObject+SBJSON.h"; sourceTree = "<group>"; };
		1171C32511EFB8C800E69829 /* NSString+SBJSON.h */ = {isa = PBXFileReference; fileEncoding = 4; lastKnownFileType = sourcecode.c.h; path = "NSString+SBJSON.h"; sourceTree = "<group>"; };
		1171C32611EFB8C800E69829 /* SBJSON.h */ = {isa = PBXFileReference; fileEncoding = 4; lastKnownFileType = sourcecode.c.h; path = SBJSON.h; sourceTree = "<group>"; };
		1171C32711EFB8C800E69829 /* SBJsonBase.h */ = {isa = PBXFileReference; fileEncoding = 4; lastKnownFileType = sourcecode.c.h; path = SBJsonBase.h; sourceTree = "<group>"; };
		1171C32811EFB8C800E69829 /* SBJsonParser.h */ = {isa = PBXFileReference; fileEncoding = 4; lastKnownFileType = sourcecode.c.h; path = SBJsonParser.h; sourceTree = "<group>"; };
		1171C32911EFB8C800E69829 /* SBJsonWriter.h */ = {isa = PBXFileReference; fileEncoding = 4; lastKnownFileType = sourcecode.c.h; path = SBJsonWriter.h; sourceTree = "<group>"; };
		1171C39911EFC28100E69829 /* QuartzCore.framework */ = {isa = PBXFileReference; lastKnownFileType = wrapper.framework; name = QuartzCore.framework; path = System/Library/Frameworks/QuartzCore.framework; sourceTree = SDKROOT; };
		1171C3C911EFC30400E69829 /* libz.1.2.3.dylib */ = {isa = PBXFileReference; lastKnownFileType = "compiled.mach-o.dylib"; name = libz.1.2.3.dylib; path = usr/lib/libz.1.2.3.dylib; sourceTree = SDKROOT; };
		11769A67118382F30036C548 /* MBProgressHUD.h */ = {isa = PBXFileReference; fileEncoding = 4; lastKnownFileType = sourcecode.c.h; path = MBProgressHUD.h; sourceTree = "<group>"; };
		11769A68118382F30036C548 /* MBProgressHUD.m */ = {isa = PBXFileReference; fileEncoding = 4; lastKnownFileType = sourcecode.c.objc; path = MBProgressHUD.m; sourceTree = "<group>"; };
		11769ADF118384610036C548 /* CFNetwork.framework */ = {isa = PBXFileReference; lastKnownFileType = wrapper.framework; name = CFNetwork.framework; path = System/Library/Frameworks/CFNetwork.framework; sourceTree = SDKROOT; };
		11769AE3118384810036C548 /* Reachability.h */ = {isa = PBXFileReference; fileEncoding = 4; lastKnownFileType = sourcecode.c.h; path = Reachability.h; sourceTree = "<group>"; };
		11769AE4118384810036C548 /* Reachability.m */ = {isa = PBXFileReference; fileEncoding = 4; lastKnownFileType = sourcecode.c.objc; path = Reachability.m; sourceTree = "<group>"; };
		11769AF1118384C00036C548 /* Security.framework */ = {isa = PBXFileReference; lastKnownFileType = wrapper.framework; name = Security.framework; path = System/Library/Frameworks/Security.framework; sourceTree = SDKROOT; };
		11769AF3118384C00036C548 /* SystemConfiguration.framework */ = {isa = PBXFileReference; lastKnownFileType = wrapper.framework; name = SystemConfiguration.framework; path = System/Library/Frameworks/SystemConfiguration.framework; sourceTree = SDKROOT; };
		11769AFE118384E30036C548 /* MobileCoreServices.framework */ = {isa = PBXFileReference; lastKnownFileType = wrapper.framework; name = MobileCoreServices.framework; path = System/Library/Frameworks/MobileCoreServices.framework; sourceTree = SDKROOT; };
		11769BCF118393510036C548 /* MapKit.framework */ = {isa = PBXFileReference; lastKnownFileType = wrapper.framework; name = MapKit.framework; path = System/Library/Frameworks/MapKit.framework; sourceTree = SDKROOT; };
		11769C3B11851B0C0036C548 /* gray.jpg */ = {isa = PBXFileReference; lastKnownFileType = image.jpeg; path = gray.jpg; sourceTree = "<group>"; };
		1176F39011F93EA900CCA857 /* capture_photo_button@2x.png */ = {isa = PBXFileReference; lastKnownFileType = image.png; path = "capture_photo_button@2x.png"; sourceTree = "<group>"; };
		1176F39111F93EA900CCA857 /* upload_photo_button@2x.png */ = {isa = PBXFileReference; lastKnownFileType = image.png; path = "upload_photo_button@2x.png"; sourceTree = "<group>"; };
		1176F39211F93EA900CCA857 /* refresh_location_button@2x.png */ = {isa = PBXFileReference; lastKnownFileType = image.png; path = "refresh_location_button@2x.png"; sourceTree = "<group>"; };
		1176F39611F93EB200CCA857 /* capture_photo_button.png */ = {isa = PBXFileReference; lastKnownFileType = image.png; path = capture_photo_button.png; sourceTree = "<group>"; };
		1176F39711F93EB200CCA857 /* upload_photo_button.png */ = {isa = PBXFileReference; lastKnownFileType = image.png; path = upload_photo_button.png; sourceTree = "<group>"; };
		1176F39811F93EB200CCA857 /* refresh_location_button.png */ = {isa = PBXFileReference; lastKnownFileType = image.png; path = refresh_location_button.png; sourceTree = "<group>"; };
		1176F39C11F9406900CCA857 /* caption_box_background@2x.png */ = {isa = PBXFileReference; lastKnownFileType = image.png; path = "caption_box_background@2x.png"; sourceTree = "<group>"; };
		1176F39D11F9406900CCA857 /* tags_box_background@2x.png */ = {isa = PBXFileReference; lastKnownFileType = image.png; path = "tags_box_background@2x.png"; sourceTree = "<group>"; };
		1176F3A011F9407000CCA857 /* caption_box_background.png */ = {isa = PBXFileReference; lastKnownFileType = image.png; path = caption_box_background.png; sourceTree = "<group>"; };
		1176F3A111F9407000CCA857 /* tags_box_background.png */ = {isa = PBXFileReference; lastKnownFileType = image.png; path = tags_box_background.png; sourceTree = "<group>"; };
		1176F3A411F9446E00CCA857 /* facebook_icon@2x.png */ = {isa = PBXFileReference; lastKnownFileType = image.png; path = "facebook_icon@2x.png"; sourceTree = "<group>"; };
		1176F3A511F9446E00CCA857 /* twitter_icon@2x.png */ = {isa = PBXFileReference; lastKnownFileType = image.png; path = "twitter_icon@2x.png"; sourceTree = "<group>"; };
		1176F3A811F9449800CCA857 /* facebook_icon.png */ = {isa = PBXFileReference; lastKnownFileType = image.png; path = facebook_icon.png; sourceTree = "<group>"; };
		1176F3A911F9449800CCA857 /* twitter_icon.png */ = {isa = PBXFileReference; lastKnownFileType = image.png; path = twitter_icon.png; sourceTree = "<group>"; };
		1176F48211FA0C3000CCA857 /* ASIAuthenticationDialog.h */ = {isa = PBXFileReference; fileEncoding = 4; lastKnownFileType = sourcecode.c.h; path = ASIAuthenticationDialog.h; sourceTree = "<group>"; };
		1176F48311FA0C3000CCA857 /* ASIAuthenticationDialog.m */ = {isa = PBXFileReference; fileEncoding = 4; lastKnownFileType = sourcecode.c.objc; path = ASIAuthenticationDialog.m; sourceTree = "<group>"; };
		1176F48411FA0C3000CCA857 /* ASICacheDelegate.h */ = {isa = PBXFileReference; fileEncoding = 4; lastKnownFileType = sourcecode.c.h; path = ASICacheDelegate.h; sourceTree = "<group>"; };
		1176F48511FA0C3000CCA857 /* ASIDownloadCache.h */ = {isa = PBXFileReference; fileEncoding = 4; lastKnownFileType = sourcecode.c.h; path = ASIDownloadCache.h; sourceTree = "<group>"; };
		1176F48611FA0C3000CCA857 /* ASIDownloadCache.m */ = {isa = PBXFileReference; fileEncoding = 4; lastKnownFileType = sourcecode.c.objc; path = ASIDownloadCache.m; sourceTree = "<group>"; };
		1176F48711FA0C3000CCA857 /* ASIFormDataRequest.h */ = {isa = PBXFileReference; fileEncoding = 4; lastKnownFileType = sourcecode.c.h; path = ASIFormDataRequest.h; sourceTree = "<group>"; };
		1176F48811FA0C3000CCA857 /* ASIFormDataRequest.m */ = {isa = PBXFileReference; fileEncoding = 4; lastKnownFileType = sourcecode.c.objc; path = ASIFormDataRequest.m; sourceTree = "<group>"; };
		1176F48911FA0C3000CCA857 /* ASIHTTPRequest.h */ = {isa = PBXFileReference; fileEncoding = 4; lastKnownFileType = sourcecode.c.h; path = ASIHTTPRequest.h; sourceTree = "<group>"; };
		1176F48A11FA0C3000CCA857 /* ASIHTTPRequest.m */ = {isa = PBXFileReference; fileEncoding = 4; lastKnownFileType = sourcecode.c.objc; path = ASIHTTPRequest.m; sourceTree = "<group>"; };
		1176F48B11FA0C3000CCA857 /* ASIHTTPRequestConfig.h */ = {isa = PBXFileReference; fileEncoding = 4; lastKnownFileType = sourcecode.c.h; path = ASIHTTPRequestConfig.h; sourceTree = "<group>"; };
		1176F48C11FA0C3000CCA857 /* ASIHTTPRequestDelegate.h */ = {isa = PBXFileReference; fileEncoding = 4; lastKnownFileType = sourcecode.c.h; path = ASIHTTPRequestDelegate.h; sourceTree = "<group>"; };
		1176F48D11FA0C3000CCA857 /* ASIInputStream.h */ = {isa = PBXFileReference; fileEncoding = 4; lastKnownFileType = sourcecode.c.h; path = ASIInputStream.h; sourceTree = "<group>"; };
		1176F48E11FA0C3000CCA857 /* ASIInputStream.m */ = {isa = PBXFileReference; fileEncoding = 4; lastKnownFileType = sourcecode.c.objc; path = ASIInputStream.m; sourceTree = "<group>"; };
		1176F48F11FA0C3100CCA857 /* ASINetworkQueue.h */ = {isa = PBXFileReference; fileEncoding = 4; lastKnownFileType = sourcecode.c.h; path = ASINetworkQueue.h; sourceTree = "<group>"; };
		1176F49011FA0C3100CCA857 /* ASINetworkQueue.m */ = {isa = PBXFileReference; fileEncoding = 4; lastKnownFileType = sourcecode.c.objc; path = ASINetworkQueue.m; sourceTree = "<group>"; };
		1176F49111FA0C3100CCA857 /* ASIProgressDelegate.h */ = {isa = PBXFileReference; fileEncoding = 4; lastKnownFileType = sourcecode.c.h; path = ASIProgressDelegate.h; sourceTree = "<group>"; };
		1176F4AA11FA0E6C00CCA857 /* LGPhoto.h */ = {isa = PBXFileReference; fileEncoding = 4; lastKnownFileType = sourcecode.c.h; path = LGPhoto.h; sourceTree = "<group>"; };
		1176F4AB11FA0E6C00CCA857 /* LGPhoto.m */ = {isa = PBXFileReference; fileEncoding = 4; lastKnownFileType = sourcecode.c.objc; path = LGPhoto.m; sourceTree = "<group>"; };
		1191BEFB11797F93003DF9B8 /* AccountLoginView.xib */ = {isa = PBXFileReference; lastKnownFileType = file.xib; path = AccountLoginView.xib; sourceTree = "<group>"; };
		1191BEFC11797F93003DF9B8 /* UploadPhotoView.xib */ = {isa = PBXFileReference; lastKnownFileType = file.xib; path = UploadPhotoView.xib; sourceTree = "<group>"; };
		1191BF3D11798459003DF9B8 /* UploadPhotoViewController.h */ = {isa = PBXFileReference; fileEncoding = 4; lastKnownFileType = sourcecode.c.h; path = UploadPhotoViewController.h; sourceTree = "<group>"; };
		1191BF3E11798459003DF9B8 /* UploadPhotoViewController.m */ = {isa = PBXFileReference; fileEncoding = 4; lastKnownFileType = sourcecode.c.objc; path = UploadPhotoViewController.m; sourceTree = "<group>"; };
		1191BF8D117A0A0E003DF9B8 /* AccountLoginViewController.h */ = {isa = PBXFileReference; fileEncoding = 4; lastKnownFileType = sourcecode.c.h; path = AccountLoginViewController.h; sourceTree = "<group>"; };
		1191BF8E117A0A0E003DF9B8 /* AccountLoginViewController.m */ = {isa = PBXFileReference; fileEncoding = 4; lastKnownFileType = sourcecode.c.objc; path = AccountLoginViewController.m; sourceTree = "<group>"; };
		1191BF97117A0A29003DF9B8 /* LiveStreamViewController.h */ = {isa = PBXFileReference; fileEncoding = 4; lastKnownFileType = sourcecode.c.h; path = LiveStreamViewController.h; sourceTree = "<group>"; };
		1191BF98117A0A29003DF9B8 /* LiveStreamViewController.m */ = {isa = PBXFileReference; fileEncoding = 4; lastKnownFileType = sourcecode.c.objc; path = LiveStreamViewController.m; sourceTree = "<group>"; };
		1191C10D117A8CB4003DF9B8 /* EGORefreshTableHeaderView.h */ = {isa = PBXFileReference; fileEncoding = 4; lastKnownFileType = sourcecode.c.h; path = EGORefreshTableHeaderView.h; sourceTree = "<group>"; };
		1191C10E117A8CB4003DF9B8 /* EGORefreshTableHeaderView.m */ = {isa = PBXFileReference; fileEncoding = 4; lastKnownFileType = sourcecode.c.objc; path = EGORefreshTableHeaderView.m; sourceTree = "<group>"; };
		1195978F11F26C35006BD793 /* back_button@2x.png */ = {isa = PBXFileReference; lastKnownFileType = image.png; path = "back_button@2x.png"; sourceTree = "<group>"; };
		1195979011F26C35006BD793 /* bottom_toolbar@2x.png */ = {isa = PBXFileReference; lastKnownFileType = image.png; path = "bottom_toolbar@2x.png"; sourceTree = "<group>"; };
		1195979111F26C35006BD793 /* livestream_button@2x.png */ = {isa = PBXFileReference; lastKnownFileType = image.png; path = "livestream_button@2x.png"; sourceTree = "<group>"; };
		1195979211F26C35006BD793 /* plus_button@2x.png */ = {isa = PBXFileReference; lastKnownFileType = image.png; path = "plus_button@2x.png"; sourceTree = "<group>"; };
		1195979311F26C35006BD793 /* refresh_button@2x.png */ = {isa = PBXFileReference; lastKnownFileType = image.png; path = "refresh_button@2x.png"; sourceTree = "<group>"; };
		1195979411F26C35006BD793 /* search_button@2x.png */ = {isa = PBXFileReference; lastKnownFileType = image.png; path = "search_button@2x.png"; sourceTree = "<group>"; };
		1195979511F26C35006BD793 /* top_banner_bar@2x.png */ = {isa = PBXFileReference; lastKnownFileType = image.png; path = "top_banner_bar@2x.png"; sourceTree = "<group>"; };
		1195979611F26C35006BD793 /* top_toolbar@2x.png */ = {isa = PBXFileReference; lastKnownFileType = image.png; path = "top_toolbar@2x.png"; sourceTree = "<group>"; };
		119597A411F27004006BD793 /* back_button.png */ = {isa = PBXFileReference; lastKnownFileType = image.png; path = back_button.png; sourceTree = "<group>"; };
		119597A511F27004006BD793 /* bottom_toolbar.png */ = {isa = PBXFileReference; lastKnownFileType = image.png; path = bottom_toolbar.png; sourceTree = "<group>"; };
		119597A611F27004006BD793 /* livestream_button.png */ = {isa = PBXFileReference; lastKnownFileType = image.png; path = livestream_button.png; sourceTree = "<group>"; };
		119597A711F27004006BD793 /* plus_button.png */ = {isa = PBXFileReference; lastKnownFileType = image.png; path = plus_button.png; sourceTree = "<group>"; };
		119597A811F27004006BD793 /* refresh_button.png */ = {isa = PBXFileReference; lastKnownFileType = image.png; path = refresh_button.png; sourceTree = "<group>"; };
		119597A911F27004006BD793 /* search_button.png */ = {isa = PBXFileReference; lastKnownFileType = image.png; path = search_button.png; sourceTree = "<group>"; };
		119597AA11F27004006BD793 /* top_banner_bar.png */ = {isa = PBXFileReference; lastKnownFileType = image.png; path = top_banner_bar.png; sourceTree = "<group>"; };
		119597AB11F27004006BD793 /* top_toolbar.png */ = {isa = PBXFileReference; lastKnownFileType = image.png; path = top_toolbar.png; sourceTree = "<group>"; };
		119597B611F270A5006BD793 /* top_bar_logo@2x.png */ = {isa = PBXFileReference; lastKnownFileType = image.png; path = "top_bar_logo@2x.png"; sourceTree = "<group>"; };
		119597B811F270AD006BD793 /* top_bar_logo.png */ = {isa = PBXFileReference; lastKnownFileType = image.png; path = top_bar_logo.png; sourceTree = "<group>"; };
		11B19E4B1203C658006E4CDF /* LGPhotoView.h */ = {isa = PBXFileReference; fileEncoding = 4; lastKnownFileType = sourcecode.c.h; path = LGPhotoView.h; sourceTree = "<group>"; };
		11B19E4C1203C658006E4CDF /* LGPhotoView.m */ = {isa = PBXFileReference; fileEncoding = 4; lastKnownFileType = sourcecode.c.objc; path = LGPhotoView.m; sourceTree = "<group>"; };
		11B19FA61203FB7D006E4CDF /* Default@2x.png */ = {isa = PBXFileReference; lastKnownFileType = image.png; path = "Default@2x.png"; sourceTree = "<group>"; };
		11BAD6D111FD5D1700FE4DE4 /* LGTag.h */ = {isa = PBXFileReference; fileEncoding = 4; lastKnownFileType = sourcecode.c.h; path = LGTag.h; sourceTree = "<group>"; };
		11BAD6D211FD5D1700FE4DE4 /* LGTag.m */ = {isa = PBXFileReference; fileEncoding = 4; lastKnownFileType = sourcecode.c.objc; path = LGTag.m; sourceTree = "<group>"; };
		11BAD6EC11FD640700FE4DE4 /* upload_button_homescreen.png */ = {isa = PBXFileReference; lastKnownFileType = image.png; path = upload_button_homescreen.png; sourceTree = "<group>"; };
		11BAD6ED11FD640700FE4DE4 /* mystream_button_homescreen.png */ = {isa = PBXFileReference; lastKnownFileType = image.png; path = mystream_button_homescreen.png; sourceTree = "<group>"; };
		11BAD6EE11FD640700FE4DE4 /* settings_button_homescreen.png */ = {isa = PBXFileReference; lastKnownFileType = image.png; path = settings_button_homescreen.png; sourceTree = "<group>"; };
		11BAD6EF11FD640700FE4DE4 /* watching_homescreen_icon.png */ = {isa = PBXFileReference; lastKnownFileType = image.png; path = watching_homescreen_icon.png; sourceTree = "<group>"; };
		11BAD6F011FD640700FE4DE4 /* minus_follower_button.png */ = {isa = PBXFileReference; lastKnownFileType = image.png; path = minus_follower_button.png; sourceTree = "<group>"; };
		11BAD6F111FD640700FE4DE4 /* plus_follower_button.png */ = {isa = PBXFileReference; lastKnownFileType = image.png; path = plus_follower_button.png; sourceTree = "<group>"; };
		11BAD6F211FD640700FE4DE4 /* thick_bottom_bar.png */ = {isa = PBXFileReference; lastKnownFileType = image.png; path = thick_bottom_bar.png; sourceTree = "<group>"; };
		11BAD6F311FD640700FE4DE4 /* bottom_bar_button.png */ = {isa = PBXFileReference; lastKnownFileType = image.png; path = bottom_bar_button.png; sourceTree = "<group>"; };
		11BAD6F411FD640700FE4DE4 /* bottom_bar_button_pressed.png */ = {isa = PBXFileReference; lastKnownFileType = image.png; path = bottom_bar_button_pressed.png; sourceTree = "<group>"; };
		11BAD6F511FD640700FE4DE4 /* followers_table_cell_bg.png */ = {isa = PBXFileReference; lastKnownFileType = image.png; path = followers_table_cell_bg.png; sourceTree = "<group>"; };
		11BAD70011FD642200FE4DE4 /* upload_button_homescreen@2x.png */ = {isa = PBXFileReference; lastKnownFileType = image.png; path = "upload_button_homescreen@2x.png"; sourceTree = "<group>"; };
		11BAD70111FD642200FE4DE4 /* mystream_button_homescreen@2x.png */ = {isa = PBXFileReference; lastKnownFileType = image.png; path = "mystream_button_homescreen@2x.png"; sourceTree = "<group>"; };
		11BAD70211FD642200FE4DE4 /* settings_button_homescreen@2x.png */ = {isa = PBXFileReference; lastKnownFileType = image.png; path = "settings_button_homescreen@2x.png"; sourceTree = "<group>"; };
		11BAD70311FD642200FE4DE4 /* watching_homescreen_icon@2x.png */ = {isa = PBXFileReference; lastKnownFileType = image.png; path = "watching_homescreen_icon@2x.png"; sourceTree = "<group>"; };
		11BAD70411FD642200FE4DE4 /* minus_follower_button@2x.png */ = {isa = PBXFileReference; lastKnownFileType = image.png; path = "minus_follower_button@2x.png"; sourceTree = "<group>"; };
		11BAD70511FD642200FE4DE4 /* plus_follower_button@2x.png */ = {isa = PBXFileReference; lastKnownFileType = image.png; path = "plus_follower_button@2x.png"; sourceTree = "<group>"; };
		11BAD70611FD642200FE4DE4 /* thick_bottom_bar@2x.png */ = {isa = PBXFileReference; lastKnownFileType = image.png; path = "thick_bottom_bar@2x.png"; sourceTree = "<group>"; };
		11BAD70711FD642200FE4DE4 /* bottom_bar_button@2x.png */ = {isa = PBXFileReference; lastKnownFileType = image.png; path = "bottom_bar_button@2x.png"; sourceTree = "<group>"; };
		11BAD70811FD642200FE4DE4 /* bottom_bar_button_pressed@2x.png */ = {isa = PBXFileReference; lastKnownFileType = image.png; path = "bottom_bar_button_pressed@2x.png"; sourceTree = "<group>"; };
		11BAD70911FD642200FE4DE4 /* followers_table_cell_bg@2x.png */ = {isa = PBXFileReference; lastKnownFileType = image.png; path = "followers_table_cell_bg@2x.png"; sourceTree = "<group>"; };
		11BAD7B111FE512000FE4DE4 /* FollowersView.xib */ = {isa = PBXFileReference; lastKnownFileType = file.xib; path = FollowersView.xib; sourceTree = "<group>"; };
		11BAD7C111FE518100FE4DE4 /* FollowersViewController.h */ = {isa = PBXFileReference; fileEncoding = 4; lastKnownFileType = sourcecode.c.h; path = FollowersViewController.h; sourceTree = "<group>"; };
		11BAD7C211FE518100FE4DE4 /* FollowersViewController.m */ = {isa = PBXFileReference; fileEncoding = 4; lastKnownFileType = sourcecode.c.objc; path = FollowersViewController.m; sourceTree = "<group>"; };
		11BCFEBD11F3B017000FA3DD /* CollageItem.h */ = {isa = PBXFileReference; fileEncoding = 4; lastKnownFileType = sourcecode.c.h; path = CollageItem.h; sourceTree = "<group>"; };
		11BCFEBE11F3B017000FA3DD /* CollageItem.m */ = {isa = PBXFileReference; fileEncoding = 4; lastKnownFileType = sourcecode.c.objc; path = CollageItem.m; sourceTree = "<group>"; };
		11BCFFB611F67509000FA3DD /* Icon-72.png */ = {isa = PBXFileReference; lastKnownFileType = image.png; name = "Icon-72.png"; path = "Icons/Icon-72.png"; sourceTree = "<group>"; };
		11BCFFB711F67509000FA3DD /* Icon-Small-50.png */ = {isa = PBXFileReference; lastKnownFileType = image.png; name = "Icon-Small-50.png"; path = "Icons/Icon-Small-50.png"; sourceTree = "<group>"; };
		11BCFFB811F67509000FA3DD /* Icon-Small.png */ = {isa = PBXFileReference; lastKnownFileType = image.png; name = "Icon-Small.png"; path = "Icons/Icon-Small.png"; sourceTree = "<group>"; };
		11BCFFB911F67509000FA3DD /* Icon-Small@2x.png */ = {isa = PBXFileReference; lastKnownFileType = image.png; name = "Icon-Small@2x.png"; path = "Icons/Icon-Small@2x.png"; sourceTree = "<group>"; };
		11BCFFBA11F67509000FA3DD /* Icon.png */ = {isa = PBXFileReference; lastKnownFileType = image.png; name = Icon.png; path = Icons/Icon.png; sourceTree = "<group>"; };
		11BCFFBB11F67509000FA3DD /* Icon@2x.png */ = {isa = PBXFileReference; lastKnownFileType = image.png; name = "Icon@2x.png"; path = "Icons/Icon@2x.png"; sourceTree = "<group>"; };
		11C9213112178AC700DE73EF /* libsqlite3.0.dylib */ = {isa = PBXFileReference; lastKnownFileType = "compiled.mach-o.dylib"; name = libsqlite3.0.dylib; path = usr/lib/libsqlite3.0.dylib; sourceTree = SDKROOT; };
		11D1FD0B11755BBF007B66EF /* ResourceManager.h */ = {isa = PBXFileReference; fileEncoding = 4; lastKnownFileType = sourcecode.c.h; path = ResourceManager.h; sourceTree = "<group>"; };
		11D1FD0C11755BBF007B66EF /* ResourceManager.m */ = {isa = PBXFileReference; fileEncoding = 4; lastKnownFileType = sourcecode.c.objc; path = ResourceManager.m; sourceTree = "<group>"; };
		11D1FD1411760E76007B66EF /* Default.png */ = {isa = PBXFileReference; lastKnownFileType = image.png; path = Default.png; sourceTree = "<group>"; };
		11D1FD581179648C007B66EF /* LiveStreamView.xib */ = {isa = PBXFileReference; lastKnownFileType = file.xib; path = LiveStreamView.xib; sourceTree = "<group>"; };
		11DCE9761219163100158434 /* CLController.h */ = {isa = PBXFileReference; fileEncoding = 4; lastKnownFileType = sourcecode.c.h; path = CLController.h; sourceTree = "<group>"; };
		11DCE9771219163100158434 /* CLController.m */ = {isa = PBXFileReference; fileEncoding = 4; lastKnownFileType = sourcecode.c.objc; path = CLController.m; sourceTree = "<group>"; };
		11DCECC5121CBD7C00158434 /* image_files_cache.sqlite */ = {isa = PBXFileReference; lastKnownFileType = file; path = image_files_cache.sqlite; sourceTree = "<group>"; };
		11DCECC6121CBD7C00158434 /* json_cache.sqlite */ = {isa = PBXFileReference; lastKnownFileType = file; path = json_cache.sqlite; sourceTree = "<group>"; };
		11DDD97E1200BA3000451E21 /* JRAuthenticate.xcodeproj */ = {isa = PBXFileReference; lastKnownFileType = "wrapper.pb-project"; path = JRAuthenticate.xcodeproj; sourceTree = RPX; };
		1D30AB110D05D00D00671497 /* Foundation.framework */ = {isa = PBXFileReference; lastKnownFileType = wrapper.framework; name = Foundation.framework; path = System/Library/Frameworks/Foundation.framework; sourceTree = SDKROOT; };
		1D3623240D0F684500981E51 /* LiveGatherAppDelegate.h */ = {isa = PBXFileReference; fileEncoding = 4; lastKnownFileType = sourcecode.c.h; path = LiveGatherAppDelegate.h; sourceTree = "<group>"; };
		1D3623250D0F684500981E51 /* LiveGatherAppDelegate.m */ = {isa = PBXFileReference; fileEncoding = 4; lastKnownFileType = sourcecode.c.objc; path = LiveGatherAppDelegate.m; sourceTree = "<group>"; };
		1D6058910D05DD3D006BFB54 /* LiveGather.app */ = {isa = PBXFileReference; explicitFileType = wrapper.application; includeInIndex = 0; path = LiveGather.app; sourceTree = BUILT_PRODUCTS_DIR; };
		1DF5F4DF0D08C38300B7A737 /* UIKit.framework */ = {isa = PBXFileReference; lastKnownFileType = wrapper.framework; name = UIKit.framework; path = System/Library/Frameworks/UIKit.framework; sourceTree = SDKROOT; };
		280E754A0DD40C5E005A515E /* FlipsideView.xib */ = {isa = PBXFileReference; lastKnownFileType = file.xib; path = FlipsideView.xib; sourceTree = "<group>"; };
		280E754B0DD40C5E005A515E /* MainView.xib */ = {isa = PBXFileReference; lastKnownFileType = file.xib; path = MainView.xib; sourceTree = "<group>"; };
		280E754C0DD40C5E005A515E /* MainWindow.xib */ = {isa = PBXFileReference; lastKnownFileType = file.xib; path = MainWindow.xib; sourceTree = "<group>"; };
		288765580DF743DE002DB57D /* CoreGraphics.framework */ = {isa = PBXFileReference; lastKnownFileType = wrapper.framework; name = CoreGraphics.framework; path = System/Library/Frameworks/CoreGraphics.framework; sourceTree = SDKROOT; };
		289233A80DB2D0DB0083E9F9 /* MainViewController.h */ = {isa = PBXFileReference; fileEncoding = 4; lastKnownFileType = sourcecode.c.h; name = MainViewController.h; path = Classes/MainViewController.h; sourceTree = "<group>"; };
		289233A90DB2D0DB0083E9F9 /* MainViewController.m */ = {isa = PBXFileReference; fileEncoding = 4; lastKnownFileType = sourcecode.c.objc; name = MainViewController.m; path = Classes/MainViewController.m; sourceTree = "<group>"; };
		289233AC0DB2D0DB0083E9F9 /* FlipsideViewController.h */ = {isa = PBXFileReference; fileEncoding = 4; lastKnownFileType = sourcecode.c.h; name = FlipsideViewController.h; path = Classes/FlipsideViewController.h; sourceTree = "<group>"; };
		289233AD0DB2D0DB0083E9F9 /* FlipsideViewController.m */ = {isa = PBXFileReference; fileEncoding = 4; lastKnownFileType = sourcecode.c.objc; name = FlipsideViewController.m; path = Classes/FlipsideViewController.m; sourceTree = "<group>"; };
		29B97316FDCFA39411CA2CEA /* main.m */ = {isa = PBXFileReference; fileEncoding = 4; lastKnownFileType = sourcecode.c.objc; path = main.m; sourceTree = "<group>"; };
		32CA4F630368D1EE00C91783 /* LiveGather_Prefix.pch */ = {isa = PBXFileReference; fileEncoding = 4; lastKnownFileType = sourcecode.c.h; path = LiveGather_Prefix.pch; sourceTree = "<group>"; };
		8D1107310486CEB800E47090 /* LiveGather-Info.plist */ = {isa = PBXFileReference; fileEncoding = 4; lastKnownFileType = text.plist.xml; path = "LiveGather-Info.plist"; plistStructureDefinitionIdentifier = "com.apple.xcode.plist.structure-definition.iphone.info-plist"; sourceTree = "<group>"; };
/* End PBXFileReference section */

/* Begin PBXFrameworksBuildPhase section */
		1D60588F0D05DD3D006BFB54 /* Frameworks */ = {
			isa = PBXFrameworksBuildPhase;
			buildActionMask = 2147483647;
			files = (
				11DDD9931200BA8700451E21 /* libJRAuthenticate.a in Frameworks */,
				1D60589F0D05DD5A006BFB54 /* Foundation.framework in Frameworks */,
				1DF5F4E00D08C38300B7A737 /* UIKit.framework in Frameworks */,
				288765590DF743DE002DB57D /* CoreGraphics.framework in Frameworks */,
				11769AE0118384610036C548 /* CFNetwork.framework in Frameworks */,
				11769AF2118384C00036C548 /* Security.framework in Frameworks */,
				11769AF4118384C00036C548 /* SystemConfiguration.framework in Frameworks */,
				11769AFF118384E30036C548 /* MobileCoreServices.framework in Frameworks */,
				11769BD0118393510036C548 /* MapKit.framework in Frameworks */,
				1171C39A11EFC28100E69829 /* QuartzCore.framework in Frameworks */,
				1171C3CA11EFC30400E69829 /* libz.1.2.3.dylib in Frameworks */,
				1118553212093AF600017F31 /* CoreLocation.framework in Frameworks */,
				11C9213212178AC700DE73EF /* libsqlite3.0.dylib in Frameworks */,
			);
			runOnlyForDeploymentPostprocessing = 0;
		};
/* End PBXFrameworksBuildPhase section */

/* Begin PBXGroup section */
		080E96DDFE201D6D7F000001 /* Application Delegate */ = {
			isa = PBXGroup;
			children = (
				1D3623240D0F684500981E51 /* LiveGatherAppDelegate.h */,
				1D3623250D0F684500981E51 /* LiveGatherAppDelegate.m */,
			);
			name = "Application Delegate";
			path = Classes;
			sourceTree = "<group>";
		};
		1171C2FF11EFB8C800E69829 /* JSON */ = {
			isa = PBXGroup;
			children = (
				1171C30011EFB8C800E69829 /* iphoneos.sdk */,
				1171C30F11EFB8C800E69829 /* iphonesimulator.sdk */,
				1171C31E11EFB8C800E69829 /* macosx.sdk */,
			);
			path = JSON;
			sourceTree = "<group>";
		};
		1171C30011EFB8C800E69829 /* iphoneos.sdk */ = {
			isa = PBXGroup;
			children = (
				1171C30111EFB8C800E69829 /* SDKSettings.plist */,
				1171C30211EFB8C800E69829 /* usr */,
			);
			path = iphoneos.sdk;
			sourceTree = "<group>";
		};
		1171C30211EFB8C800E69829 /* usr */ = {
			isa = PBXGroup;
			children = (
				1171C30311EFB8C800E69829 /* local */,
			);
			path = usr;
			sourceTree = "<group>";
		};
		1171C30311EFB8C800E69829 /* local */ = {
			isa = PBXGroup;
			children = (
				1171C30411EFB8C800E69829 /* include */,
				1171C30D11EFB8C800E69829 /* lib */,
			);
			path = local;
			sourceTree = "<group>";
		};
		1171C30411EFB8C800E69829 /* include */ = {
			isa = PBXGroup;
			children = (
				1171C30511EFB8C800E69829 /* JSON */,
			);
			path = include;
			sourceTree = "<group>";
		};
		1171C30511EFB8C800E69829 /* JSON */ = {
			isa = PBXGroup;
			children = (
				1171C30611EFB8C800E69829 /* JSON.h */,
				1171C30711EFB8C800E69829 /* NSObject+SBJSON.h */,
				1171C30811EFB8C800E69829 /* NSString+SBJSON.h */,
				1171C30911EFB8C800E69829 /* SBJSON.h */,
				1171C30A11EFB8C800E69829 /* SBJsonBase.h */,
				1171C30B11EFB8C800E69829 /* SBJsonParser.h */,
				1171C30C11EFB8C800E69829 /* SBJsonWriter.h */,
			);
			path = JSON;
			sourceTree = "<group>";
		};
		1171C30D11EFB8C800E69829 /* lib */ = {
			isa = PBXGroup;
			children = (
			);
			path = lib;
			sourceTree = "<group>";
		};
		1171C30F11EFB8C800E69829 /* iphonesimulator.sdk */ = {
			isa = PBXGroup;
			children = (
				1171C31011EFB8C800E69829 /* SDKSettings.plist */,
				1171C31111EFB8C800E69829 /* usr */,
			);
			path = iphonesimulator.sdk;
			sourceTree = "<group>";
		};
		1171C31111EFB8C800E69829 /* usr */ = {
			isa = PBXGroup;
			children = (
				1171C31211EFB8C800E69829 /* local */,
			);
			path = usr;
			sourceTree = "<group>";
		};
		1171C31211EFB8C800E69829 /* local */ = {
			isa = PBXGroup;
			children = (
				1171C31311EFB8C800E69829 /* include */,
				1171C31C11EFB8C800E69829 /* lib */,
			);
			path = local;
			sourceTree = "<group>";
		};
		1171C31311EFB8C800E69829 /* include */ = {
			isa = PBXGroup;
			children = (
				1171C31411EFB8C800E69829 /* JSON */,
			);
			path = include;
			sourceTree = "<group>";
		};
		1171C31411EFB8C800E69829 /* JSON */ = {
			isa = PBXGroup;
			children = (
				1171C31511EFB8C800E69829 /* JSON.h */,
				1171C31611EFB8C800E69829 /* NSObject+SBJSON.h */,
				1171C31711EFB8C800E69829 /* NSString+SBJSON.h */,
				1171C31811EFB8C800E69829 /* SBJSON.h */,
				1171C31911EFB8C800E69829 /* SBJsonBase.h */,
				1171C31A11EFB8C800E69829 /* SBJsonParser.h */,
				1171C31B11EFB8C800E69829 /* SBJsonWriter.h */,
			);
			path = JSON;
			sourceTree = "<group>";
		};
		1171C31C11EFB8C800E69829 /* lib */ = {
			isa = PBXGroup;
			children = (
			);
			path = lib;
			sourceTree = "<group>";
		};
		1171C31E11EFB8C800E69829 /* macosx.sdk */ = {
			isa = PBXGroup;
			children = (
				1171C31F11EFB8C800E69829 /* usr */,
			);
			path = macosx.sdk;
			sourceTree = "<group>";
		};
		1171C31F11EFB8C800E69829 /* usr */ = {
			isa = PBXGroup;
			children = (
				1171C32011EFB8C800E69829 /* local */,
			);
			path = usr;
			sourceTree = "<group>";
		};
		1171C32011EFB8C800E69829 /* local */ = {
			isa = PBXGroup;
			children = (
				1171C32111EFB8C800E69829 /* include */,
				1171C32A11EFB8C800E69829 /* lib */,
			);
			path = local;
			sourceTree = "<group>";
		};
		1171C32111EFB8C800E69829 /* include */ = {
			isa = PBXGroup;
			children = (
				1171C32211EFB8C800E69829 /* JSON */,
			);
			path = include;
			sourceTree = "<group>";
		};
		1171C32211EFB8C800E69829 /* JSON */ = {
			isa = PBXGroup;
			children = (
				1171C32311EFB8C800E69829 /* JSON.h */,
				1171C32411EFB8C800E69829 /* NSObject+SBJSON.h */,
				1171C32511EFB8C800E69829 /* NSString+SBJSON.h */,
				1171C32611EFB8C800E69829 /* SBJSON.h */,
				1171C32711EFB8C800E69829 /* SBJsonBase.h */,
				1171C32811EFB8C800E69829 /* SBJsonParser.h */,
				1171C32911EFB8C800E69829 /* SBJsonWriter.h */,
			);
			path = JSON;
			sourceTree = "<group>";
		};
		1171C32A11EFB8C800E69829 /* lib */ = {
			isa = PBXGroup;
			children = (
			);
			path = lib;
			sourceTree = "<group>";
		};
		1176F44911FA0B2300CCA857 /* ASIHTTPRequest */ = {
			isa = PBXGroup;
			children = (
				1176F48211FA0C3000CCA857 /* ASIAuthenticationDialog.h */,
				1176F48311FA0C3000CCA857 /* ASIAuthenticationDialog.m */,
				1176F48411FA0C3000CCA857 /* ASICacheDelegate.h */,
				1176F48511FA0C3000CCA857 /* ASIDownloadCache.h */,
				1176F48611FA0C3000CCA857 /* ASIDownloadCache.m */,
				1176F48711FA0C3000CCA857 /* ASIFormDataRequest.h */,
				1176F48811FA0C3000CCA857 /* ASIFormDataRequest.m */,
				1176F48911FA0C3000CCA857 /* ASIHTTPRequest.h */,
				1176F48A11FA0C3000CCA857 /* ASIHTTPRequest.m */,
				1176F48B11FA0C3000CCA857 /* ASIHTTPRequestConfig.h */,
				1176F48C11FA0C3000CCA857 /* ASIHTTPRequestDelegate.h */,
				1176F48D11FA0C3000CCA857 /* ASIInputStream.h */,
				1176F48E11FA0C3000CCA857 /* ASIInputStream.m */,
				1176F48F11FA0C3100CCA857 /* ASINetworkQueue.h */,
				1176F49011FA0C3100CCA857 /* ASINetworkQueue.m */,
				1176F49111FA0C3100CCA857 /* ASIProgressDelegate.h */,
			);
			name = ASIHTTPRequest;
			sourceTree = "<group>";
		};
		1195978C11F26C35006BD793 /* iPad */ = {
			isa = PBXGroup;
			children = (
			);
			path = iPad;
			sourceTree = "<group>";
		};
		1195978D11F26C35006BD793 /* iPhone */ = {
			isa = PBXGroup;
			children = (
				115AB3CD1206973B002B4468 /* single_image_caption_bg.png */,
				115AB3CE1206973B002B4468 /* single_image_location_bg.png */,
				11BAD6EC11FD640700FE4DE4 /* upload_button_homescreen.png */,
				11BAD6ED11FD640700FE4DE4 /* mystream_button_homescreen.png */,
				11BAD6EE11FD640700FE4DE4 /* settings_button_homescreen.png */,
				11BAD6EF11FD640700FE4DE4 /* watching_homescreen_icon.png */,
				11BAD6F011FD640700FE4DE4 /* minus_follower_button.png */,
				11BAD6F111FD640700FE4DE4 /* plus_follower_button.png */,
				11BAD6F211FD640700FE4DE4 /* thick_bottom_bar.png */,
				11BAD6F311FD640700FE4DE4 /* bottom_bar_button.png */,
				11BAD6F411FD640700FE4DE4 /* bottom_bar_button_pressed.png */,
				11BAD6F511FD640700FE4DE4 /* followers_table_cell_bg.png */,
				1176F3A811F9449800CCA857 /* facebook_icon.png */,
				1176F3A911F9449800CCA857 /* twitter_icon.png */,
				1176F3A011F9407000CCA857 /* caption_box_background.png */,
				1176F3A111F9407000CCA857 /* tags_box_background.png */,
				1176F39611F93EB200CCA857 /* capture_photo_button.png */,
				1176F39711F93EB200CCA857 /* upload_photo_button.png */,
				1176F39811F93EB200CCA857 /* refresh_location_button.png */,
				119597B811F270AD006BD793 /* top_bar_logo.png */,
				119597A411F27004006BD793 /* back_button.png */,
				119597A511F27004006BD793 /* bottom_toolbar.png */,
				119597A611F27004006BD793 /* livestream_button.png */,
				119597A711F27004006BD793 /* plus_button.png */,
				119597A811F27004006BD793 /* refresh_button.png */,
				119597A911F27004006BD793 /* search_button.png */,
				119597AA11F27004006BD793 /* top_banner_bar.png */,
				119597AB11F27004006BD793 /* top_toolbar.png */,
			);
			path = iPhone;
			sourceTree = "<group>";
		};
		1195978E11F26C35006BD793 /* Retina Display */ = {
			isa = PBXGroup;
			children = (
				115AB3C912069733002B4468 /* single_image_caption_bg@2x.png */,
				115AB3CA12069733002B4468 /* single_image_location_bg@2x.png */,
				11BAD70011FD642200FE4DE4 /* upload_button_homescreen@2x.png */,
				11BAD70111FD642200FE4DE4 /* mystream_button_homescreen@2x.png */,
				11BAD70211FD642200FE4DE4 /* settings_button_homescreen@2x.png */,
				11BAD70311FD642200FE4DE4 /* watching_homescreen_icon@2x.png */,
				11BAD70411FD642200FE4DE4 /* minus_follower_button@2x.png */,
				11BAD70511FD642200FE4DE4 /* plus_follower_button@2x.png */,
				11BAD70611FD642200FE4DE4 /* thick_bottom_bar@2x.png */,
				11BAD70711FD642200FE4DE4 /* bottom_bar_button@2x.png */,
				11BAD70811FD642200FE4DE4 /* bottom_bar_button_pressed@2x.png */,
				11BAD70911FD642200FE4DE4 /* followers_table_cell_bg@2x.png */,
				1176F3A411F9446E00CCA857 /* facebook_icon@2x.png */,
				1176F3A511F9446E00CCA857 /* twitter_icon@2x.png */,
				1176F39C11F9406900CCA857 /* caption_box_background@2x.png */,
				1176F39D11F9406900CCA857 /* tags_box_background@2x.png */,
				1176F39011F93EA900CCA857 /* capture_photo_button@2x.png */,
				1176F39111F93EA900CCA857 /* upload_photo_button@2x.png */,
				1176F39211F93EA900CCA857 /* refresh_location_button@2x.png */,
				119597B611F270A5006BD793 /* top_bar_logo@2x.png */,
				1195978F11F26C35006BD793 /* back_button@2x.png */,
				1195979011F26C35006BD793 /* bottom_toolbar@2x.png */,
				1195979111F26C35006BD793 /* livestream_button@2x.png */,
				1195979211F26C35006BD793 /* plus_button@2x.png */,
				1195979311F26C35006BD793 /* refresh_button@2x.png */,
				1195979411F26C35006BD793 /* search_button@2x.png */,
				1195979511F26C35006BD793 /* top_banner_bar@2x.png */,
				1195979611F26C35006BD793 /* top_toolbar@2x.png */,
			);
			path = "Retina Display";
			sourceTree = "<group>";
		};
		11BCFFB211F6744B000FA3DD /* Icons */ = {
			isa = PBXGroup;
			children = (
				11BCFFB611F67509000FA3DD /* Icon-72.png */,
				11BCFFB711F67509000FA3DD /* Icon-Small-50.png */,
				11BCFFB811F67509000FA3DD /* Icon-Small.png */,
				11BCFFB911F67509000FA3DD /* Icon-Small@2x.png */,
				11BCFFBA11F67509000FA3DD /* Icon.png */,
				11BCFFBB11F67509000FA3DD /* Icon@2x.png */,
			);
			name = Icons;
			sourceTree = "<group>";
		};
		11D1FCE21175404D007B66EF /* Images */ = {
			isa = PBXGroup;
			children = (
				11BCFFB211F6744B000FA3DD /* Icons */,
				1195978C11F26C35006BD793 /* iPad */,
				1195978D11F26C35006BD793 /* iPhone */,
				1195978E11F26C35006BD793 /* Retina Display */,
				11769C3B11851B0C0036C548 /* gray.jpg */,
				11D1FD1411760E76007B66EF /* Default.png */,
				11B19FA61203FB7D006E4CDF /* Default@2x.png */,
				115AB40312069FB3002B4468 /* Image.png */,
			);
			path = Images;
			sourceTree = "<group>";
		};
		11D1FD0411754506007B66EF /* Classes */ = {
			isa = PBXGroup;
			children = (
				1171C2FF11EFB8C800E69829 /* JSON */,
				1176F44911FA0B2300CCA857 /* ASIHTTPRequest */,
				112A018311E52ADB001B988A /* LiveGatherAPI.h */,
				112A018411E52ADB001B988A /* LiveGatherAPI.m */,
				11B19E4B1203C658006E4CDF /* LGPhotoView.h */,
				11B19E4C1203C658006E4CDF /* LGPhotoView.m */,
				1176F4AA11FA0E6C00CCA857 /* LGPhoto.h */,
				1176F4AB11FA0E6C00CCA857 /* LGPhoto.m */,
				11BAD6D111FD5D1700FE4DE4 /* LGTag.h */,
				11BAD6D211FD5D1700FE4DE4 /* LGTag.m */,
				111854AD120934B900017F31 /* LGUser.h */,
				111854AE120934B900017F31 /* LGUser.m */,
				11BCFEBD11F3B017000FA3DD /* CollageItem.h */,
				11BCFEBE11F3B017000FA3DD /* CollageItem.m */,
				11D1FD0B11755BBF007B66EF /* ResourceManager.h */,
				11D1FD0C11755BBF007B66EF /* ResourceManager.m */,
				11769AE3118384810036C548 /* Reachability.h */,
				11769AE4118384810036C548 /* Reachability.m */,
				11DCE9761219163100158434 /* CLController.h */,
				11DCE9771219163100158434 /* CLController.m */,
				11769A67118382F30036C548 /* MBProgressHUD.h */,
				11769A68118382F30036C548 /* MBProgressHUD.m */,
				1191C10D117A8CB4003DF9B8 /* EGORefreshTableHeaderView.h */,
				1191C10E117A8CB4003DF9B8 /* EGORefreshTableHeaderView.m */,
			);
			name = Classes;
			sourceTree = "<group>";
		};
		11DDD98A1200BA3400451E21 /* Products */ = {
			isa = PBXGroup;
			children = (
				11DDD98E1200BA3400451E21 /* libJRAuthenticate.a */,
			);
			name = Products;
			sourceTree = "<group>";
		};
		19C28FACFE9D520D11CA2CBB /* Products */ = {
			isa = PBXGroup;
			children = (
				1D6058910D05DD3D006BFB54 /* LiveGather.app */,
			);
			name = Products;
			sourceTree = "<group>";
		};
		281C6CD70DB2D82200F60ACC /* Flipside View [DISREGARD] */ = {
			isa = PBXGroup;
			children = (
				289233AC0DB2D0DB0083E9F9 /* FlipsideViewController.h */,
				289233AD0DB2D0DB0083E9F9 /* FlipsideViewController.m */,
			);
			name = "Flipside View [DISREGARD]";
			sourceTree = "<group>";
		};
		289233A00DB2D0730083E9F9 /* View Controllers */ = {
			isa = PBXGroup;
			children = (
				289233A80DB2D0DB0083E9F9 /* MainViewController.h */,
				289233A90DB2D0DB0083E9F9 /* MainViewController.m */,
				1191BF97117A0A29003DF9B8 /* LiveStreamViewController.h */,
				1191BF98117A0A29003DF9B8 /* LiveStreamViewController.m */,
				11BAD7C111FE518100FE4DE4 /* FollowersViewController.h */,
				11BAD7C211FE518100FE4DE4 /* FollowersViewController.m */,
				115AB4AA1207E6FC002B4468 /* SinglePhotoViewController.h */,
				115AB4AB1207E6FC002B4468 /* SinglePhotoViewController.m */,
				1191BF3D11798459003DF9B8 /* UploadPhotoViewController.h */,
				1191BF3E11798459003DF9B8 /* UploadPhotoViewController.m */,
				1191BF8D117A0A0E003DF9B8 /* AccountLoginViewController.h */,
				1191BF8E117A0A0E003DF9B8 /* AccountLoginViewController.m */,
			);
			name = "View Controllers";
			sourceTree = "<group>";
		};
		29B97314FDCFA39411CA2CEA /* CustomTemplate */ = {
			isa = PBXGroup;
			children = (
				11DDD97E1200BA3000451E21 /* JRAuthenticate.xcodeproj */,
				080E96DDFE201D6D7F000001 /* Application Delegate */,
				289233A00DB2D0730083E9F9 /* View Controllers */,
				11D1FD0411754506007B66EF /* Classes */,
				29B97315FDCFA39411CA2CEA /* Other Sources */,
				11D1FCE21175404D007B66EF /* Images */,
				29B97317FDCFA39411CA2CEA /* Resources */,
				29B97323FDCFA39411CA2CEA /* Frameworks */,
				19C28FACFE9D520D11CA2CBB /* Products */,
			);
			name = CustomTemplate;
			sourceTree = "<group>";
		};
		29B97315FDCFA39411CA2CEA /* Other Sources */ = {
			isa = PBXGroup;
			children = (
				32CA4F630368D1EE00C91783 /* LiveGather_Prefix.pch */,
				29B97316FDCFA39411CA2CEA /* main.m */,
				281C6CD70DB2D82200F60ACC /* Flipside View [DISREGARD] */,
			);
			name = "Other Sources";
			sourceTree = "<group>";
		};
		29B97317FDCFA39411CA2CEA /* Resources */ = {
			isa = PBXGroup;
			children = (
				11DCECC5121CBD7C00158434 /* image_files_cache.sqlite */,
				11DCECC6121CBD7C00158434 /* json_cache.sqlite */,
				280E754B0DD40C5E005A515E /* MainView.xib */,
				11D1FD581179648C007B66EF /* LiveStreamView.xib */,
				11BAD7B111FE512000FE4DE4 /* FollowersView.xib */,
				115AB4A71207E3A2002B4468 /* SinglePhotoView.xib */,
				1191BEFC11797F93003DF9B8 /* UploadPhotoView.xib */,
				1191BEFB11797F93003DF9B8 /* AccountLoginView.xib */,
				280E754C0DD40C5E005A515E /* MainWindow.xib */,
				280E754A0DD40C5E005A515E /* FlipsideView.xib */,
				8D1107310486CEB800E47090 /* LiveGather-Info.plist */,
			);
			name = Resources;
			sourceTree = "<group>";
		};
		29B97323FDCFA39411CA2CEA /* Frameworks */ = {
			isa = PBXGroup;
			children = (
				1118553112093AF600017F31 /* CoreLocation.framework */,
				1171C3C911EFC30400E69829 /* libz.1.2.3.dylib */,
				1DF5F4DF0D08C38300B7A737 /* UIKit.framework */,
				1D30AB110D05D00D00671497 /* Foundation.framework */,
				288765580DF743DE002DB57D /* CoreGraphics.framework */,
				11769ADF118384610036C548 /* CFNetwork.framework */,
				11769AF1118384C00036C548 /* Security.framework */,
				11769AF3118384C00036C548 /* SystemConfiguration.framework */,
				11769AFE118384E30036C548 /* MobileCoreServices.framework */,
				11769BCF118393510036C548 /* MapKit.framework */,
				1171C39911EFC28100E69829 /* QuartzCore.framework */,
				11C9213112178AC700DE73EF /* libsqlite3.0.dylib */,
			);
			name = Frameworks;
			sourceTree = "<group>";
		};
/* End PBXGroup section */

/* Begin PBXNativeTarget section */
		1D6058900D05DD3D006BFB54 /* LiveGather */ = {
			isa = PBXNativeTarget;
			buildConfigurationList = 1D6058960D05DD3E006BFB54 /* Build configuration list for PBXNativeTarget "LiveGather" */;
			buildPhases = (
				1D60588D0D05DD3D006BFB54 /* Resources */,
				1D60588E0D05DD3D006BFB54 /* Sources */,
				1D60588F0D05DD3D006BFB54 /* Frameworks */,
			);
			buildRules = (
			);
			dependencies = (
				11DDD9901200BA3C00451E21 /* PBXTargetDependency */,
			);
			name = LiveGather;
			productName = LiveGather;
			productReference = 1D6058910D05DD3D006BFB54 /* LiveGather.app */;
			productType = "com.apple.product-type.application";
		};
/* End PBXNativeTarget section */

/* Begin PBXProject section */
		29B97313FDCFA39411CA2CEA /* Project object */ = {
			isa = PBXProject;
			attributes = {
				BuildIndependentTargetsInParallel = NO;
				ORGANIZATIONNAME = LiveGather;
			};
			buildConfigurationList = C01FCF4E08A954540054247B /* Build configuration list for PBXProject "LiveGather" */;
			compatibilityVersion = "Xcode 3.2";
			developmentRegion = English;
			hasScannedForEncodings = 1;
			knownRegions = (
				English,
				Japanese,
				French,
				German,
				en,
			);
			mainGroup = 29B97314FDCFA39411CA2CEA /* CustomTemplate */;
			projectDirPath = "";
			projectReferences = (
				{
					ProductGroup = 11DDD98A1200BA3400451E21 /* Products */;
					ProjectRef = 11DDD97E1200BA3000451E21 /* JRAuthenticate.xcodeproj */;
				},
			);
			projectRoot = "";
			targets = (
				1D6058900D05DD3D006BFB54 /* LiveGather */,
			);
		};
/* End PBXProject section */

/* Begin PBXReferenceProxy section */
		11DDD98E1200BA3400451E21 /* libJRAuthenticate.a */ = {
			isa = PBXReferenceProxy;
			fileType = archive.ar;
			path = libJRAuthenticate.a;
			remoteRef = 11DDD98D1200BA3400451E21 /* PBXContainerItemProxy */;
			sourceTree = BUILT_PRODUCTS_DIR;
		};
/* End PBXReferenceProxy section */

/* Begin PBXResourcesBuildPhase section */
		1D60588D0D05DD3D006BFB54 /* Resources */ = {
			isa = PBXResourcesBuildPhase;
			buildActionMask = 2147483647;
			files = (
				280E754D0DD40C5E005A515E /* FlipsideView.xib in Resources */,
				280E754E0DD40C5E005A515E /* MainView.xib in Resources */,
				280E754F0DD40C5E005A515E /* MainWindow.xib in Resources */,
				11D1FD1511760E76007B66EF /* Default.png in Resources */,
				11D1FD591179648C007B66EF /* LiveStreamView.xib in Resources */,
				1191BEFD11797F94003DF9B8 /* AccountLoginView.xib in Resources */,
				1191BEFE11797F94003DF9B8 /* UploadPhotoView.xib in Resources */,
				11769C3C11851B0C0036C548 /* gray.jpg in Resources */,
				1171C32C11EFB8C800E69829 /* SDKSettings.plist in Resources */,
				1171C32E11EFB8C800E69829 /* SDKSettings.plist in Resources */,
				1195979711F26C35006BD793 /* back_button@2x.png in Resources */,
				1195979811F26C35006BD793 /* bottom_toolbar@2x.png in Resources */,
				1195979911F26C35006BD793 /* livestream_button@2x.png in Resources */,
				1195979A11F26C35006BD793 /* plus_button@2x.png in Resources */,
				1195979B11F26C35006BD793 /* refresh_button@2x.png in Resources */,
				1195979C11F26C35006BD793 /* search_button@2x.png in Resources */,
				1195979D11F26C35006BD793 /* top_banner_bar@2x.png in Resources */,
				1195979E11F26C35006BD793 /* top_toolbar@2x.png in Resources */,
				119597AC11F27004006BD793 /* back_button.png in Resources */,
				119597AD11F27004006BD793 /* bottom_toolbar.png in Resources */,
				119597AE11F27004006BD793 /* livestream_button.png in Resources */,
				119597AF11F27004006BD793 /* plus_button.png in Resources */,
				119597B011F27004006BD793 /* refresh_button.png in Resources */,
				119597B111F27004006BD793 /* search_button.png in Resources */,
				119597B211F27004006BD793 /* top_banner_bar.png in Resources */,
				119597B311F27004006BD793 /* top_toolbar.png in Resources */,
				119597B711F270A5006BD793 /* top_bar_logo@2x.png in Resources */,
				119597B911F270AD006BD793 /* top_bar_logo.png in Resources */,
				11BCFFBC11F67509000FA3DD /* Icon-72.png in Resources */,
				11BCFFBD11F67509000FA3DD /* Icon-Small-50.png in Resources */,
				11BCFFBE11F67509000FA3DD /* Icon-Small.png in Resources */,
				11BCFFBF11F67509000FA3DD /* Icon-Small@2x.png in Resources */,
				11BCFFC011F67509000FA3DD /* Icon.png in Resources */,
				11BCFFC111F67509000FA3DD /* Icon@2x.png in Resources */,
				1176F39311F93EA900CCA857 /* capture_photo_button@2x.png in Resources */,
				1176F39411F93EA900CCA857 /* upload_photo_button@2x.png in Resources */,
				1176F39511F93EA900CCA857 /* refresh_location_button@2x.png in Resources */,
				1176F39911F93EB200CCA857 /* capture_photo_button.png in Resources */,
				1176F39A11F93EB200CCA857 /* upload_photo_button.png in Resources */,
				1176F39B11F93EB200CCA857 /* refresh_location_button.png in Resources */,
				1176F39E11F9406900CCA857 /* caption_box_background@2x.png in Resources */,
				1176F39F11F9406900CCA857 /* tags_box_background@2x.png in Resources */,
				1176F3A211F9407000CCA857 /* caption_box_background.png in Resources */,
				1176F3A311F9407000CCA857 /* tags_box_background.png in Resources */,
				1176F3A611F9446E00CCA857 /* facebook_icon@2x.png in Resources */,
				1176F3A711F9446E00CCA857 /* twitter_icon@2x.png in Resources */,
				1176F3AA11F9449800CCA857 /* facebook_icon.png in Resources */,
				1176F3AB11F9449800CCA857 /* twitter_icon.png in Resources */,
				11BAD6F611FD640700FE4DE4 /* upload_button_homescreen.png in Resources */,
				11BAD6F711FD640700FE4DE4 /* mystream_button_homescreen.png in Resources */,
				11BAD6F811FD640700FE4DE4 /* settings_button_homescreen.png in Resources */,
				11BAD6F911FD640700FE4DE4 /* watching_homescreen_icon.png in Resources */,
				11BAD6FA11FD640700FE4DE4 /* minus_follower_button.png in Resources */,
				11BAD6FB11FD640700FE4DE4 /* plus_follower_button.png in Resources */,
				11BAD6FC11FD640700FE4DE4 /* thick_bottom_bar.png in Resources */,
				11BAD6FD11FD640700FE4DE4 /* bottom_bar_button.png in Resources */,
				11BAD6FE11FD640700FE4DE4 /* bottom_bar_button_pressed.png in Resources */,
				11BAD6FF11FD640700FE4DE4 /* followers_table_cell_bg.png in Resources */,
				11BAD70A11FD642200FE4DE4 /* upload_button_homescreen@2x.png in Resources */,
				11BAD70B11FD642200FE4DE4 /* mystream_button_homescreen@2x.png in Resources */,
				11BAD70C11FD642200FE4DE4 /* settings_button_homescreen@2x.png in Resources */,
				11BAD70D11FD642200FE4DE4 /* watching_homescreen_icon@2x.png in Resources */,
				11BAD70E11FD642200FE4DE4 /* minus_follower_button@2x.png in Resources */,
				11BAD70F11FD642200FE4DE4 /* plus_follower_button@2x.png in Resources */,
				11BAD71011FD642200FE4DE4 /* thick_bottom_bar@2x.png in Resources */,
				11BAD71111FD642200FE4DE4 /* bottom_bar_button@2x.png in Resources */,
				11BAD71211FD642200FE4DE4 /* bottom_bar_button_pressed@2x.png in Resources */,
				11BAD71311FD642200FE4DE4 /* followers_table_cell_bg@2x.png in Resources */,
				11BAD7B211FE512000FE4DE4 /* FollowersView.xib in Resources */,
				11B19FA71203FB7D006E4CDF /* Default@2x.png in Resources */,
				115AB3CB12069733002B4468 /* single_image_caption_bg@2x.png in Resources */,
				115AB3CC12069733002B4468 /* single_image_location_bg@2x.png in Resources */,
				115AB3CF1206973B002B4468 /* single_image_caption_bg.png in Resources */,
				115AB3D01206973B002B4468 /* single_image_location_bg.png in Resources */,
				115AB40412069FB3002B4468 /* Image.png in Resources */,
				115AB4A81207E3A2002B4468 /* SinglePhotoView.xib in Resources */,
				11DCECC7121CBD7C00158434 /* image_files_cache.sqlite in Resources */,
				11DCECC8121CBD7C00158434 /* json_cache.sqlite in Resources */,
			);
			runOnlyForDeploymentPostprocessing = 0;
		};
/* End PBXResourcesBuildPhase section */

/* Begin PBXSourcesBuildPhase section */
		1D60588E0D05DD3D006BFB54 /* Sources */ = {
			isa = PBXSourcesBuildPhase;
			buildActionMask = 2147483647;
			files = (
				1D60589B0D05DD56006BFB54 /* main.m in Sources */,
				1D3623260D0F684500981E51 /* LiveGatherAppDelegate.m in Sources */,
				289233AE0DB2D0DB0083E9F9 /* MainViewController.m in Sources */,
				289233B00DB2D0DB0083E9F9 /* FlipsideViewController.m in Sources */,
				11D1FD0D11755BBF007B66EF /* ResourceManager.m in Sources */,
				1191BF3F11798459003DF9B8 /* UploadPhotoViewController.m in Sources */,
				1191BF8F117A0A0E003DF9B8 /* AccountLoginViewController.m in Sources */,
				1191BF99117A0A29003DF9B8 /* LiveStreamViewController.m in Sources */,
				1191C10F117A8CB4003DF9B8 /* EGORefreshTableHeaderView.m in Sources */,
				11769A69118382F30036C548 /* MBProgressHUD.m in Sources */,
				1176F49211FA0C3100CCA857 /* ASIAuthenticationDialog.m in Sources */,
				11769AE5118384810036C548 /* Reachability.m in Sources */,
				112A018511E52ADB001B988A /* LiveGatherAPI.m in Sources */,
				11BCFEBF11F3B017000FA3DD /* CollageItem.m in Sources */,
				1176F49311FA0C3100CCA857 /* ASIDownloadCache.m in Sources */,
				1176F49411FA0C3100CCA857 /* ASIFormDataRequest.m in Sources */,
				1176F49511FA0C3100CCA857 /* ASIHTTPRequest.m in Sources */,
				1176F49611FA0C3100CCA857 /* ASIInputStream.m in Sources */,
				1176F49711FA0C3100CCA857 /* ASINetworkQueue.m in Sources */,
				1176F4AC11FA0E6C00CCA857 /* LGPhoto.m in Sources */,
				11BAD6D311FD5D1700FE4DE4 /* LGTag.m in Sources */,
				11BAD7C311FE518100FE4DE4 /* FollowersViewController.m in Sources */,
				11B19E4D1203C658006E4CDF /* LGPhotoView.m in Sources */,
				115AB4AC1207E6FC002B4468 /* SinglePhotoViewController.m in Sources */,
				111854AF120934B900017F31 /* LGUser.m in Sources */,
				11DCE9781219163100158434 /* CLController.m in Sources */,
			);
			runOnlyForDeploymentPostprocessing = 0;
		};
/* End PBXSourcesBuildPhase section */

/* Begin PBXTargetDependency section */
		11DDD9901200BA3C00451E21 /* PBXTargetDependency */ = {
			isa = PBXTargetDependency;
			name = JRAuthenticate;
			targetProxy = 11DDD98F1200BA3C00451E21 /* PBXContainerItemProxy */;
		};
/* End PBXTargetDependency section */

/* Begin XCBuildConfiguration section */
		1D6058940D05DD3E006BFB54 /* Debug */ = {
			isa = XCBuildConfiguration;
			buildSettings = {
				ADDITIONAL_SDKS = "";
				ALWAYS_SEARCH_USER_PATHS = NO;
				CODE_SIGN_IDENTITY = "iPhone Developer: Skarlete Nabavi-Noori (46AS96JUN4)";
				"CODE_SIGN_IDENTITY[sdk=iphoneos*]" = "iPhone Developer: Skarlete Nabavi-Noori (6MW28G95HD)";
				COPY_PHASE_STRIP = NO;
				FRAMEWORK_SEARCH_PATHS = (
					"$(inherited)",
					"\"$(SRCROOT)\"",
					/Volumes/JSON_2.2.3,
				);
				GCC_DYNAMIC_NO_PIC = NO;
				GCC_OPTIMIZATION_LEVEL = 0;
				GCC_PRECOMPILE_PREFIX_HEADER = YES;
				GCC_PREFIX_HEADER = LiveGather_Prefix.pch;
				HEADER_SEARCH_PATHS = "/usr/include/libxml2/**";
				INFOPLIST_FILE = "LiveGather-Info.plist";
				IPHONEOS_DEPLOYMENT_TARGET = "";
				LIBRARY_SEARCH_PATHS = (
					"$(inherited)",
					"\"$(SRCROOT)/JSON/iphoneos.sdk/usr/local/lib\"",
					"\"$(SRCROOT)/JSON/iphonesimulator.sdk/usr/local/lib\"",
					"\"$(SRCROOT)/JSON/macosx.sdk/usr/local/lib\"",
					"\"$(SRCROOT)/../../../authenticate.iphone/JRAuthenticate/build/Debug-iphonesimulator\"",
				);
				OTHER_LDFLAGS = (
					"-all_load",
					"-ObjC",
				);
				PRODUCT_NAME = LiveGather;
				SDKROOT = iphonesimulator4.0;
				USER_HEADER_SEARCH_PATHS = "$(RPX)/**";
				VALID_ARCHS = "i386 ppc ppc64 ppc7400 ppc970 x86_64";
			};
			name = Debug;
		};
		1D6058950D05DD3E006BFB54 /* Release */ = {
			isa = XCBuildConfiguration;
			buildSettings = {
				ADDITIONAL_SDKS = "";
				ALWAYS_SEARCH_USER_PATHS = NO;
				"CODE_SIGN_IDENTITY[sdk=iphoneos*]" = "iPhone Developer: Skarlete Nabavi-Noori (6MW28G95HD)";
				COPY_PHASE_STRIP = YES;
				FRAMEWORK_SEARCH_PATHS = (
					"$(inherited)",
					"\"$(SRCROOT)\"",
					"~/Library/SDKs/JSON",
				);
				GCC_PRECOMPILE_PREFIX_HEADER = YES;
				GCC_PREFIX_HEADER = LiveGather_Prefix.pch;
				HEADER_SEARCH_PATHS = "/usr/include/libxml2/**";
				INFOPLIST_FILE = "LiveGather-Info.plist";
				LIBRARY_SEARCH_PATHS = (
					"$(inherited)",
					"\"$(SRCROOT)/JSON/iphoneos.sdk/usr/local/lib\"",
					"\"$(SRCROOT)/JSON/iphonesimulator.sdk/usr/local/lib\"",
					"\"$(SRCROOT)/JSON/macosx.sdk/usr/local/lib\"",
					"\"$(SRCROOT)/../../../authenticate.iphone/JRAuthenticate/build/Debug-iphonesimulator\"",
				);
				OTHER_LDFLAGS = (
					"-all_load",
					"-ObjC",
				);
				PRODUCT_NAME = LiveGather;
				SDKROOT = iphonesimulator4.0;
				USER_HEADER_SEARCH_PATHS = "$(RPX)/**";
				VALIDATE_PRODUCT = YES;
			};
			name = Release;
		};
		C01FCF4F08A954540054247B /* Debug */ = {
			isa = XCBuildConfiguration;
			buildSettings = {
				ADDITIONAL_SDKS = "";
				ARCHS = "$(ARCHS_STANDARD_32_BIT)";
				CODE_SIGN_IDENTITY = "Don't Code Sign";
				"CODE_SIGN_IDENTITY[sdk=iphoneos*]" = "iPhone Developer: Skarlete Nabavi-Noori (6MW28G95HD)";
				GCC_C_LANGUAGE_STANDARD = c99;
				GCC_WARN_ABOUT_RETURN_TYPE = YES;
				GCC_WARN_UNUSED_VARIABLE = YES;
				OTHER_LDFLAGS = (
					"-all_load",
					"-ObjC",
				);
				PREBINDING = NO;
				SDKROOT = iphoneos4.0;
				VALID_ARCHS = "i386 ppc ppc64 ppc7400 ppc970 x86_64";
			};
			name = Debug;
		};
		C01FCF5008A954540054247B /* Release */ = {
			isa = XCBuildConfiguration;
			buildSettings = {
				ARCHS = "$(ARCHS_STANDARD_32_BIT)";
				CODE_SIGN_IDENTITY = "Don't Code Sign";
				"CODE_SIGN_IDENTITY[sdk=iphoneos*]" = "iPhone Developer: Skarlete Nabavi-Noori (6MW28G95HD)";
				GCC_C_LANGUAGE_STANDARD = c99;
				GCC_WARN_ABOUT_RETURN_TYPE = YES;
				GCC_WARN_UNUSED_VARIABLE = YES;
				OTHER_CFLAGS = "-DNS_BLOCK_ASSERTIONS=1";
				OTHER_LDFLAGS = (
					"-ObjC",
					"-all_load",
				);
				PREBINDING = NO;
				SDKROOT = iphoneos3.1.3;
			};
			name = Release;
		};
/* End XCBuildConfiguration section */

/* Begin XCConfigurationList section */
		1D6058960D05DD3E006BFB54 /* Build configuration list for PBXNativeTarget "LiveGather" */ = {
			isa = XCConfigurationList;
			buildConfigurations = (
				1D6058940D05DD3E006BFB54 /* Debug */,
				1D6058950D05DD3E006BFB54 /* Release */,
			);
			defaultConfigurationIsVisible = 0;
			defaultConfigurationName = Release;
		};
		C01FCF4E08A954540054247B /* Build configuration list for PBXProject "LiveGather" */ = {
			isa = XCConfigurationList;
			buildConfigurations = (
				C01FCF4F08A954540054247B /* Debug */,
				C01FCF5008A954540054247B /* Release */,
			);
			defaultConfigurationIsVisible = 0;
			defaultConfigurationName = Release;
		};
/* End XCConfigurationList section */
	};
	rootObject = 29B97313FDCFA39411CA2CEA /* Project object */;
}
