// !$*UTF8*$!
{
	archiveVersion = 1;
	classes = {
	};
	objectVersion = 46;
	objects = {

/* Begin PBXBuildFile section */
		112A018511E52ADB001B988A /* LiveGatherAPI.m in Sources */ = {isa = PBXBuildFile; fileRef = 112A018411E52ADB001B988A /* LiveGatherAPI.m */; };
		1171C32C11EFB8C800E69829 /* SDKSettings.plist in Resources */ = {isa = PBXBuildFile; fileRef = 1171C30111EFB8C800E69829 /* SDKSettings.plist */; };
		1171C32D11EFB8C800E69829 /* libjson.a in Frameworks */ = {isa = PBXBuildFile; fileRef = 1171C30E11EFB8C800E69829 /* libjson.a */; };
		1171C32E11EFB8C800E69829 /* SDKSettings.plist in Resources */ = {isa = PBXBuildFile; fileRef = 1171C31011EFB8C800E69829 /* SDKSettings.plist */; };
		1171C32F11EFB8C800E69829 /* libjson.a in Frameworks */ = {isa = PBXBuildFile; fileRef = 1171C31D11EFB8C800E69829 /* libjson.a */; };
		1171C33011EFB8C800E69829 /* libjson.a in Frameworks */ = {isa = PBXBuildFile; fileRef = 1171C32B11EFB8C800E69829 /* libjson.a */; };
		1171C39A11EFC28100E69829 /* QuartzCore.framework in Frameworks */ = {isa = PBXBuildFile; fileRef = 1171C39911EFC28100E69829 /* QuartzCore.framework */; };
		1171C3B811EFC2DB00E69829 /* ASIAuthenticationDialog.m in Sources */ = {isa = PBXBuildFile; fileRef = 1171C3AA11EFC2DB00E69829 /* ASIAuthenticationDialog.m */; };
		1171C3B911EFC2DB00E69829 /* ASIFormDataRequest.m in Sources */ = {isa = PBXBuildFile; fileRef = 1171C3AC11EFC2DB00E69829 /* ASIFormDataRequest.m */; };
		1171C3BA11EFC2DB00E69829 /* ASIHTTPRequest.m in Sources */ = {isa = PBXBuildFile; fileRef = 1171C3AE11EFC2DB00E69829 /* ASIHTTPRequest.m */; };
		1171C3BB11EFC2DB00E69829 /* ASIInputStream.m in Sources */ = {isa = PBXBuildFile; fileRef = 1171C3B211EFC2DB00E69829 /* ASIInputStream.m */; };
		1171C3BC11EFC2DB00E69829 /* ASINetworkQueue.m in Sources */ = {isa = PBXBuildFile; fileRef = 1171C3B411EFC2DB00E69829 /* ASINetworkQueue.m */; };
		1171C3BD11EFC2DB00E69829 /* ASINSStringAdditions.m in Sources */ = {isa = PBXBuildFile; fileRef = 1171C3B611EFC2DB00E69829 /* ASINSStringAdditions.m */; };
		1171C3CA11EFC30400E69829 /* libz.1.2.3.dylib in Frameworks */ = {isa = PBXBuildFile; fileRef = 1171C3C911EFC30400E69829 /* libz.1.2.3.dylib */; };
		1171C42511EFC3BA00E69829 /* ASICloudFilesCDNRequest.m in Sources */ = {isa = PBXBuildFile; fileRef = 1171C40B11EFC3BA00E69829 /* ASICloudFilesCDNRequest.m */; };
		1171C42611EFC3BA00E69829 /* ASICloudFilesContainer.m in Sources */ = {isa = PBXBuildFile; fileRef = 1171C40D11EFC3BA00E69829 /* ASICloudFilesContainer.m */; };
		1171C42711EFC3BA00E69829 /* ASICloudFilesContainerRequest.m in Sources */ = {isa = PBXBuildFile; fileRef = 1171C40F11EFC3BA00E69829 /* ASICloudFilesContainerRequest.m */; };
		1171C42811EFC3BA00E69829 /* ASICloudFilesContainerXMLParserDelegate.m in Sources */ = {isa = PBXBuildFile; fileRef = 1171C41111EFC3BA00E69829 /* ASICloudFilesContainerXMLParserDelegate.m */; };
		1171C42911EFC3BA00E69829 /* ASICloudFilesObject.m in Sources */ = {isa = PBXBuildFile; fileRef = 1171C41311EFC3BA00E69829 /* ASICloudFilesObject.m */; };
		1171C42A11EFC3BA00E69829 /* ASICloudFilesObjectRequest.m in Sources */ = {isa = PBXBuildFile; fileRef = 1171C41511EFC3BA00E69829 /* ASICloudFilesObjectRequest.m */; };
		1171C42B11EFC3BA00E69829 /* ASICloudFilesRequest.m in Sources */ = {isa = PBXBuildFile; fileRef = 1171C41711EFC3BA00E69829 /* ASICloudFilesRequest.m */; };
		1171C42C11EFC3BA00E69829 /* ASIS3Bucket.m in Sources */ = {isa = PBXBuildFile; fileRef = 1171C41A11EFC3BA00E69829 /* ASIS3Bucket.m */; };
		1171C42D11EFC3BA00E69829 /* ASIS3BucketObject.m in Sources */ = {isa = PBXBuildFile; fileRef = 1171C41C11EFC3BA00E69829 /* ASIS3BucketObject.m */; };
		1171C42E11EFC3BA00E69829 /* ASIS3BucketRequest.m in Sources */ = {isa = PBXBuildFile; fileRef = 1171C41E11EFC3BA00E69829 /* ASIS3BucketRequest.m */; };
		1171C42F11EFC3BA00E69829 /* ASIS3ObjectRequest.m in Sources */ = {isa = PBXBuildFile; fileRef = 1171C42011EFC3BA00E69829 /* ASIS3ObjectRequest.m */; };
		1171C43011EFC3BA00E69829 /* ASIS3Request.m in Sources */ = {isa = PBXBuildFile; fileRef = 1171C42211EFC3BA00E69829 /* ASIS3Request.m */; };
		1171C43111EFC3BA00E69829 /* ASIS3ServiceRequest.m in Sources */ = {isa = PBXBuildFile; fileRef = 1171C42411EFC3BA00E69829 /* ASIS3ServiceRequest.m */; };
		11769A69118382F30036C548 /* MBProgressHUD.m in Sources */ = {isa = PBXBuildFile; fileRef = 11769A68118382F30036C548 /* MBProgressHUD.m */; };
		11769AE0118384610036C548 /* CFNetwork.framework in Frameworks */ = {isa = PBXBuildFile; fileRef = 11769ADF118384610036C548 /* CFNetwork.framework */; };
		11769AE5118384810036C548 /* Reachability.m in Sources */ = {isa = PBXBuildFile; fileRef = 11769AE4118384810036C548 /* Reachability.m */; };
		11769AF2118384C00036C548 /* Security.framework in Frameworks */ = {isa = PBXBuildFile; fileRef = 11769AF1118384C00036C548 /* Security.framework */; };
		11769AF4118384C00036C548 /* SystemConfiguration.framework in Frameworks */ = {isa = PBXBuildFile; fileRef = 11769AF3118384C00036C548 /* SystemConfiguration.framework */; };
		11769AFF118384E30036C548 /* MobileCoreServices.framework in Frameworks */ = {isa = PBXBuildFile; fileRef = 11769AFE118384E30036C548 /* MobileCoreServices.framework */; };
		11769BD0118393510036C548 /* MapKit.framework in Frameworks */ = {isa = PBXBuildFile; fileRef = 11769BCF118393510036C548 /* MapKit.framework */; };
		11769C3C11851B0C0036C548 /* gray.jpg in Resources */ = {isa = PBXBuildFile; fileRef = 11769C3B11851B0C0036C548 /* gray.jpg */; };
		1191BEFD11797F94003DF9B8 /* AccountLoginView.xib in Resources */ = {isa = PBXBuildFile; fileRef = 1191BEFB11797F93003DF9B8 /* AccountLoginView.xib */; };
		1191BEFE11797F94003DF9B8 /* UploadPhotoView.xib in Resources */ = {isa = PBXBuildFile; fileRef = 1191BEFC11797F93003DF9B8 /* UploadPhotoView.xib */; };
		1191BF3F11798459003DF9B8 /* UploadPhotoViewController.m in Sources */ = {isa = PBXBuildFile; fileRef = 1191BF3E11798459003DF9B8 /* UploadPhotoViewController.m */; };
		1191BF431179875E003DF9B8 /* cancel_button.png in Resources */ = {isa = PBXBuildFile; fileRef = 1191BF411179875E003DF9B8 /* cancel_button.png */; };
		1191BF441179875E003DF9B8 /* upload_button_icon.png in Resources */ = {isa = PBXBuildFile; fileRef = 1191BF421179875E003DF9B8 /* upload_button_icon.png */; };
		1191BF4611798845003DF9B8 /* captions_box.png in Resources */ = {isa = PBXBuildFile; fileRef = 1191BF4511798845003DF9B8 /* captions_box.png */; };
		1191BF48117989C5003DF9B8 /* dropdown_box.png in Resources */ = {isa = PBXBuildFile; fileRef = 1191BF47117989C5003DF9B8 /* dropdown_box.png */; };
		1191BF7211799C6E003DF9B8 /* bar.png in Resources */ = {isa = PBXBuildFile; fileRef = 1191BF7111799C6E003DF9B8 /* bar.png */; };
		1191BF8F117A0A0E003DF9B8 /* AccountLoginViewController.m in Sources */ = {isa = PBXBuildFile; fileRef = 1191BF8E117A0A0E003DF9B8 /* AccountLoginViewController.m */; };
		1191BF99117A0A29003DF9B8 /* LiveStreamViewController.m in Sources */ = {isa = PBXBuildFile; fileRef = 1191BF98117A0A29003DF9B8 /* LiveStreamViewController.m */; };
		1191BF9D117A0CA2003DF9B8 /* textbox_background.png in Resources */ = {isa = PBXBuildFile; fileRef = 1191BF9C117A0CA2003DF9B8 /* textbox_background.png */; };
		1191C10F117A8CB4003DF9B8 /* EGORefreshTableHeaderView.m in Sources */ = {isa = PBXBuildFile; fileRef = 1191C10E117A8CB4003DF9B8 /* EGORefreshTableHeaderView.m */; };
		1191C145117A8F26003DF9B8 /* blackArrow.png in Resources */ = {isa = PBXBuildFile; fileRef = 1191C142117A8F26003DF9B8 /* blackArrow.png */; };
		1191C146117A8F26003DF9B8 /* blueArrow.png in Resources */ = {isa = PBXBuildFile; fileRef = 1191C143117A8F26003DF9B8 /* blueArrow.png */; };
		1191C147117A8F26003DF9B8 /* whiteArrow.png in Resources */ = {isa = PBXBuildFile; fileRef = 1191C144117A8F26003DF9B8 /* whiteArrow.png */; };
		1195979711F26C35006BD793 /* back_button@2x.png in Resources */ = {isa = PBXBuildFile; fileRef = 1195978F11F26C35006BD793 /* back_button@2x.png */; };
		1195979811F26C35006BD793 /* bottom_toolbar@2x.png in Resources */ = {isa = PBXBuildFile; fileRef = 1195979011F26C35006BD793 /* bottom_toolbar@2x.png */; };
		1195979911F26C35006BD793 /* livestream_button@2x.png in Resources */ = {isa = PBXBuildFile; fileRef = 1195979111F26C35006BD793 /* livestream_button@2x.png */; };
		1195979A11F26C35006BD793 /* plus_button@2x.png in Resources */ = {isa = PBXBuildFile; fileRef = 1195979211F26C35006BD793 /* plus_button@2x.png */; };
		1195979B11F26C35006BD793 /* refresh_button@2x.png in Resources */ = {isa = PBXBuildFile; fileRef = 1195979311F26C35006BD793 /* refresh_button@2x.png */; };
		1195979C11F26C35006BD793 /* search_button@2x.png in Resources */ = {isa = PBXBuildFile; fileRef = 1195979411F26C35006BD793 /* search_button@2x.png */; };
		1195979D11F26C35006BD793 /* top_banner_bar@2x.png in Resources */ = {isa = PBXBuildFile; fileRef = 1195979511F26C35006BD793 /* top_banner_bar@2x.png */; };
		1195979E11F26C35006BD793 /* top_toolbar@2x.png in Resources */ = {isa = PBXBuildFile; fileRef = 1195979611F26C35006BD793 /* top_toolbar@2x.png */; };
		119597AC11F27004006BD793 /* back_button.png in Resources */ = {isa = PBXBuildFile; fileRef = 119597A411F27004006BD793 /* back_button.png */; };
		119597AD11F27004006BD793 /* bottom_toolbar.png in Resources */ = {isa = PBXBuildFile; fileRef = 119597A511F27004006BD793 /* bottom_toolbar.png */; };
		119597AE11F27004006BD793 /* livestream_button.png in Resources */ = {isa = PBXBuildFile; fileRef = 119597A611F27004006BD793 /* livestream_button.png */; };
		119597AF11F27004006BD793 /* plus_button.png in Resources */ = {isa = PBXBuildFile; fileRef = 119597A711F27004006BD793 /* plus_button.png */; };
		119597B011F27004006BD793 /* refresh_button.png in Resources */ = {isa = PBXBuildFile; fileRef = 119597A811F27004006BD793 /* refresh_button.png */; };
		119597B111F27004006BD793 /* search_button.png in Resources */ = {isa = PBXBuildFile; fileRef = 119597A911F27004006BD793 /* search_button.png */; };
		119597B211F27004006BD793 /* top_banner_bar.png in Resources */ = {isa = PBXBuildFile; fileRef = 119597AA11F27004006BD793 /* top_banner_bar.png */; };
		119597B311F27004006BD793 /* top_toolbar.png in Resources */ = {isa = PBXBuildFile; fileRef = 119597AB11F27004006BD793 /* top_toolbar.png */; };
		119597B711F270A5006BD793 /* top_bar_logo@2x.png in Resources */ = {isa = PBXBuildFile; fileRef = 119597B611F270A5006BD793 /* top_bar_logo@2x.png */; };
		119597B911F270AD006BD793 /* top_bar_logo.png in Resources */ = {isa = PBXBuildFile; fileRef = 119597B811F270AD006BD793 /* top_bar_logo.png */; };
		11BC004E11F7E6B4000FA3DD /* libJRAuthenticate.a in Frameworks */ = {isa = PBXBuildFile; fileRef = 11BC003D11F7E312000FA3DD /* libJRAuthenticate.a */; };
		11BCFE6311F3A8E5000FA3DD /* CollageView.m in Sources */ = {isa = PBXBuildFile; fileRef = 11BCFE6211F3A8E5000FA3DD /* CollageView.m */; };
		11BCFEBF11F3B017000FA3DD /* CollageItem.m in Sources */ = {isa = PBXBuildFile; fileRef = 11BCFEBE11F3B017000FA3DD /* CollageItem.m */; };
		11BCFFBC11F67509000FA3DD /* Icon-72.png in Resources */ = {isa = PBXBuildFile; fileRef = 11BCFFB611F67509000FA3DD /* Icon-72.png */; };
		11BCFFBD11F67509000FA3DD /* Icon-Small-50.png in Resources */ = {isa = PBXBuildFile; fileRef = 11BCFFB711F67509000FA3DD /* Icon-Small-50.png */; };
		11BCFFBE11F67509000FA3DD /* Icon-Small.png in Resources */ = {isa = PBXBuildFile; fileRef = 11BCFFB811F67509000FA3DD /* Icon-Small.png */; };
		11BCFFBF11F67509000FA3DD /* Icon-Small@2x.png in Resources */ = {isa = PBXBuildFile; fileRef = 11BCFFB911F67509000FA3DD /* Icon-Small@2x.png */; };
		11BCFFC011F67509000FA3DD /* Icon.png in Resources */ = {isa = PBXBuildFile; fileRef = 11BCFFBA11F67509000FA3DD /* Icon.png */; };
		11BCFFC111F67509000FA3DD /* Icon@2x.png in Resources */ = {isa = PBXBuildFile; fileRef = 11BCFFBB11F67509000FA3DD /* Icon@2x.png */; };
		11D1FCEC1175404D007B66EF /* choose_image_icon.png in Resources */ = {isa = PBXBuildFile; fileRef = 11D1FCE31175404D007B66EF /* choose_image_icon.png */; };
		11D1FCED1175404D007B66EF /* livegather_home_icon.png in Resources */ = {isa = PBXBuildFile; fileRef = 11D1FCE41175404D007B66EF /* livegather_home_icon.png */; };
		11D1FCEE1175404D007B66EF /* livegather_login_page.png in Resources */ = {isa = PBXBuildFile; fileRef = 11D1FCE51175404D007B66EF /* livegather_login_page.png */; };
		11D1FCEF1175404D007B66EF /* livegather_logo_top.png in Resources */ = {isa = PBXBuildFile; fileRef = 11D1FCE61175404D007B66EF /* livegather_logo_top.png */; };
		11D1FCF01175404D007B66EF /* livegather_top_bar_stream.png in Resources */ = {isa = PBXBuildFile; fileRef = 11D1FCE71175404D007B66EF /* livegather_top_bar_stream.png */; };
		11D1FCF11175404D007B66EF /* login_button.png in Resources */ = {isa = PBXBuildFile; fileRef = 11D1FCE81175404D007B66EF /* login_button.png */; };
		11D1FCF21175404D007B66EF /* signup_button.png in Resources */ = {isa = PBXBuildFile; fileRef = 11D1FCE91175404D007B66EF /* signup_button.png */; };
		11D1FCF31175404D007B66EF /* splash_screen.png in Resources */ = {isa = PBXBuildFile; fileRef = 11D1FCEA1175404D007B66EF /* splash_screen.png */; };
		11D1FCF41175404D007B66EF /* take_photo_icon.png in Resources */ = {isa = PBXBuildFile; fileRef = 11D1FCEB1175404D007B66EF /* take_photo_icon.png */; };
		11D1FD0D11755BBF007B66EF /* ResourceManager.m in Sources */ = {isa = PBXBuildFile; fileRef = 11D1FD0C11755BBF007B66EF /* ResourceManager.m */; };
		11D1FD1111755D87007B66EF /* icon.png in Resources */ = {isa = PBXBuildFile; fileRef = 11D1FD1011755D87007B66EF /* icon.png */; };
		11D1FD1511760E76007B66EF /* Default.png in Resources */ = {isa = PBXBuildFile; fileRef = 11D1FD1411760E76007B66EF /* Default.png */; };
		11D1FD591179648C007B66EF /* LiveStreamView.xib in Resources */ = {isa = PBXBuildFile; fileRef = 11D1FD581179648C007B66EF /* LiveStreamView.xib */; };
		1D3623260D0F684500981E51 /* LiveGatherAppDelegate.m in Sources */ = {isa = PBXBuildFile; fileRef = 1D3623250D0F684500981E51 /* LiveGatherAppDelegate.m */; };
		1D60589B0D05DD56006BFB54 /* main.m in Sources */ = {isa = PBXBuildFile; fileRef = 29B97316FDCFA39411CA2CEA /* main.m */; };
		1D60589F0D05DD5A006BFB54 /* Foundation.framework in Frameworks */ = {isa = PBXBuildFile; fileRef = 1D30AB110D05D00D00671497 /* Foundation.framework */; };
		1DF5F4E00D08C38300B7A737 /* UIKit.framework in Frameworks */ = {isa = PBXBuildFile; fileRef = 1DF5F4DF0D08C38300B7A737 /* UIKit.framework */; };
		280E754D0DD40C5E005A515E /* FlipsideView.xib in Resources */ = {isa = PBXBuildFile; fileRef = 280E754A0DD40C5E005A515E /* FlipsideView.xib */; };
		280E754E0DD40C5E005A515E /* MainView.xib in Resources */ = {isa = PBXBuildFile; fileRef = 280E754B0DD40C5E005A515E /* MainView.xib */; };
		280E754F0DD40C5E005A515E /* MainWindow.xib in Resources */ = {isa = PBXBuildFile; fileRef = 280E754C0DD40C5E005A515E /* MainWindow.xib */; };
		288765590DF743DE002DB57D /* CoreGraphics.framework in Frameworks */ = {isa = PBXBuildFile; fileRef = 288765580DF743DE002DB57D /* CoreGraphics.framework */; };
		289233AE0DB2D0DB0083E9F9 /* MainViewController.m in Sources */ = {isa = PBXBuildFile; fileRef = 289233A90DB2D0DB0083E9F9 /* MainViewController.m */; };
		289233B00DB2D0DB0083E9F9 /* FlipsideViewController.m in Sources */ = {isa = PBXBuildFile; fileRef = 289233AD0DB2D0DB0083E9F9 /* FlipsideViewController.m */; };
/* End PBXBuildFile section */

/* Begin PBXContainerItemProxy section */
		11BC003C11F7E312000FA3DD /* PBXContainerItemProxy */ = {
			isa = PBXContainerItemProxy;
			containerPortal = 11BC002D11F7E30B000FA3DD /* JRAuthenticate.xcodeproj */;
			proxyType = 2;
			remoteGlobalIDString = D2AAC07E0554694100DB518D /* libJRAuthenticate.a */;
			remoteInfo = JRAuthenticate;
		};
		11BC003E11F7E31B000FA3DD /* PBXContainerItemProxy */ = {
			isa = PBXContainerItemProxy;
			containerPortal = 11BC002D11F7E30B000FA3DD /* JRAuthenticate.xcodeproj */;
			proxyType = 1;
			remoteGlobalIDString = D2AAC07D0554694100DB518D /* JRAuthenticate */;
			remoteInfo = JRAuthenticate;
		};
/* End PBXContainerItemProxy section */

/* Begin PBXFileReference section */
		112A018311E52ADB001B988A /* LiveGatherAPI.h */ = {isa = PBXFileReference; fileEncoding = 4; lastKnownFileType = sourcecode.c.h; path = LiveGatherAPI.h; sourceTree = "<group>"; };
		112A018411E52ADB001B988A /* LiveGatherAPI.m */ = {isa = PBXFileReference; fileEncoding = 4; lastKnownFileType = sourcecode.c.objc; path = LiveGatherAPI.m; sourceTree = "<group>"; };
		1171C30111EFB8C800E69829 /* SDKSettings.plist */ = {isa = PBXFileReference; fileEncoding = 4; lastKnownFileType = text.plist.xml; path = SDKSettings.plist; sourceTree = "<group>"; };
		1171C30611EFB8C800E69829 /* JSON.h */ = {isa = PBXFileReference; fileEncoding = 4; lastKnownFileType = sourcecode.c.h; path = JSON.h; sourceTree = "<group>"; };
		1171C30711EFB8C800E69829 /* NSObject+SBJSON.h */ = {isa = PBXFileReference; fileEncoding = 4; lastKnownFileType = sourcecode.c.h; path = "NSObject+SBJSON.h"; sourceTree = "<group>"; };
		1171C30811EFB8C800E69829 /* NSString+SBJSON.h */ = {isa = PBXFileReference; fileEncoding = 4; lastKnownFileType = sourcecode.c.h; path = "NSString+SBJSON.h"; sourceTree = "<group>"; };
		1171C30911EFB8C800E69829 /* SBJSON.h */ = {isa = PBXFileReference; fileEncoding = 4; lastKnownFileType = sourcecode.c.h; path = SBJSON.h; sourceTree = "<group>"; };
		1171C30A11EFB8C800E69829 /* SBJsonBase.h */ = {isa = PBXFileReference; fileEncoding = 4; lastKnownFileType = sourcecode.c.h; path = SBJsonBase.h; sourceTree = "<group>"; };
		1171C30B11EFB8C800E69829 /* SBJsonParser.h */ = {isa = PBXFileReference; fileEncoding = 4; lastKnownFileType = sourcecode.c.h; path = SBJsonParser.h; sourceTree = "<group>"; };
		1171C30C11EFB8C800E69829 /* SBJsonWriter.h */ = {isa = PBXFileReference; fileEncoding = 4; lastKnownFileType = sourcecode.c.h; path = SBJsonWriter.h; sourceTree = "<group>"; };
		1171C30E11EFB8C800E69829 /* libjson.a */ = {isa = PBXFileReference; lastKnownFileType = archive.ar; path = libjson.a; sourceTree = "<group>"; };
		1171C31011EFB8C800E69829 /* SDKSettings.plist */ = {isa = PBXFileReference; fileEncoding = 4; lastKnownFileType = text.plist.xml; path = SDKSettings.plist; sourceTree = "<group>"; };
		1171C31511EFB8C800E69829 /* JSON.h */ = {isa = PBXFileReference; fileEncoding = 4; lastKnownFileType = sourcecode.c.h; path = JSON.h; sourceTree = "<group>"; };
		1171C31611EFB8C800E69829 /* NSObject+SBJSON.h */ = {isa = PBXFileReference; fileEncoding = 4; lastKnownFileType = sourcecode.c.h; path = "NSObject+SBJSON.h"; sourceTree = "<group>"; };
		1171C31711EFB8C800E69829 /* NSString+SBJSON.h */ = {isa = PBXFileReference; fileEncoding = 4; lastKnownFileType = sourcecode.c.h; path = "NSString+SBJSON.h"; sourceTree = "<group>"; };
		1171C31811EFB8C800E69829 /* SBJSON.h */ = {isa = PBXFileReference; fileEncoding = 4; lastKnownFileType = sourcecode.c.h; path = SBJSON.h; sourceTree = "<group>"; };
		1171C31911EFB8C800E69829 /* SBJsonBase.h */ = {isa = PBXFileReference; fileEncoding = 4; lastKnownFileType = sourcecode.c.h; path = SBJsonBase.h; sourceTree = "<group>"; };
		1171C31A11EFB8C800E69829 /* SBJsonParser.h */ = {isa = PBXFileReference; fileEncoding = 4; lastKnownFileType = sourcecode.c.h; path = SBJsonParser.h; sourceTree = "<group>"; };
		1171C31B11EFB8C800E69829 /* SBJsonWriter.h */ = {isa = PBXFileReference; fileEncoding = 4; lastKnownFileType = sourcecode.c.h; path = SBJsonWriter.h; sourceTree = "<group>"; };
		1171C31D11EFB8C800E69829 /* libjson.a */ = {isa = PBXFileReference; lastKnownFileType = archive.ar; path = libjson.a; sourceTree = "<group>"; };
		1171C32311EFB8C800E69829 /* JSON.h */ = {isa = PBXFileReference; fileEncoding = 4; lastKnownFileType = sourcecode.c.h; path = JSON.h; sourceTree = "<group>"; };
		1171C32411EFB8C800E69829 /* NSObject+SBJSON.h */ = {isa = PBXFileReference; fileEncoding = 4; lastKnownFileType = sourcecode.c.h; path = "NSObject+SBJSON.h"; sourceTree = "<group>"; };
		1171C32511EFB8C800E69829 /* NSString+SBJSON.h */ = {isa = PBXFileReference; fileEncoding = 4; lastKnownFileType = sourcecode.c.h; path = "NSString+SBJSON.h"; sourceTree = "<group>"; };
		1171C32611EFB8C800E69829 /* SBJSON.h */ = {isa = PBXFileReference; fileEncoding = 4; lastKnownFileType = sourcecode.c.h; path = SBJSON.h; sourceTree = "<group>"; };
		1171C32711EFB8C800E69829 /* SBJsonBase.h */ = {isa = PBXFileReference; fileEncoding = 4; lastKnownFileType = sourcecode.c.h; path = SBJsonBase.h; sourceTree = "<group>"; };
		1171C32811EFB8C800E69829 /* SBJsonParser.h */ = {isa = PBXFileReference; fileEncoding = 4; lastKnownFileType = sourcecode.c.h; path = SBJsonParser.h; sourceTree = "<group>"; };
		1171C32911EFB8C800E69829 /* SBJsonWriter.h */ = {isa = PBXFileReference; fileEncoding = 4; lastKnownFileType = sourcecode.c.h; path = SBJsonWriter.h; sourceTree = "<group>"; };
		1171C32B11EFB8C800E69829 /* libjson.a */ = {isa = PBXFileReference; lastKnownFileType = archive.ar; path = libjson.a; sourceTree = "<group>"; };
		1171C39911EFC28100E69829 /* QuartzCore.framework */ = {isa = PBXFileReference; lastKnownFileType = wrapper.framework; name = QuartzCore.framework; path = System/Library/Frameworks/QuartzCore.framework; sourceTree = SDKROOT; };
		1171C3A911EFC2DB00E69829 /* ASIAuthenticationDialog.h */ = {isa = PBXFileReference; fileEncoding = 4; lastKnownFileType = sourcecode.c.h; path = ASIAuthenticationDialog.h; sourceTree = "<group>"; };
		1171C3AA11EFC2DB00E69829 /* ASIAuthenticationDialog.m */ = {isa = PBXFileReference; fileEncoding = 4; lastKnownFileType = sourcecode.c.objc; path = ASIAuthenticationDialog.m; sourceTree = "<group>"; };
		1171C3AB11EFC2DB00E69829 /* ASIFormDataRequest.h */ = {isa = PBXFileReference; fileEncoding = 4; lastKnownFileType = sourcecode.c.h; path = ASIFormDataRequest.h; sourceTree = "<group>"; };
		1171C3AC11EFC2DB00E69829 /* ASIFormDataRequest.m */ = {isa = PBXFileReference; fileEncoding = 4; lastKnownFileType = sourcecode.c.objc; path = ASIFormDataRequest.m; sourceTree = "<group>"; };
		1171C3AD11EFC2DB00E69829 /* ASIHTTPRequest.h */ = {isa = PBXFileReference; fileEncoding = 4; lastKnownFileType = sourcecode.c.h; path = ASIHTTPRequest.h; sourceTree = "<group>"; };
		1171C3AE11EFC2DB00E69829 /* ASIHTTPRequest.m */ = {isa = PBXFileReference; fileEncoding = 4; lastKnownFileType = sourcecode.c.objc; path = ASIHTTPRequest.m; sourceTree = "<group>"; };
		1171C3AF11EFC2DB00E69829 /* ASIHTTPRequestConfig.h */ = {isa = PBXFileReference; fileEncoding = 4; lastKnownFileType = sourcecode.c.h; path = ASIHTTPRequestConfig.h; sourceTree = "<group>"; };
		1171C3B011EFC2DB00E69829 /* ASIHTTPRequestDelegate.h */ = {isa = PBXFileReference; fileEncoding = 4; lastKnownFileType = sourcecode.c.h; path = ASIHTTPRequestDelegate.h; sourceTree = "<group>"; };
		1171C3B111EFC2DB00E69829 /* ASIInputStream.h */ = {isa = PBXFileReference; fileEncoding = 4; lastKnownFileType = sourcecode.c.h; path = ASIInputStream.h; sourceTree = "<group>"; };
		1171C3B211EFC2DB00E69829 /* ASIInputStream.m */ = {isa = PBXFileReference; fileEncoding = 4; lastKnownFileType = sourcecode.c.objc; path = ASIInputStream.m; sourceTree = "<group>"; };
		1171C3B311EFC2DB00E69829 /* ASINetworkQueue.h */ = {isa = PBXFileReference; fileEncoding = 4; lastKnownFileType = sourcecode.c.h; path = ASINetworkQueue.h; sourceTree = "<group>"; };
		1171C3B411EFC2DB00E69829 /* ASINetworkQueue.m */ = {isa = PBXFileReference; fileEncoding = 4; lastKnownFileType = sourcecode.c.objc; path = ASINetworkQueue.m; sourceTree = "<group>"; };
		1171C3B511EFC2DB00E69829 /* ASINSStringAdditions.h */ = {isa = PBXFileReference; fileEncoding = 4; lastKnownFileType = sourcecode.c.h; path = ASINSStringAdditions.h; sourceTree = "<group>"; };
		1171C3B611EFC2DB00E69829 /* ASINSStringAdditions.m */ = {isa = PBXFileReference; fileEncoding = 4; lastKnownFileType = sourcecode.c.objc; path = ASINSStringAdditions.m; sourceTree = "<group>"; };
		1171C3B711EFC2DB00E69829 /* ASIProgressDelegate.h */ = {isa = PBXFileReference; fileEncoding = 4; lastKnownFileType = sourcecode.c.h; path = ASIProgressDelegate.h; sourceTree = "<group>"; };
		1171C3C911EFC30400E69829 /* libz.1.2.3.dylib */ = {isa = PBXFileReference; lastKnownFileType = "compiled.mach-o.dylib"; name = libz.1.2.3.dylib; path = usr/lib/libz.1.2.3.dylib; sourceTree = SDKROOT; };
		1171C40A11EFC3BA00E69829 /* ASICloudFilesCDNRequest.h */ = {isa = PBXFileReference; fileEncoding = 4; lastKnownFileType = sourcecode.c.h; path = ASICloudFilesCDNRequest.h; sourceTree = "<group>"; };
		1171C40B11EFC3BA00E69829 /* ASICloudFilesCDNRequest.m */ = {isa = PBXFileReference; fileEncoding = 4; lastKnownFileType = sourcecode.c.objc; path = ASICloudFilesCDNRequest.m; sourceTree = "<group>"; };
		1171C40C11EFC3BA00E69829 /* ASICloudFilesContainer.h */ = {isa = PBXFileReference; fileEncoding = 4; lastKnownFileType = sourcecode.c.h; path = ASICloudFilesContainer.h; sourceTree = "<group>"; };
		1171C40D11EFC3BA00E69829 /* ASICloudFilesContainer.m */ = {isa = PBXFileReference; fileEncoding = 4; lastKnownFileType = sourcecode.c.objc; path = ASICloudFilesContainer.m; sourceTree = "<group>"; };
		1171C40E11EFC3BA00E69829 /* ASICloudFilesContainerRequest.h */ = {isa = PBXFileReference; fileEncoding = 4; lastKnownFileType = sourcecode.c.h; path = ASICloudFilesContainerRequest.h; sourceTree = "<group>"; };
		1171C40F11EFC3BA00E69829 /* ASICloudFilesContainerRequest.m */ = {isa = PBXFileReference; fileEncoding = 4; lastKnownFileType = sourcecode.c.objc; path = ASICloudFilesContainerRequest.m; sourceTree = "<group>"; };
		1171C41011EFC3BA00E69829 /* ASICloudFilesContainerXMLParserDelegate.h */ = {isa = PBXFileReference; fileEncoding = 4; lastKnownFileType = sourcecode.c.h; path = ASICloudFilesContainerXMLParserDelegate.h; sourceTree = "<group>"; };
		1171C41111EFC3BA00E69829 /* ASICloudFilesContainerXMLParserDelegate.m */ = {isa = PBXFileReference; fileEncoding = 4; lastKnownFileType = sourcecode.c.objc; path = ASICloudFilesContainerXMLParserDelegate.m; sourceTree = "<group>"; };
		1171C41211EFC3BA00E69829 /* ASICloudFilesObject.h */ = {isa = PBXFileReference; fileEncoding = 4; lastKnownFileType = sourcecode.c.h; path = ASICloudFilesObject.h; sourceTree = "<group>"; };
		1171C41311EFC3BA00E69829 /* ASICloudFilesObject.m */ = {isa = PBXFileReference; fileEncoding = 4; lastKnownFileType = sourcecode.c.objc; path = ASICloudFilesObject.m; sourceTree = "<group>"; };
		1171C41411EFC3BA00E69829 /* ASICloudFilesObjectRequest.h */ = {isa = PBXFileReference; fileEncoding = 4; lastKnownFileType = sourcecode.c.h; path = ASICloudFilesObjectRequest.h; sourceTree = "<group>"; };
		1171C41511EFC3BA00E69829 /* ASICloudFilesObjectRequest.m */ = {isa = PBXFileReference; fileEncoding = 4; lastKnownFileType = sourcecode.c.objc; path = ASICloudFilesObjectRequest.m; sourceTree = "<group>"; };
		1171C41611EFC3BA00E69829 /* ASICloudFilesRequest.h */ = {isa = PBXFileReference; fileEncoding = 4; lastKnownFileType = sourcecode.c.h; path = ASICloudFilesRequest.h; sourceTree = "<group>"; };
		1171C41711EFC3BA00E69829 /* ASICloudFilesRequest.m */ = {isa = PBXFileReference; fileEncoding = 4; lastKnownFileType = sourcecode.c.objc; path = ASICloudFilesRequest.m; sourceTree = "<group>"; };
		1171C41911EFC3BA00E69829 /* ASIS3Bucket.h */ = {isa = PBXFileReference; fileEncoding = 4; lastKnownFileType = sourcecode.c.h; path = ASIS3Bucket.h; sourceTree = "<group>"; };
		1171C41A11EFC3BA00E69829 /* ASIS3Bucket.m */ = {isa = PBXFileReference; fileEncoding = 4; lastKnownFileType = sourcecode.c.objc; path = ASIS3Bucket.m; sourceTree = "<group>"; };
		1171C41B11EFC3BA00E69829 /* ASIS3BucketObject.h */ = {isa = PBXFileReference; fileEncoding = 4; lastKnownFileType = sourcecode.c.h; path = ASIS3BucketObject.h; sourceTree = "<group>"; };
		1171C41C11EFC3BA00E69829 /* ASIS3BucketObject.m */ = {isa = PBXFileReference; fileEncoding = 4; lastKnownFileType = sourcecode.c.objc; path = ASIS3BucketObject.m; sourceTree = "<group>"; };
		1171C41D11EFC3BA00E69829 /* ASIS3BucketRequest.h */ = {isa = PBXFileReference; fileEncoding = 4; lastKnownFileType = sourcecode.c.h; path = ASIS3BucketRequest.h; sourceTree = "<group>"; };
		1171C41E11EFC3BA00E69829 /* ASIS3BucketRequest.m */ = {isa = PBXFileReference; fileEncoding = 4; lastKnownFileType = sourcecode.c.objc; path = ASIS3BucketRequest.m; sourceTree = "<group>"; };
		1171C41F11EFC3BA00E69829 /* ASIS3ObjectRequest.h */ = {isa = PBXFileReference; fileEncoding = 4; lastKnownFileType = sourcecode.c.h; path = ASIS3ObjectRequest.h; sourceTree = "<group>"; };
		1171C42011EFC3BA00E69829 /* ASIS3ObjectRequest.m */ = {isa = PBXFileReference; fileEncoding = 4; lastKnownFileType = sourcecode.c.objc; path = ASIS3ObjectRequest.m; sourceTree = "<group>"; };
		1171C42111EFC3BA00E69829 /* ASIS3Request.h */ = {isa = PBXFileReference; fileEncoding = 4; lastKnownFileType = sourcecode.c.h; path = ASIS3Request.h; sourceTree = "<group>"; };
		1171C42211EFC3BA00E69829 /* ASIS3Request.m */ = {isa = PBXFileReference; fileEncoding = 4; lastKnownFileType = sourcecode.c.objc; path = ASIS3Request.m; sourceTree = "<group>"; };
		1171C42311EFC3BA00E69829 /* ASIS3ServiceRequest.h */ = {isa = PBXFileReference; fileEncoding = 4; lastKnownFileType = sourcecode.c.h; path = ASIS3ServiceRequest.h; sourceTree = "<group>"; };
		1171C42411EFC3BA00E69829 /* ASIS3ServiceRequest.m */ = {isa = PBXFileReference; fileEncoding = 4; lastKnownFileType = sourcecode.c.objc; path = ASIS3ServiceRequest.m; sourceTree = "<group>"; };
		11769A67118382F30036C548 /* MBProgressHUD.h */ = {isa = PBXFileReference; fileEncoding = 4; lastKnownFileType = sourcecode.c.h; path = MBProgressHUD.h; sourceTree = "<group>"; };
		11769A68118382F30036C548 /* MBProgressHUD.m */ = {isa = PBXFileReference; fileEncoding = 4; lastKnownFileType = sourcecode.c.objc; path = MBProgressHUD.m; sourceTree = "<group>"; };
		11769ADF118384610036C548 /* CFNetwork.framework */ = {isa = PBXFileReference; lastKnownFileType = wrapper.framework; name = CFNetwork.framework; path = System/Library/Frameworks/CFNetwork.framework; sourceTree = SDKROOT; };
		11769AE3118384810036C548 /* Reachability.h */ = {isa = PBXFileReference; fileEncoding = 4; lastKnownFileType = sourcecode.c.h; path = Reachability.h; sourceTree = "<group>"; };
		11769AE4118384810036C548 /* Reachability.m */ = {isa = PBXFileReference; fileEncoding = 4; lastKnownFileType = sourcecode.c.objc; path = Reachability.m; sourceTree = "<group>"; };
		11769AF1118384C00036C548 /* Security.framework */ = {isa = PBXFileReference; lastKnownFileType = wrapper.framework; name = Security.framework; path = System/Library/Frameworks/Security.framework; sourceTree = SDKROOT; };
		11769AF3118384C00036C548 /* SystemConfiguration.framework */ = {isa = PBXFileReference; lastKnownFileType = wrapper.framework; name = SystemConfiguration.framework; path = System/Library/Frameworks/SystemConfiguration.framework; sourceTree = SDKROOT; };
		11769AFE118384E30036C548 /* MobileCoreServices.framework */ = {isa = PBXFileReference; lastKnownFileType = wrapper.framework; name = MobileCoreServices.framework; path = System/Library/Frameworks/MobileCoreServices.framework; sourceTree = SDKROOT; };
		11769BCF118393510036C548 /* MapKit.framework */ = {isa = PBXFileReference; lastKnownFileType = wrapper.framework; name = MapKit.framework; path = System/Library/Frameworks/MapKit.framework; sourceTree = SDKROOT; };
		11769C3B11851B0C0036C548 /* gray.jpg */ = {isa = PBXFileReference; lastKnownFileType = image.jpeg; path = gray.jpg; sourceTree = "<group>"; };
		1191BEFB11797F93003DF9B8 /* AccountLoginView.xib */ = {isa = PBXFileReference; lastKnownFileType = file.xib; path = AccountLoginView.xib; sourceTree = "<group>"; };
		1191BEFC11797F93003DF9B8 /* UploadPhotoView.xib */ = {isa = PBXFileReference; lastKnownFileType = file.xib; path = UploadPhotoView.xib; sourceTree = "<group>"; };
		1191BF3D11798459003DF9B8 /* UploadPhotoViewController.h */ = {isa = PBXFileReference; fileEncoding = 4; lastKnownFileType = sourcecode.c.h; path = UploadPhotoViewController.h; sourceTree = "<group>"; };
		1191BF3E11798459003DF9B8 /* UploadPhotoViewController.m */ = {isa = PBXFileReference; fileEncoding = 4; lastKnownFileType = sourcecode.c.objc; path = UploadPhotoViewController.m; sourceTree = "<group>"; };
		1191BF411179875E003DF9B8 /* cancel_button.png */ = {isa = PBXFileReference; lastKnownFileType = image.png; path = cancel_button.png; sourceTree = "<group>"; };
		1191BF421179875E003DF9B8 /* upload_button_icon.png */ = {isa = PBXFileReference; lastKnownFileType = image.png; path = upload_button_icon.png; sourceTree = "<group>"; };
		1191BF4511798845003DF9B8 /* captions_box.png */ = {isa = PBXFileReference; lastKnownFileType = image.png; path = captions_box.png; sourceTree = "<group>"; };
		1191BF47117989C5003DF9B8 /* dropdown_box.png */ = {isa = PBXFileReference; lastKnownFileType = image.png; path = dropdown_box.png; sourceTree = "<group>"; };
		1191BF7111799C6E003DF9B8 /* bar.png */ = {isa = PBXFileReference; lastKnownFileType = image.png; path = bar.png; sourceTree = "<group>"; };
		1191BF8D117A0A0E003DF9B8 /* AccountLoginViewController.h */ = {isa = PBXFileReference; fileEncoding = 4; lastKnownFileType = sourcecode.c.h; path = AccountLoginViewController.h; sourceTree = "<group>"; };
		1191BF8E117A0A0E003DF9B8 /* AccountLoginViewController.m */ = {isa = PBXFileReference; fileEncoding = 4; lastKnownFileType = sourcecode.c.objc; path = AccountLoginViewController.m; sourceTree = "<group>"; };
		1191BF97117A0A29003DF9B8 /* LiveStreamViewController.h */ = {isa = PBXFileReference; fileEncoding = 4; lastKnownFileType = sourcecode.c.h; path = LiveStreamViewController.h; sourceTree = "<group>"; };
		1191BF98117A0A29003DF9B8 /* LiveStreamViewController.m */ = {isa = PBXFileReference; fileEncoding = 4; lastKnownFileType = sourcecode.c.objc; path = LiveStreamViewController.m; sourceTree = "<group>"; };
		1191BF9C117A0CA2003DF9B8 /* textbox_background.png */ = {isa = PBXFileReference; lastKnownFileType = image.png; path = textbox_background.png; sourceTree = "<group>"; };
		1191C10D117A8CB4003DF9B8 /* EGORefreshTableHeaderView.h */ = {isa = PBXFileReference; fileEncoding = 4; lastKnownFileType = sourcecode.c.h; path = EGORefreshTableHeaderView.h; sourceTree = "<group>"; };
		1191C10E117A8CB4003DF9B8 /* EGORefreshTableHeaderView.m */ = {isa = PBXFileReference; fileEncoding = 4; lastKnownFileType = sourcecode.c.objc; path = EGORefreshTableHeaderView.m; sourceTree = "<group>"; };
		1191C142117A8F26003DF9B8 /* blackArrow.png */ = {isa = PBXFileReference; lastKnownFileType = image.png; path = blackArrow.png; sourceTree = "<group>"; };
		1191C143117A8F26003DF9B8 /* blueArrow.png */ = {isa = PBXFileReference; lastKnownFileType = image.png; path = blueArrow.png; sourceTree = "<group>"; };
		1191C144117A8F26003DF9B8 /* whiteArrow.png */ = {isa = PBXFileReference; lastKnownFileType = image.png; path = whiteArrow.png; sourceTree = "<group>"; };
		1195978F11F26C35006BD793 /* back_button@2x.png */ = {isa = PBXFileReference; lastKnownFileType = image.png; path = "back_button@2x.png"; sourceTree = "<group>"; };
		1195979011F26C35006BD793 /* bottom_toolbar@2x.png */ = {isa = PBXFileReference; lastKnownFileType = image.png; path = "bottom_toolbar@2x.png"; sourceTree = "<group>"; };
		1195979111F26C35006BD793 /* livestream_button@2x.png */ = {isa = PBXFileReference; lastKnownFileType = image.png; path = "livestream_button@2x.png"; sourceTree = "<group>"; };
		1195979211F26C35006BD793 /* plus_button@2x.png */ = {isa = PBXFileReference; lastKnownFileType = image.png; path = "plus_button@2x.png"; sourceTree = "<group>"; };
		1195979311F26C35006BD793 /* refresh_button@2x.png */ = {isa = PBXFileReference; lastKnownFileType = image.png; path = "refresh_button@2x.png"; sourceTree = "<group>"; };
		1195979411F26C35006BD793 /* search_button@2x.png */ = {isa = PBXFileReference; lastKnownFileType = image.png; path = "search_button@2x.png"; sourceTree = "<group>"; };
		1195979511F26C35006BD793 /* top_banner_bar@2x.png */ = {isa = PBXFileReference; lastKnownFileType = image.png; path = "top_banner_bar@2x.png"; sourceTree = "<group>"; };
		1195979611F26C35006BD793 /* top_toolbar@2x.png */ = {isa = PBXFileReference; lastKnownFileType = image.png; path = "top_toolbar@2x.png"; sourceTree = "<group>"; };
		119597A411F27004006BD793 /* back_button.png */ = {isa = PBXFileReference; lastKnownFileType = image.png; path = back_button.png; sourceTree = "<group>"; };
		119597A511F27004006BD793 /* bottom_toolbar.png */ = {isa = PBXFileReference; lastKnownFileType = image.png; path = bottom_toolbar.png; sourceTree = "<group>"; };
		119597A611F27004006BD793 /* livestream_button.png */ = {isa = PBXFileReference; lastKnownFileType = image.png; path = livestream_button.png; sourceTree = "<group>"; };
		119597A711F27004006BD793 /* plus_button.png */ = {isa = PBXFileReference; lastKnownFileType = image.png; path = plus_button.png; sourceTree = "<group>"; };
		119597A811F27004006BD793 /* refresh_button.png */ = {isa = PBXFileReference; lastKnownFileType = image.png; path = refresh_button.png; sourceTree = "<group>"; };
		119597A911F27004006BD793 /* search_button.png */ = {isa = PBXFileReference; lastKnownFileType = image.png; path = search_button.png; sourceTree = "<group>"; };
		119597AA11F27004006BD793 /* top_banner_bar.png */ = {isa = PBXFileReference; lastKnownFileType = image.png; path = top_banner_bar.png; sourceTree = "<group>"; };
		119597AB11F27004006BD793 /* top_toolbar.png */ = {isa = PBXFileReference; lastKnownFileType = image.png; path = top_toolbar.png; sourceTree = "<group>"; };
		119597B611F270A5006BD793 /* top_bar_logo@2x.png */ = {isa = PBXFileReference; lastKnownFileType = image.png; path = "top_bar_logo@2x.png"; sourceTree = "<group>"; };
		119597B811F270AD006BD793 /* top_bar_logo.png */ = {isa = PBXFileReference; lastKnownFileType = image.png; path = top_bar_logo.png; sourceTree = "<group>"; };
		11BC002D11F7E30B000FA3DD /* JRAuthenticate.xcodeproj */ = {isa = PBXFileReference; lastKnownFileType = "wrapper.pb-project"; path = JRAuthenticate.xcodeproj; sourceTree = RPX; };
		11BCFE6111F3A8E5000FA3DD /* CollageView.h */ = {isa = PBXFileReference; fileEncoding = 4; lastKnownFileType = sourcecode.c.h; path = CollageView.h; sourceTree = "<group>"; };
		11BCFE6211F3A8E5000FA3DD /* CollageView.m */ = {isa = PBXFileReference; fileEncoding = 4; lastKnownFileType = sourcecode.c.objc; path = CollageView.m; sourceTree = "<group>"; };
		11BCFEBD11F3B017000FA3DD /* CollageItem.h */ = {isa = PBXFileReference; fileEncoding = 4; lastKnownFileType = sourcecode.c.h; path = CollageItem.h; sourceTree = "<group>"; };
		11BCFEBE11F3B017000FA3DD /* CollageItem.m */ = {isa = PBXFileReference; fileEncoding = 4; lastKnownFileType = sourcecode.c.objc; path = CollageItem.m; sourceTree = "<group>"; };
		11BCFFB611F67509000FA3DD /* Icon-72.png */ = {isa = PBXFileReference; lastKnownFileType = image.png; name = "Icon-72.png"; path = "Icons/Icon-72.png"; sourceTree = "<group>"; };
		11BCFFB711F67509000FA3DD /* Icon-Small-50.png */ = {isa = PBXFileReference; lastKnownFileType = image.png; name = "Icon-Small-50.png"; path = "Icons/Icon-Small-50.png"; sourceTree = "<group>"; };
		11BCFFB811F67509000FA3DD /* Icon-Small.png */ = {isa = PBXFileReference; lastKnownFileType = image.png; name = "Icon-Small.png"; path = "Icons/Icon-Small.png"; sourceTree = "<group>"; };
		11BCFFB911F67509000FA3DD /* Icon-Small@2x.png */ = {isa = PBXFileReference; lastKnownFileType = image.png; name = "Icon-Small@2x.png"; path = "Icons/Icon-Small@2x.png"; sourceTree = "<group>"; };
		11BCFFBA11F67509000FA3DD /* Icon.png */ = {isa = PBXFileReference; lastKnownFileType = image.png; name = Icon.png; path = Icons/Icon.png; sourceTree = "<group>"; };
		11BCFFBB11F67509000FA3DD /* Icon@2x.png */ = {isa = PBXFileReference; lastKnownFileType = image.png; name = "Icon@2x.png"; path = "Icons/Icon@2x.png"; sourceTree = "<group>"; };
		11D1FCE31175404D007B66EF /* choose_image_icon.png */ = {isa = PBXFileReference; lastKnownFileType = image.png; path = choose_image_icon.png; sourceTree = "<group>"; };
		11D1FCE41175404D007B66EF /* livegather_home_icon.png */ = {isa = PBXFileReference; lastKnownFileType = image.png; path = livegather_home_icon.png; sourceTree = "<group>"; };
		11D1FCE51175404D007B66EF /* livegather_login_page.png */ = {isa = PBXFileReference; lastKnownFileType = image.png; path = livegather_login_page.png; sourceTree = "<group>"; };
		11D1FCE61175404D007B66EF /* livegather_logo_top.png */ = {isa = PBXFileReference; lastKnownFileType = image.png; path = livegather_logo_top.png; sourceTree = "<group>"; };
		11D1FCE71175404D007B66EF /* livegather_top_bar_stream.png */ = {isa = PBXFileReference; lastKnownFileType = image.png; path = livegather_top_bar_stream.png; sourceTree = "<group>"; };
		11D1FCE81175404D007B66EF /* login_button.png */ = {isa = PBXFileReference; lastKnownFileType = image.png; path = login_button.png; sourceTree = "<group>"; };
		11D1FCE91175404D007B66EF /* signup_button.png */ = {isa = PBXFileReference; lastKnownFileType = image.png; path = signup_button.png; sourceTree = "<group>"; };
		11D1FCEA1175404D007B66EF /* splash_screen.png */ = {isa = PBXFileReference; lastKnownFileType = image.png; path = splash_screen.png; sourceTree = "<group>"; };
		11D1FCEB1175404D007B66EF /* take_photo_icon.png */ = {isa = PBXFileReference; lastKnownFileType = image.png; path = take_photo_icon.png; sourceTree = "<group>"; };
		11D1FD0B11755BBF007B66EF /* ResourceManager.h */ = {isa = PBXFileReference; fileEncoding = 4; lastKnownFileType = sourcecode.c.h; path = ResourceManager.h; sourceTree = "<group>"; };
		11D1FD0C11755BBF007B66EF /* ResourceManager.m */ = {isa = PBXFileReference; fileEncoding = 4; lastKnownFileType = sourcecode.c.objc; path = ResourceManager.m; sourceTree = "<group>"; };
		11D1FD1011755D87007B66EF /* icon.png */ = {isa = PBXFileReference; lastKnownFileType = image.png; path = icon.png; sourceTree = "<group>"; };
		11D1FD1411760E76007B66EF /* Default.png */ = {isa = PBXFileReference; lastKnownFileType = image.png; path = Default.png; sourceTree = "<group>"; };
		11D1FD581179648C007B66EF /* LiveStreamView.xib */ = {isa = PBXFileReference; lastKnownFileType = file.xib; path = LiveStreamView.xib; sourceTree = "<group>"; };
		1D30AB110D05D00D00671497 /* Foundation.framework */ = {isa = PBXFileReference; lastKnownFileType = wrapper.framework; name = Foundation.framework; path = System/Library/Frameworks/Foundation.framework; sourceTree = SDKROOT; };
		1D3623240D0F684500981E51 /* LiveGatherAppDelegate.h */ = {isa = PBXFileReference; fileEncoding = 4; lastKnownFileType = sourcecode.c.h; path = LiveGatherAppDelegate.h; sourceTree = "<group>"; };
		1D3623250D0F684500981E51 /* LiveGatherAppDelegate.m */ = {isa = PBXFileReference; fileEncoding = 4; lastKnownFileType = sourcecode.c.objc; path = LiveGatherAppDelegate.m; sourceTree = "<group>"; };
		1D6058910D05DD3D006BFB54 /* LiveGather.app */ = {isa = PBXFileReference; explicitFileType = wrapper.application; includeInIndex = 0; path = LiveGather.app; sourceTree = BUILT_PRODUCTS_DIR; };
		1DF5F4DF0D08C38300B7A737 /* UIKit.framework */ = {isa = PBXFileReference; lastKnownFileType = wrapper.framework; name = UIKit.framework; path = System/Library/Frameworks/UIKit.framework; sourceTree = SDKROOT; };
		280E754A0DD40C5E005A515E /* FlipsideView.xib */ = {isa = PBXFileReference; lastKnownFileType = file.xib; path = FlipsideView.xib; sourceTree = "<group>"; };
		280E754B0DD40C5E005A515E /* MainView.xib */ = {isa = PBXFileReference; lastKnownFileType = file.xib; path = MainView.xib; sourceTree = "<group>"; };
		280E754C0DD40C5E005A515E /* MainWindow.xib */ = {isa = PBXFileReference; lastKnownFileType = file.xib; path = MainWindow.xib; sourceTree = "<group>"; };
		288765580DF743DE002DB57D /* CoreGraphics.framework */ = {isa = PBXFileReference; lastKnownFileType = wrapper.framework; name = CoreGraphics.framework; path = System/Library/Frameworks/CoreGraphics.framework; sourceTree = SDKROOT; };
		289233A80DB2D0DB0083E9F9 /* MainViewController.h */ = {isa = PBXFileReference; fileEncoding = 4; lastKnownFileType = sourcecode.c.h; name = MainViewController.h; path = Classes/MainViewController.h; sourceTree = "<group>"; };
		289233A90DB2D0DB0083E9F9 /* MainViewController.m */ = {isa = PBXFileReference; fileEncoding = 4; lastKnownFileType = sourcecode.c.objc; name = MainViewController.m; path = Classes/MainViewController.m; sourceTree = "<group>"; };
		289233AC0DB2D0DB0083E9F9 /* FlipsideViewController.h */ = {isa = PBXFileReference; fileEncoding = 4; lastKnownFileType = sourcecode.c.h; name = FlipsideViewController.h; path = Classes/FlipsideViewController.h; sourceTree = "<group>"; };
		289233AD0DB2D0DB0083E9F9 /* FlipsideViewController.m */ = {isa = PBXFileReference; fileEncoding = 4; lastKnownFileType = sourcecode.c.objc; name = FlipsideViewController.m; path = Classes/FlipsideViewController.m; sourceTree = "<group>"; };
		29B97316FDCFA39411CA2CEA /* main.m */ = {isa = PBXFileReference; fileEncoding = 4; lastKnownFileType = sourcecode.c.objc; path = main.m; sourceTree = "<group>"; };
		32CA4F630368D1EE00C91783 /* LiveGather_Prefix.pch */ = {isa = PBXFileReference; fileEncoding = 4; lastKnownFileType = sourcecode.c.h; path = LiveGather_Prefix.pch; sourceTree = "<group>"; };
		8D1107310486CEB800E47090 /* LiveGather-Info.plist */ = {isa = PBXFileReference; fileEncoding = 4; lastKnownFileType = text.plist.xml; path = "LiveGather-Info.plist"; plistStructureDefinitionIdentifier = "com.apple.xcode.plist.structure-definition.iphone.info-plist"; sourceTree = "<group>"; };
/* End PBXFileReference section */

/* Begin PBXFrameworksBuildPhase section */
		1D60588F0D05DD3D006BFB54 /* Frameworks */ = {
			isa = PBXFrameworksBuildPhase;
			buildActionMask = 2147483647;
			files = (
				11BC004E11F7E6B4000FA3DD /* libJRAuthenticate.a in Frameworks */,
				1D60589F0D05DD5A006BFB54 /* Foundation.framework in Frameworks */,
				1DF5F4E00D08C38300B7A737 /* UIKit.framework in Frameworks */,
				288765590DF743DE002DB57D /* CoreGraphics.framework in Frameworks */,
				11769AE0118384610036C548 /* CFNetwork.framework in Frameworks */,
				11769AF2118384C00036C548 /* Security.framework in Frameworks */,
				11769AF4118384C00036C548 /* SystemConfiguration.framework in Frameworks */,
				11769AFF118384E30036C548 /* MobileCoreServices.framework in Frameworks */,
				11769BD0118393510036C548 /* MapKit.framework in Frameworks */,
				1171C32D11EFB8C800E69829 /* libjson.a in Frameworks */,
				1171C32F11EFB8C800E69829 /* libjson.a in Frameworks */,
				1171C33011EFB8C800E69829 /* libjson.a in Frameworks */,
				1171C39A11EFC28100E69829 /* QuartzCore.framework in Frameworks */,
				1171C3CA11EFC30400E69829 /* libz.1.2.3.dylib in Frameworks */,
			);
			runOnlyForDeploymentPostprocessing = 0;
		};
/* End PBXFrameworksBuildPhase section */

/* Begin PBXGroup section */
		080E96DDFE201D6D7F000001 /* Application Delegate */ = {
			isa = PBXGroup;
			children = (
				1D3623240D0F684500981E51 /* LiveGatherAppDelegate.h */,
				1D3623250D0F684500981E51 /* LiveGatherAppDelegate.m */,
			);
			name = "Application Delegate";
			path = Classes;
			sourceTree = "<group>";
		};
		1171C2FF11EFB8C800E69829 /* JSON */ = {
			isa = PBXGroup;
			children = (
				1171C30011EFB8C800E69829 /* iphoneos.sdk */,
				1171C30F11EFB8C800E69829 /* iphonesimulator.sdk */,
				1171C31E11EFB8C800E69829 /* macosx.sdk */,
			);
			path = JSON;
			sourceTree = "<group>";
		};
		1171C30011EFB8C800E69829 /* iphoneos.sdk */ = {
			isa = PBXGroup;
			children = (
				1171C30111EFB8C800E69829 /* SDKSettings.plist */,
				1171C30211EFB8C800E69829 /* usr */,
			);
			path = iphoneos.sdk;
			sourceTree = "<group>";
		};
		1171C30211EFB8C800E69829 /* usr */ = {
			isa = PBXGroup;
			children = (
				1171C30311EFB8C800E69829 /* local */,
			);
			path = usr;
			sourceTree = "<group>";
		};
		1171C30311EFB8C800E69829 /* local */ = {
			isa = PBXGroup;
			children = (
				1171C30411EFB8C800E69829 /* include */,
				1171C30D11EFB8C800E69829 /* lib */,
			);
			path = local;
			sourceTree = "<group>";
		};
		1171C30411EFB8C800E69829 /* include */ = {
			isa = PBXGroup;
			children = (
				1171C30511EFB8C800E69829 /* JSON */,
			);
			path = include;
			sourceTree = "<group>";
		};
		1171C30511EFB8C800E69829 /* JSON */ = {
			isa = PBXGroup;
			children = (
				1171C30611EFB8C800E69829 /* JSON.h */,
				1171C30711EFB8C800E69829 /* NSObject+SBJSON.h */,
				1171C30811EFB8C800E69829 /* NSString+SBJSON.h */,
				1171C30911EFB8C800E69829 /* SBJSON.h */,
				1171C30A11EFB8C800E69829 /* SBJsonBase.h */,
				1171C30B11EFB8C800E69829 /* SBJsonParser.h */,
				1171C30C11EFB8C800E69829 /* SBJsonWriter.h */,
			);
			path = JSON;
			sourceTree = "<group>";
		};
		1171C30D11EFB8C800E69829 /* lib */ = {
			isa = PBXGroup;
			children = (
				1171C30E11EFB8C800E69829 /* libjson.a */,
			);
			path = lib;
			sourceTree = "<group>";
		};
		1171C30F11EFB8C800E69829 /* iphonesimulator.sdk */ = {
			isa = PBXGroup;
			children = (
				1171C31011EFB8C800E69829 /* SDKSettings.plist */,
				1171C31111EFB8C800E69829 /* usr */,
			);
			path = iphonesimulator.sdk;
			sourceTree = "<group>";
		};
		1171C31111EFB8C800E69829 /* usr */ = {
			isa = PBXGroup;
			children = (
				1171C31211EFB8C800E69829 /* local */,
			);
			path = usr;
			sourceTree = "<group>";
		};
		1171C31211EFB8C800E69829 /* local */ = {
			isa = PBXGroup;
			children = (
				1171C31311EFB8C800E69829 /* include */,
				1171C31C11EFB8C800E69829 /* lib */,
			);
			path = local;
			sourceTree = "<group>";
		};
		1171C31311EFB8C800E69829 /* include */ = {
			isa = PBXGroup;
			children = (
				1171C31411EFB8C800E69829 /* JSON */,
			);
			path = include;
			sourceTree = "<group>";
		};
		1171C31411EFB8C800E69829 /* JSON */ = {
			isa = PBXGroup;
			children = (
				1171C31511EFB8C800E69829 /* JSON.h */,
				1171C31611EFB8C800E69829 /* NSObject+SBJSON.h */,
				1171C31711EFB8C800E69829 /* NSString+SBJSON.h */,
				1171C31811EFB8C800E69829 /* SBJSON.h */,
				1171C31911EFB8C800E69829 /* SBJsonBase.h */,
				1171C31A11EFB8C800E69829 /* SBJsonParser.h */,
				1171C31B11EFB8C800E69829 /* SBJsonWriter.h */,
			);
			path = JSON;
			sourceTree = "<group>";
		};
		1171C31C11EFB8C800E69829 /* lib */ = {
			isa = PBXGroup;
			children = (
				1171C31D11EFB8C800E69829 /* libjson.a */,
			);
			path = lib;
			sourceTree = "<group>";
		};
		1171C31E11EFB8C800E69829 /* macosx.sdk */ = {
			isa = PBXGroup;
			children = (
				1171C31F11EFB8C800E69829 /* usr */,
			);
			path = macosx.sdk;
			sourceTree = "<group>";
		};
		1171C31F11EFB8C800E69829 /* usr */ = {
			isa = PBXGroup;
			children = (
				1171C32011EFB8C800E69829 /* local */,
			);
			path = usr;
			sourceTree = "<group>";
		};
		1171C32011EFB8C800E69829 /* local */ = {
			isa = PBXGroup;
			children = (
				1171C32111EFB8C800E69829 /* include */,
				1171C32A11EFB8C800E69829 /* lib */,
			);
			path = local;
			sourceTree = "<group>";
		};
		1171C32111EFB8C800E69829 /* include */ = {
			isa = PBXGroup;
			children = (
				1171C32211EFB8C800E69829 /* JSON */,
			);
			path = include;
			sourceTree = "<group>";
		};
		1171C32211EFB8C800E69829 /* JSON */ = {
			isa = PBXGroup;
			children = (
				1171C32311EFB8C800E69829 /* JSON.h */,
				1171C32411EFB8C800E69829 /* NSObject+SBJSON.h */,
				1171C32511EFB8C800E69829 /* NSString+SBJSON.h */,
				1171C32611EFB8C800E69829 /* SBJSON.h */,
				1171C32711EFB8C800E69829 /* SBJsonBase.h */,
				1171C32811EFB8C800E69829 /* SBJsonParser.h */,
				1171C32911EFB8C800E69829 /* SBJsonWriter.h */,
			);
			path = JSON;
			sourceTree = "<group>";
		};
		1171C32A11EFB8C800E69829 /* lib */ = {
			isa = PBXGroup;
			children = (
				1171C32B11EFB8C800E69829 /* libjson.a */,
			);
			path = lib;
			sourceTree = "<group>";
		};
		1171C3A411EFC2D300E69829 /* ASIHTTPRequest */ = {
			isa = PBXGroup;
			children = (
				1171C3A911EFC2DB00E69829 /* ASIAuthenticationDialog.h */,
				1171C3AA11EFC2DB00E69829 /* ASIAuthenticationDialog.m */,
				1171C3AB11EFC2DB00E69829 /* ASIFormDataRequest.h */,
				1171C3AC11EFC2DB00E69829 /* ASIFormDataRequest.m */,
				1171C3AD11EFC2DB00E69829 /* ASIHTTPRequest.h */,
				1171C3AE11EFC2DB00E69829 /* ASIHTTPRequest.m */,
				1171C3AF11EFC2DB00E69829 /* ASIHTTPRequestConfig.h */,
				1171C3B011EFC2DB00E69829 /* ASIHTTPRequestDelegate.h */,
				1171C3B111EFC2DB00E69829 /* ASIInputStream.h */,
				1171C3B211EFC2DB00E69829 /* ASIInputStream.m */,
				1171C3B311EFC2DB00E69829 /* ASINetworkQueue.h */,
				1171C3B411EFC2DB00E69829 /* ASINetworkQueue.m */,
				1171C3B511EFC2DB00E69829 /* ASINSStringAdditions.h */,
				1171C3B611EFC2DB00E69829 /* ASINSStringAdditions.m */,
				1171C3B711EFC2DB00E69829 /* ASIProgressDelegate.h */,
				1171C40911EFC3BA00E69829 /* CloudFiles */,
				1171C41811EFC3BA00E69829 /* S3 */,
			);
			name = ASIHTTPRequest;
			sourceTree = "<group>";
		};
		1171C40911EFC3BA00E69829 /* CloudFiles */ = {
			isa = PBXGroup;
			children = (
				1171C40A11EFC3BA00E69829 /* ASICloudFilesCDNRequest.h */,
				1171C40B11EFC3BA00E69829 /* ASICloudFilesCDNRequest.m */,
				1171C40C11EFC3BA00E69829 /* ASICloudFilesContainer.h */,
				1171C40D11EFC3BA00E69829 /* ASICloudFilesContainer.m */,
				1171C40E11EFC3BA00E69829 /* ASICloudFilesContainerRequest.h */,
				1171C40F11EFC3BA00E69829 /* ASICloudFilesContainerRequest.m */,
				1171C41011EFC3BA00E69829 /* ASICloudFilesContainerXMLParserDelegate.h */,
				1171C41111EFC3BA00E69829 /* ASICloudFilesContainerXMLParserDelegate.m */,
				1171C41211EFC3BA00E69829 /* ASICloudFilesObject.h */,
				1171C41311EFC3BA00E69829 /* ASICloudFilesObject.m */,
				1171C41411EFC3BA00E69829 /* ASICloudFilesObjectRequest.h */,
				1171C41511EFC3BA00E69829 /* ASICloudFilesObjectRequest.m */,
				1171C41611EFC3BA00E69829 /* ASICloudFilesRequest.h */,
				1171C41711EFC3BA00E69829 /* ASICloudFilesRequest.m */,
			);
			name = CloudFiles;
			path = "../W:OGIT__LiveGather/CloudFiles";
			sourceTree = SOURCE_ROOT;
		};
		1171C41811EFC3BA00E69829 /* S3 */ = {
			isa = PBXGroup;
			children = (
				1171C41911EFC3BA00E69829 /* ASIS3Bucket.h */,
				1171C41A11EFC3BA00E69829 /* ASIS3Bucket.m */,
				1171C41B11EFC3BA00E69829 /* ASIS3BucketObject.h */,
				1171C41C11EFC3BA00E69829 /* ASIS3BucketObject.m */,
				1171C41D11EFC3BA00E69829 /* ASIS3BucketRequest.h */,
				1171C41E11EFC3BA00E69829 /* ASIS3BucketRequest.m */,
				1171C41F11EFC3BA00E69829 /* ASIS3ObjectRequest.h */,
				1171C42011EFC3BA00E69829 /* ASIS3ObjectRequest.m */,
				1171C42111EFC3BA00E69829 /* ASIS3Request.h */,
				1171C42211EFC3BA00E69829 /* ASIS3Request.m */,
				1171C42311EFC3BA00E69829 /* ASIS3ServiceRequest.h */,
				1171C42411EFC3BA00E69829 /* ASIS3ServiceRequest.m */,
			);
			name = S3;
			path = "../W:OGIT__LiveGather/S3";
			sourceTree = SOURCE_ROOT;
		};
		1195978C11F26C35006BD793 /* iPad */ = {
			isa = PBXGroup;
			children = (
			);
			path = iPad;
			sourceTree = "<group>";
		};
		1195978D11F26C35006BD793 /* iPhone */ = {
			isa = PBXGroup;
			children = (
				119597B811F270AD006BD793 /* top_bar_logo.png */,
				119597A411F27004006BD793 /* back_button.png */,
				119597A511F27004006BD793 /* bottom_toolbar.png */,
				119597A611F27004006BD793 /* livestream_button.png */,
				119597A711F27004006BD793 /* plus_button.png */,
				119597A811F27004006BD793 /* refresh_button.png */,
				119597A911F27004006BD793 /* search_button.png */,
				119597AA11F27004006BD793 /* top_banner_bar.png */,
				119597AB11F27004006BD793 /* top_toolbar.png */,
			);
			path = iPhone;
			sourceTree = "<group>";
		};
		1195978E11F26C35006BD793 /* Retina Display */ = {
			isa = PBXGroup;
			children = (
				119597B611F270A5006BD793 /* top_bar_logo@2x.png */,
				1195978F11F26C35006BD793 /* back_button@2x.png */,
				1195979011F26C35006BD793 /* bottom_toolbar@2x.png */,
				1195979111F26C35006BD793 /* livestream_button@2x.png */,
				1195979211F26C35006BD793 /* plus_button@2x.png */,
				1195979311F26C35006BD793 /* refresh_button@2x.png */,
				1195979411F26C35006BD793 /* search_button@2x.png */,
				1195979511F26C35006BD793 /* top_banner_bar@2x.png */,
				1195979611F26C35006BD793 /* top_toolbar@2x.png */,
			);
			path = "Retina Display";
			sourceTree = "<group>";
		};
		11BC003911F7E312000FA3DD /* Products */ = {
			isa = PBXGroup;
			children = (
				11BC003D11F7E312000FA3DD /* libJRAuthenticate.a */,
			);
			name = Products;
			sourceTree = "<group>";
		};
		11BCFFB211F6744B000FA3DD /* Icons */ = {
			isa = PBXGroup;
			children = (
				11BCFFB611F67509000FA3DD /* Icon-72.png */,
				11BCFFB711F67509000FA3DD /* Icon-Small-50.png */,
				11BCFFB811F67509000FA3DD /* Icon-Small.png */,
				11BCFFB911F67509000FA3DD /* Icon-Small@2x.png */,
				11BCFFBA11F67509000FA3DD /* Icon.png */,
				11BCFFBB11F67509000FA3DD /* Icon@2x.png */,
			);
			name = Icons;
			sourceTree = "<group>";
		};
		11D1FCE21175404D007B66EF /* Images */ = {
			isa = PBXGroup;
			children = (
				11BCFFB211F6744B000FA3DD /* Icons */,
				1195978C11F26C35006BD793 /* iPad */,
				1195978D11F26C35006BD793 /* iPhone */,
				1195978E11F26C35006BD793 /* Retina Display */,
				11769C3B11851B0C0036C548 /* gray.jpg */,
				1191C142117A8F26003DF9B8 /* blackArrow.png */,
				1191C143117A8F26003DF9B8 /* blueArrow.png */,
				1191C144117A8F26003DF9B8 /* whiteArrow.png */,
				1191BF411179875E003DF9B8 /* cancel_button.png */,
				1191BF421179875E003DF9B8 /* upload_button_icon.png */,
				1191BF4511798845003DF9B8 /* captions_box.png */,
				1191BF47117989C5003DF9B8 /* dropdown_box.png */,
				11D1FD1011755D87007B66EF /* icon.png */,
				11D1FD1411760E76007B66EF /* Default.png */,
				11D1FCE31175404D007B66EF /* choose_image_icon.png */,
				1191BF9C117A0CA2003DF9B8 /* textbox_background.png */,
				11D1FCE41175404D007B66EF /* livegather_home_icon.png */,
				11D1FCE51175404D007B66EF /* livegather_login_page.png */,
				11D1FCE61175404D007B66EF /* livegather_logo_top.png */,
				1191BF7111799C6E003DF9B8 /* bar.png */,
				11D1FCE71175404D007B66EF /* livegather_top_bar_stream.png */,
				11D1FCE81175404D007B66EF /* login_button.png */,
				11D1FCE91175404D007B66EF /* signup_button.png */,
				11D1FCEA1175404D007B66EF /* splash_screen.png */,
				11D1FCEB1175404D007B66EF /* take_photo_icon.png */,
			);
			path = Images;
			sourceTree = "<group>";
		};
		11D1FD0411754506007B66EF /* Classes */ = {
			isa = PBXGroup;
			children = (
				1171C3A411EFC2D300E69829 /* ASIHTTPRequest */,
				1171C2FF11EFB8C800E69829 /* JSON */,
				112A018311E52ADB001B988A /* LiveGatherAPI.h */,
				112A018411E52ADB001B988A /* LiveGatherAPI.m */,
				11BCFE6111F3A8E5000FA3DD /* CollageView.h */,
				11BCFE6211F3A8E5000FA3DD /* CollageView.m */,
				11BCFEBD11F3B017000FA3DD /* CollageItem.h */,
				11BCFEBE11F3B017000FA3DD /* CollageItem.m */,
				11D1FD0B11755BBF007B66EF /* ResourceManager.h */,
				11D1FD0C11755BBF007B66EF /* ResourceManager.m */,
				11769AE3118384810036C548 /* Reachability.h */,
				11769AE4118384810036C548 /* Reachability.m */,
				11769A67118382F30036C548 /* MBProgressHUD.h */,
				11769A68118382F30036C548 /* MBProgressHUD.m */,
				1191C10D117A8CB4003DF9B8 /* EGORefreshTableHeaderView.h */,
				1191C10E117A8CB4003DF9B8 /* EGORefreshTableHeaderView.m */,
			);
			name = Classes;
			sourceTree = "<group>";
		};
		19C28FACFE9D520D11CA2CBB /* Products */ = {
			isa = PBXGroup;
			children = (
				1D6058910D05DD3D006BFB54 /* LiveGather.app */,
			);
			name = Products;
			sourceTree = "<group>";
		};
		281C6CD70DB2D82200F60ACC /* Flipside View [DISREGARD] */ = {
			isa = PBXGroup;
			children = (
				289233AC0DB2D0DB0083E9F9 /* FlipsideViewController.h */,
				289233AD0DB2D0DB0083E9F9 /* FlipsideViewController.m */,
			);
			name = "Flipside View [DISREGARD]";
			sourceTree = "<group>";
		};
		289233A00DB2D0730083E9F9 /* View Controllers */ = {
			isa = PBXGroup;
			children = (
				289233A80DB2D0DB0083E9F9 /* MainViewController.h */,
				289233A90DB2D0DB0083E9F9 /* MainViewController.m */,
				1191BF97117A0A29003DF9B8 /* LiveStreamViewController.h */,
				1191BF98117A0A29003DF9B8 /* LiveStreamViewController.m */,
				1191BF3D11798459003DF9B8 /* UploadPhotoViewController.h */,
				1191BF3E11798459003DF9B8 /* UploadPhotoViewController.m */,
				1191BF8D117A0A0E003DF9B8 /* AccountLoginViewController.h */,
				1191BF8E117A0A0E003DF9B8 /* AccountLoginViewController.m */,
			);
			name = "View Controllers";
			sourceTree = "<group>";
		};
		29B97314FDCFA39411CA2CEA /* CustomTemplate */ = {
			isa = PBXGroup;
			children = (
				11BC002D11F7E30B000FA3DD /* JRAuthenticate.xcodeproj */,
				080E96DDFE201D6D7F000001 /* Application Delegate */,
				289233A00DB2D0730083E9F9 /* View Controllers */,
				281C6CD70DB2D82200F60ACC /* Flipside View [DISREGARD] */,
				11D1FD0411754506007B66EF /* Classes */,
				29B97315FDCFA39411CA2CEA /* Other Sources */,
				11D1FCE21175404D007B66EF /* Images */,
				29B97317FDCFA39411CA2CEA /* Resources */,
				29B97323FDCFA39411CA2CEA /* Frameworks */,
				19C28FACFE9D520D11CA2CBB /* Products */,
			);
			name = CustomTemplate;
			sourceTree = "<group>";
		};
		29B97315FDCFA39411CA2CEA /* Other Sources */ = {
			isa = PBXGroup;
			children = (
				32CA4F630368D1EE00C91783 /* LiveGather_Prefix.pch */,
				29B97316FDCFA39411CA2CEA /* main.m */,
			);
			name = "Other Sources";
			sourceTree = "<group>";
		};
		29B97317FDCFA39411CA2CEA /* Resources */ = {
			isa = PBXGroup;
			children = (
				280E754B0DD40C5E005A515E /* MainView.xib */,
				11D1FD581179648C007B66EF /* LiveStreamView.xib */,
				1191BEFB11797F93003DF9B8 /* AccountLoginView.xib */,
				1191BEFC11797F93003DF9B8 /* UploadPhotoView.xib */,
				280E754C0DD40C5E005A515E /* MainWindow.xib */,
				280E754A0DD40C5E005A515E /* FlipsideView.xib */,
				8D1107310486CEB800E47090 /* LiveGather-Info.plist */,
			);
			name = Resources;
			sourceTree = "<group>";
		};
		29B97323FDCFA39411CA2CEA /* Frameworks */ = {
			isa = PBXGroup;
			children = (
				1171C3C911EFC30400E69829 /* libz.1.2.3.dylib */,
				1DF5F4DF0D08C38300B7A737 /* UIKit.framework */,
				1D30AB110D05D00D00671497 /* Foundation.framework */,
				288765580DF743DE002DB57D /* CoreGraphics.framework */,
				11769ADF118384610036C548 /* CFNetwork.framework */,
				11769AF1118384C00036C548 /* Security.framework */,
				11769AF3118384C00036C548 /* SystemConfiguration.framework */,
				11769AFE118384E30036C548 /* MobileCoreServices.framework */,
				11769BCF118393510036C548 /* MapKit.framework */,
				1171C39911EFC28100E69829 /* QuartzCore.framework */,
			);
			name = Frameworks;
			sourceTree = "<group>";
		};
/* End PBXGroup section */

/* Begin PBXNativeTarget section */
		1D6058900D05DD3D006BFB54 /* LiveGather */ = {
			isa = PBXNativeTarget;
			buildConfigurationList = 1D6058960D05DD3E006BFB54 /* Build configuration list for PBXNativeTarget "LiveGather" */;
			buildPhases = (
				1D60588D0D05DD3D006BFB54 /* Resources */,
				1D60588E0D05DD3D006BFB54 /* Sources */,
				1D60588F0D05DD3D006BFB54 /* Frameworks */,
			);
			buildRules = (
			);
			dependencies = (
				11BC003F11F7E31B000FA3DD /* PBXTargetDependency */,
			);
			name = LiveGather;
			productName = LiveGather;
			productReference = 1D6058910D05DD3D006BFB54 /* LiveGather.app */;
			productType = "com.apple.product-type.application";
		};
/* End PBXNativeTarget section */

/* Begin PBXProject section */
		29B97313FDCFA39411CA2CEA /* Project object */ = {
			isa = PBXProject;
			attributes = {
				BuildIndependentTargetsInParallel = NO;
				ORGANIZATIONNAME = LiveGather;
			};
			buildConfigurationList = C01FCF4E08A954540054247B /* Build configuration list for PBXProject "LiveGather" */;
			compatibilityVersion = "Xcode 3.2";
			hasScannedForEncodings = 1;
			knownRegions = (
				English,
				Japanese,
				French,
				German,
				en,
			);
			mainGroup = 29B97314FDCFA39411CA2CEA /* CustomTemplate */;
			projectDirPath = "";
			projectReferences = (
				{
					ProductGroup = 11BC003911F7E312000FA3DD /* Products */;
					ProjectRef = 11BC002D11F7E30B000FA3DD /* JRAuthenticate.xcodeproj */;
				},
			);
			projectRoot = "";
			targets = (
				1D6058900D05DD3D006BFB54 /* LiveGather */,
			);
		};
/* End PBXProject section */

/* Begin PBXReferenceProxy section */
		11BC003D11F7E312000FA3DD /* libJRAuthenticate.a */ = {
			isa = PBXReferenceProxy;
			fileType = archive.ar;
			path = libJRAuthenticate.a;
			remoteRef = 11BC003C11F7E312000FA3DD /* PBXContainerItemProxy */;
			sourceTree = BUILT_PRODUCTS_DIR;
		};
/* End PBXReferenceProxy section */

/* Begin PBXResourcesBuildPhase section */
		1D60588D0D05DD3D006BFB54 /* Resources */ = {
			isa = PBXResourcesBuildPhase;
			buildActionMask = 2147483647;
			files = (
				280E754D0DD40C5E005A515E /* FlipsideView.xib in Resources */,
				280E754E0DD40C5E005A515E /* MainView.xib in Resources */,
				280E754F0DD40C5E005A515E /* MainWindow.xib in Resources */,
				11D1FCEC1175404D007B66EF /* choose_image_icon.png in Resources */,
				11D1FCED1175404D007B66EF /* livegather_home_icon.png in Resources */,
				11D1FCEE1175404D007B66EF /* livegather_login_page.png in Resources */,
				11D1FCEF1175404D007B66EF /* livegather_logo_top.png in Resources */,
				11D1FCF01175404D007B66EF /* livegather_top_bar_stream.png in Resources */,
				11D1FCF11175404D007B66EF /* login_button.png in Resources */,
				11D1FCF21175404D007B66EF /* signup_button.png in Resources */,
				11D1FCF31175404D007B66EF /* splash_screen.png in Resources */,
				11D1FCF41175404D007B66EF /* take_photo_icon.png in Resources */,
				11D1FD1111755D87007B66EF /* icon.png in Resources */,
				11D1FD1511760E76007B66EF /* Default.png in Resources */,
				11D1FD591179648C007B66EF /* LiveStreamView.xib in Resources */,
				1191BEFD11797F94003DF9B8 /* AccountLoginView.xib in Resources */,
				1191BEFE11797F94003DF9B8 /* UploadPhotoView.xib in Resources */,
				1191BF431179875E003DF9B8 /* cancel_button.png in Resources */,
				1191BF441179875E003DF9B8 /* upload_button_icon.png in Resources */,
				1191BF4611798845003DF9B8 /* captions_box.png in Resources */,
				1191BF48117989C5003DF9B8 /* dropdown_box.png in Resources */,
				1191BF7211799C6E003DF9B8 /* bar.png in Resources */,
				1191BF9D117A0CA2003DF9B8 /* textbox_background.png in Resources */,
				1191C145117A8F26003DF9B8 /* blackArrow.png in Resources */,
				1191C146117A8F26003DF9B8 /* blueArrow.png in Resources */,
				1191C147117A8F26003DF9B8 /* whiteArrow.png in Resources */,
				11769C3C11851B0C0036C548 /* gray.jpg in Resources */,
				1171C32C11EFB8C800E69829 /* SDKSettings.plist in Resources */,
				1171C32E11EFB8C800E69829 /* SDKSettings.plist in Resources */,
				1195979711F26C35006BD793 /* back_button@2x.png in Resources */,
				1195979811F26C35006BD793 /* bottom_toolbar@2x.png in Resources */,
				1195979911F26C35006BD793 /* livestream_button@2x.png in Resources */,
				1195979A11F26C35006BD793 /* plus_button@2x.png in Resources */,
				1195979B11F26C35006BD793 /* refresh_button@2x.png in Resources */,
				1195979C11F26C35006BD793 /* search_button@2x.png in Resources */,
				1195979D11F26C35006BD793 /* top_banner_bar@2x.png in Resources */,
				1195979E11F26C35006BD793 /* top_toolbar@2x.png in Resources */,
				119597AC11F27004006BD793 /* back_button.png in Resources */,
				119597AD11F27004006BD793 /* bottom_toolbar.png in Resources */,
				119597AE11F27004006BD793 /* livestream_button.png in Resources */,
				119597AF11F27004006BD793 /* plus_button.png in Resources */,
				119597B011F27004006BD793 /* refresh_button.png in Resources */,
				119597B111F27004006BD793 /* search_button.png in Resources */,
				119597B211F27004006BD793 /* top_banner_bar.png in Resources */,
				119597B311F27004006BD793 /* top_toolbar.png in Resources */,
				119597B711F270A5006BD793 /* top_bar_logo@2x.png in Resources */,
				119597B911F270AD006BD793 /* top_bar_logo.png in Resources */,
				11BCFFBC11F67509000FA3DD /* Icon-72.png in Resources */,
				11BCFFBD11F67509000FA3DD /* Icon-Small-50.png in Resources */,
				11BCFFBE11F67509000FA3DD /* Icon-Small.png in Resources */,
				11BCFFBF11F67509000FA3DD /* Icon-Small@2x.png in Resources */,
				11BCFFC011F67509000FA3DD /* Icon.png in Resources */,
				11BCFFC111F67509000FA3DD /* Icon@2x.png in Resources */,
			);
			runOnlyForDeploymentPostprocessing = 0;
		};
/* End PBXResourcesBuildPhase section */

/* Begin PBXSourcesBuildPhase section */
		1D60588E0D05DD3D006BFB54 /* Sources */ = {
			isa = PBXSourcesBuildPhase;
			buildActionMask = 2147483647;
			files = (
				1D60589B0D05DD56006BFB54 /* main.m in Sources */,
				1D3623260D0F684500981E51 /* LiveGatherAppDelegate.m in Sources */,
				289233AE0DB2D0DB0083E9F9 /* MainViewController.m in Sources */,
				289233B00DB2D0DB0083E9F9 /* FlipsideViewController.m in Sources */,
				11D1FD0D11755BBF007B66EF /* ResourceManager.m in Sources */,
				1191BF3F11798459003DF9B8 /* UploadPhotoViewController.m in Sources */,
				1191BF8F117A0A0E003DF9B8 /* AccountLoginViewController.m in Sources */,
				1191BF99117A0A29003DF9B8 /* LiveStreamViewController.m in Sources */,
				1191C10F117A8CB4003DF9B8 /* EGORefreshTableHeaderView.m in Sources */,
				11769A69118382F30036C548 /* MBProgressHUD.m in Sources */,
				11769AE5118384810036C548 /* Reachability.m in Sources */,
				112A018511E52ADB001B988A /* LiveGatherAPI.m in Sources */,
				1171C3B811EFC2DB00E69829 /* ASIAuthenticationDialog.m in Sources */,
				1171C3B911EFC2DB00E69829 /* ASIFormDataRequest.m in Sources */,
				1171C3BA11EFC2DB00E69829 /* ASIHTTPRequest.m in Sources */,
				1171C3BB11EFC2DB00E69829 /* ASIInputStream.m in Sources */,
				1171C3BC11EFC2DB00E69829 /* ASINetworkQueue.m in Sources */,
				1171C3BD11EFC2DB00E69829 /* ASINSStringAdditions.m in Sources */,
				1171C42511EFC3BA00E69829 /* ASICloudFilesCDNRequest.m in Sources */,
				1171C42611EFC3BA00E69829 /* ASICloudFilesContainer.m in Sources */,
				1171C42711EFC3BA00E69829 /* ASICloudFilesContainerRequest.m in Sources */,
				1171C42811EFC3BA00E69829 /* ASICloudFilesContainerXMLParserDelegate.m in Sources */,
				1171C42911EFC3BA00E69829 /* ASICloudFilesObject.m in Sources */,
				1171C42A11EFC3BA00E69829 /* ASICloudFilesObjectRequest.m in Sources */,
				1171C42B11EFC3BA00E69829 /* ASICloudFilesRequest.m in Sources */,
				1171C42C11EFC3BA00E69829 /* ASIS3Bucket.m in Sources */,
				1171C42D11EFC3BA00E69829 /* ASIS3BucketObject.m in Sources */,
				1171C42E11EFC3BA00E69829 /* ASIS3BucketRequest.m in Sources */,
				1171C42F11EFC3BA00E69829 /* ASIS3ObjectRequest.m in Sources */,
				1171C43011EFC3BA00E69829 /* ASIS3Request.m in Sources */,
				1171C43111EFC3BA00E69829 /* ASIS3ServiceRequest.m in Sources */,
				11BCFE6311F3A8E5000FA3DD /* CollageView.m in Sources */,
				11BCFEBF11F3B017000FA3DD /* CollageItem.m in Sources */,
			);
			runOnlyForDeploymentPostprocessing = 0;
		};
/* End PBXSourcesBuildPhase section */

/* Begin PBXTargetDependency section */
		11BC003F11F7E31B000FA3DD /* PBXTargetDependency */ = {
			isa = PBXTargetDependency;
			name = JRAuthenticate;
			targetProxy = 11BC003E11F7E31B000FA3DD /* PBXContainerItemProxy */;
		};
/* End PBXTargetDependency section */

/* Begin XCBuildConfiguration section */
		1D6058940D05DD3E006BFB54 /* Debug */ = {
			isa = XCBuildConfiguration;
			buildSettings = {
				ADDITIONAL_SDKS = "";
				ALWAYS_SEARCH_USER_PATHS = NO;
				"CODE_SIGN_IDENTITY[sdk=iphoneos*]" = "iPhone Developer: Skarlete Nabavi-Noori (46AS96JUN4)";
				COPY_PHASE_STRIP = NO;
				FRAMEWORK_SEARCH_PATHS = (
					"$(inherited)",
					"\"$(SRCROOT)\"",
					/Volumes/JSON_2.2.3,
				);
				GCC_DYNAMIC_NO_PIC = NO;
				GCC_OPTIMIZATION_LEVEL = 0;
				GCC_PRECOMPILE_PREFIX_HEADER = YES;
				GCC_PREFIX_HEADER = LiveGather_Prefix.pch;
				HEADER_SEARCH_PATHS = "/usr/include/libxml2/**";
				INFOPLIST_FILE = "LiveGather-Info.plist";
				LIBRARY_SEARCH_PATHS = (
					"$(inherited)",
					"\"$(SRCROOT)/JSON/iphoneos.sdk/usr/local/lib\"",
					"\"$(SRCROOT)/JSON/iphonesimulator.sdk/usr/local/lib\"",
					"\"$(SRCROOT)/JSON/macosx.sdk/usr/local/lib\"",
					"\"$(SRCROOT)/../../../authenticate.iphone/JRAuthenticate/build/Debug-iphonesimulator\"",
				);
				OTHER_LDFLAGS = "-ObjC";
				PRODUCT_NAME = LiveGather;
				"PROVISIONING_PROFILE[sdk=iphoneos*]" = "53B586ED-C145-4640-BF6A-D8853E067325";
				SDKROOT = iphonesimulator4.0;
				USER_HEADER_SEARCH_PATHS = "$(RPX)/**";
			};
			name = Debug;
		};
		1D6058950D05DD3E006BFB54 /* Release */ = {
			isa = XCBuildConfiguration;
			buildSettings = {
				ADDITIONAL_SDKS = "";
				ALWAYS_SEARCH_USER_PATHS = NO;
				"CODE_SIGN_IDENTITY[sdk=iphoneos*]" = "iPhone Developer: Skarlete Nabavi-Noori (46AS96JUN4)";
				COPY_PHASE_STRIP = YES;
				FRAMEWORK_SEARCH_PATHS = (
					"$(inherited)",
					"\"$(SRCROOT)\"",
					/Volumes/JSON_2.2.3,
				);
				GCC_PRECOMPILE_PREFIX_HEADER = YES;
				GCC_PREFIX_HEADER = LiveGather_Prefix.pch;
				HEADER_SEARCH_PATHS = "/usr/include/libxml2/**";
				INFOPLIST_FILE = "LiveGather-Info.plist";
				LIBRARY_SEARCH_PATHS = (
					"$(inherited)",
					"\"$(SRCROOT)/JSON/iphoneos.sdk/usr/local/lib\"",
					"\"$(SRCROOT)/JSON/iphonesimulator.sdk/usr/local/lib\"",
					"\"$(SRCROOT)/JSON/macosx.sdk/usr/local/lib\"",
					"\"$(SRCROOT)/../../../authenticate.iphone/JRAuthenticate/build/Debug-iphonesimulator\"",
				);
				OTHER_LDFLAGS = "-ObjC";
				PRODUCT_NAME = LiveGather;
				"PROVISIONING_PROFILE[sdk=iphoneos*]" = "53B586ED-C145-4640-BF6A-D8853E067325";
				SDKROOT = iphonesimulator4.0;
				USER_HEADER_SEARCH_PATHS = "$(RPX)/**";
				VALIDATE_PRODUCT = YES;
			};
			name = Release;
		};
		C01FCF4F08A954540054247B /* Debug */ = {
			isa = XCBuildConfiguration;
			buildSettings = {
				ARCHS = "$(ARCHS_STANDARD_32_BIT)";
				"CODE_SIGN_IDENTITY[sdk=iphoneos*]" = "iPhone Developer";
				GCC_C_LANGUAGE_STANDARD = c99;
				GCC_WARN_ABOUT_RETURN_TYPE = YES;
				GCC_WARN_UNUSED_VARIABLE = YES;
				PREBINDING = NO;
				SDKROOT = iphoneos3.1.3;
			};
			name = Debug;
		};
		C01FCF5008A954540054247B /* Release */ = {
			isa = XCBuildConfiguration;
			buildSettings = {
				ARCHS = "$(ARCHS_STANDARD_32_BIT)";
				"CODE_SIGN_IDENTITY[sdk=iphoneos*]" = "iPhone Developer";
				GCC_C_LANGUAGE_STANDARD = c99;
				GCC_WARN_ABOUT_RETURN_TYPE = YES;
				GCC_WARN_UNUSED_VARIABLE = YES;
				OTHER_CFLAGS = "-DNS_BLOCK_ASSERTIONS=1";
				PREBINDING = NO;
				SDKROOT = iphoneos3.1.3;
			};
			name = Release;
		};
/* End XCBuildConfiguration section */

/* Begin XCConfigurationList section */
		1D6058960D05DD3E006BFB54 /* Build configuration list for PBXNativeTarget "LiveGather" */ = {
			isa = XCConfigurationList;
			buildConfigurations = (
				1D6058940D05DD3E006BFB54 /* Debug */,
				1D6058950D05DD3E006BFB54 /* Release */,
			);
			defaultConfigurationIsVisible = 0;
			defaultConfigurationName = Release;
		};
		C01FCF4E08A954540054247B /* Build configuration list for PBXProject "LiveGather" */ = {
			isa = XCConfigurationList;
			buildConfigurations = (
				C01FCF4F08A954540054247B /* Debug */,
				C01FCF5008A954540054247B /* Release */,
			);
			defaultConfigurationIsVisible = 0;
			defaultConfigurationName = Release;
		};
/* End XCConfigurationList section */
	};
	rootObject = 29B97313FDCFA39411CA2CEA /* Project object */;
}
